PODS:
  - Alamofire (4.5.0)
  - Bolts (1.8.4):
    - Bolts/AppLinks (= 1.8.4)
    - Bolts/Tasks (= 1.8.4)
  - Bolts/AppLinks (1.8.4):
    - Bolts/Tasks
  - Bolts/Tasks (1.8.4)
  - FBSDKCoreKit (4.23.0):
    - Bolts (~> 1.7)
  - FBSDKLoginKit (4.23.0):
    - FBSDKCoreKit
  - FBSDKMessengerShareKit (1.3.2)
  - FBSDKShareKit (4.23.0):
    - FBSDKCoreKit
  - Firebase (4.0.2):
    - Firebase/Core (= 4.0.2)
  - Firebase/Auth (4.0.2):
    - Firebase/Core
    - FirebaseAuth (= 4.0.0)
  - Firebase/Core (4.0.2):
    - FirebaseAnalytics (= 4.0.1)
    - FirebaseCore (= 4.0.2)
  - Firebase/Database (4.0.2):
    - Firebase/Core
    - FirebaseDatabase (= 4.0.0)
  - FirebaseAnalytics (4.0.1):
    - FirebaseCore (~> 4.0)
    - FirebaseInstanceID (~> 2.0)
    - GoogleToolboxForMac/NSData+zlib (~> 2.1)
  - FirebaseAuth (4.0.0):
    - FirebaseAnalytics (~> 4.0)
    - GoogleToolboxForMac/NSDictionary+URLArguments (~> 2.1)
    - GTMSessionFetcher/Core (~> 1.1)
  - FirebaseCore (4.0.2):
    - GoogleToolboxForMac/NSData+zlib (~> 2.1)
  - FirebaseDatabase (4.0.0):
    - FirebaseAnalytics (~> 4.0)
  - FirebaseInstanceID (2.0.0):
    - FirebaseCore (~> 4.0)
  - GoogleMaps (2.3.0):
    - GoogleMaps/Maps (= 2.3.0)
  - GoogleMaps/Base (2.3.0)
  - GoogleMaps/Maps (2.3.0):
    - GoogleMaps/Base
  - GooglePlacePicker (2.3.0):
    - GoogleMaps (= 2.3.0)
    - GooglePlaces (= 2.3.0)
  - GooglePlaces (2.3.0):
    - GoogleMaps/Base (= 2.3.0)
  - GoogleToolboxForMac/DebugUtils (2.1.1):
    - GoogleToolboxForMac/Defines (= 2.1.1)
  - GoogleToolboxForMac/Defines (2.1.1)
  - GoogleToolboxForMac/NSData+zlib (2.1.1):
    - GoogleToolboxForMac/Defines (= 2.1.1)
  - GoogleToolboxForMac/NSDictionary+URLArguments (2.1.1):
    - GoogleToolboxForMac/DebugUtils (= 2.1.1)
    - GoogleToolboxForMac/Defines (= 2.1.1)
    - GoogleToolboxForMac/NSString+URLArguments (= 2.1.1)
  - GoogleToolboxForMac/NSString+URLArguments (2.1.1)
  - GTMSessionFetcher/Core (1.1.10)
  - iOS-GPX-Framework (0.0.4):
    - TBXML (~> 1.5)
  - iOS-KML-Framework (1.0.0):
    - TBXML (~> 1.5)
  - ObjectMapper (2.2.7)
  - Realm (2.8.2):
    - Realm/Headers (= 2.8.2)
  - Realm/Headers (2.8.2)
  - RealmSwift (2.8.2):
    - Realm (= 2.8.2)
  - TBXML (1.5)
  - TOCropViewController (2.0.12)

DEPENDENCIES:
  - Alamofire (~> 4.0)
  - Bolts
  - FBSDKCoreKit
  - FBSDKLoginKit
  - FBSDKMessengerShareKit
  - FBSDKShareKit
  - Firebase (>= 2.5.0)
  - Firebase/Auth
  - Firebase/Database
  - GoogleMaps
  - GooglePlacePicker
  - GooglePlaces
  - iOS-GPX-Framework (from `http://github.com/merlos/iOS-GPX-Framework`)
  - iOS-KML-Framework (from `https://github.com/FLCLjp/iOS-KML-Framework.git`)
  - ObjectMapper (~> 2.2)
  - RealmSwift
  - TOCropViewController

EXTERNAL SOURCES:
  iOS-GPX-Framework:
    :git: http://github.com/merlos/iOS-GPX-Framework
  iOS-KML-Framework:
    :git: https://github.com/FLCLjp/iOS-KML-Framework.git

CHECKOUT OPTIONS:
  iOS-GPX-Framework:
    :commit: 9ac7b6ca3d1ab9b28007d3e88c9888a2f78099db
    :git: http://github.com/merlos/iOS-GPX-Framework
  iOS-KML-Framework:
    :commit: dc38d7c2e80e0d4c077a63e7cce4c3b34ac25d08
    :git: https://github.com/FLCLjp/iOS-KML-Framework.git

SPEC CHECKSUMS:
  Alamofire: f28cdffd29de33a7bfa022cbd63ae95a27fae140
  Bolts: 8a7995239dbe724f9cba2248b766d48b7ebdd322
  FBSDKCoreKit: d7829f5a69901cd7296105328e4c3c3fc7da6518
  FBSDKLoginKit: 6b92bd65f319d669d2b0730e49db495ef1660566
  FBSDKMessengerShareKit: 41c0b1a667d685c9433f993eb9611b3d5074e1cb
  FBSDKShareKit: 65751c3b9937ab9d594e6c37611ecc115ceeb448
  Firebase: c7ad0731eab26d18a3fc547dd048b0f7cd9c63ae
  FirebaseAnalytics: 4d7040fefc3cd8b291cde35f12cf063d7963f15d
  FirebaseAuth: ebb6abcbabae00fc47446d690c19ce68d8484fde
  FirebaseCore: 1a8bf6c795ad07d2918278657954ffd2552e9c17
  FirebaseDatabase: d829b3a8c3e2ac7a16773c5df226966b0805dfc2
  FirebaseInstanceID: 9fbf536668f4d3f0880e7438456dabd1376e294b
  GoogleMaps: 340a6a0bebd17c2db8abcd3921976c7c53c86cb8
  GooglePlacePicker: 80a6719aa4d06c63524a231d0ecd8f87e87d98c2
  GooglePlaces: 74d322c74184ea4576184089b496d291cf0dcd38
  GoogleToolboxForMac: 8e329f1b599f2512c6b10676d45736bcc2cbbeb0
  GTMSessionFetcher: 30d874b96d0d76028f61fbd122801e3f030d47db
  iOS-GPX-Framework: 38b56820461b99cd7f1fb6cf1e0621f72d63e872
  iOS-KML-Framework: c16f4605bc290b769a13f2645840211e31f8d92a
  ObjectMapper: 65abcfd9a61cf7396cbd14a4fb22fddfcc46577e
  Realm: 0e262abf087c7054013e00579274f7e070486d4a
  RealmSwift: 73565e91bc403c1149e4acf31ff9de506b2f9459
  TBXML: 9f9dadb239f2f2af1dadb87fe43a0ce6e479379a
  TOCropViewController: e6e31b38d785a901e5651a1e7fff71bcda6c5214

PODFILE CHECKSUM: ad9f5d8d50cdc4d509f6e72aaf560c180e9ea12c

COCOAPODS: 1.3.0.beta.1
