// !$*UTF8*$!
{
	archiveVersion = 1;
	classes = {
	};
	objectVersion = 46;
	objects = {

/* Begin PBXBuildFile section */
		2C11E62B1E7457D900468F42 /* BasicAlertController.swift in Sources */ = {isa = PBXBuildFile; fileRef = 2C11E62A1E7457D900468F42 /* BasicAlertController.swift */; };
		2C31199B1E670A5F00FF6334 /* AppDelegate.swift in Sources */ = {isa = PBXBuildFile; fileRef = 2C31199A1E670A5F00FF6334 /* AppDelegate.swift */; };
		2C31199D1E670A5F00FF6334 /* ViewController.swift in Sources */ = {isa = PBXBuildFile; fileRef = 2C31199C1E670A5F00FF6334 /* ViewController.swift */; };
		2C3119A01E670A5F00FF6334 /* Main.storyboard in Resources */ = {isa = PBXBuildFile; fileRef = 2C31199E1E670A5F00FF6334 /* Main.storyboard */; };
		2C3119A21E670A5F00FF6334 /* Assets.xcassets in Resources */ = {isa = PBXBuildFile; fileRef = 2C3119A11E670A5F00FF6334 /* Assets.xcassets */; };
		2C3119A51E670A5F00FF6334 /* LaunchScreen.storyboard in Resources */ = {isa = PBXBuildFile; fileRef = 2C3119A31E670A5F00FF6334 /* LaunchScreen.storyboard */; };
		2C3119B01E670A5F00FF6334 /* lAyeRTests.swift in Sources */ = {isa = PBXBuildFile; fileRef = 2C3119AF1E670A5F00FF6334 /* lAyeRTests.swift */; };
		5249B1A31E7263300048249D /* MapViewController.swift in Sources */ = {isa = PBXBuildFile; fileRef = 5249B1A21E7263300048249D /* MapViewController.swift */; };
		5249B1A61E7263C40048249D /* Route.swift in Sources */ = {isa = PBXBuildFile; fileRef = 5249B1A51E7263C40048249D /* Route.swift */; };
		5249B1A81E7264000048249D /* GeoPoint.swift in Sources */ = {isa = PBXBuildFile; fileRef = 5249B1A71E7264000048249D /* GeoPoint.swift */; };
		5249B1AA1E72641C0048249D /* CheckPoint.swift in Sources */ = {isa = PBXBuildFile; fileRef = 5249B1A91E72641C0048249D /* CheckPoint.swift */; };
		5249B1AE1E7264790048249D /* UserConfig.swift in Sources */ = {isa = PBXBuildFile; fileRef = 5249B1AD1E7264790048249D /* UserConfig.swift */; };
		5249B1B21E7264AB0048249D /* POI.swift in Sources */ = {isa = PBXBuildFile; fileRef = 5249B1B11E7264AB0048249D /* POI.swift */; };
		5249B1B51E72B3A30048249D /* LocalStorageManager.swift in Sources */ = {isa = PBXBuildFile; fileRef = 5249B1B41E72B3A30048249D /* LocalStorageManager.swift */; };
		5249B1B71E72FC660048249D /* GeoUtil.swift in Sources */ = {isa = PBXBuildFile; fileRef = 5249B1B61E72FC660048249D /* GeoUtil.swift */; };
		5249B1B91E73009F0048249D /* MapViewDelegate.swift in Sources */ = {isa = PBXBuildFile; fileRef = 5249B1B81E73009F0048249D /* MapViewDelegate.swift */; };
		5249B1BC1E7450380048249D /* QueryManager.swift in Sources */ = {isa = PBXBuildFile; fileRef = 5249B1BB1E7450380048249D /* QueryManager.swift */; };
		5249B1BE1E7463E30048249D /* GoogleService-Info.plist in Resources */ = {isa = PBXBuildFile; fileRef = 5249B1BD1E7463E30048249D /* GoogleService-Info.plist */; };
		5249B1BF1E7463E30048249D /* GoogleService-Info.plist in Resources */ = {isa = PBXBuildFile; fileRef = 5249B1BD1E7463E30048249D /* GoogleService-Info.plist */; };
		5249B1C31E746CC70048249D /* AppConfig.swift in Sources */ = {isa = PBXBuildFile; fileRef = 5249B1C21E746CC70048249D /* AppConfig.swift */; };
		5249B1C51E74D8070048249D /* Parser.swift in Sources */ = {isa = PBXBuildFile; fileRef = 5249B1C41E74D8070048249D /* Parser.swift */; };
		5249B1F31E750B9C0048249D /* lAyeR.xcdatamodeld in Sources */ = {isa = PBXBuildFile; fileRef = 5249B1F11E750B9C0048249D /* lAyeR.xcdatamodeld */; };
		A28540471E70DD5000CF51B7 /* ARCalculator.swift in Sources */ = {isa = PBXBuildFile; fileRef = A28540461E70DD5000CF51B7 /* ARCalculator.swift */; };
		A28540491E70E4DF00CF51B7 /* Vector3D.swift in Sources */ = {isa = PBXBuildFile; fileRef = A28540481E70E4DF00CF51B7 /* Vector3D.swift */; };
		A285404B1E71C4A200CF51B7 /* ARLayoutAdjustment.swift in Sources */ = {isa = PBXBuildFile; fileRef = A285404A1E71C4A200CF51B7 /* ARLayoutAdjustment.swift */; };
		A2AF0ABA1E70103800B4478C /* ARViewController.swift in Sources */ = {isa = PBXBuildFile; fileRef = A2AF0AB91E70103800B4478C /* ARViewController.swift */; };
		A2AF0ABF1E711A7900B4478C /* Vector3DTests.swift in Sources */ = {isa = PBXBuildFile; fileRef = A2AF0ABE1E711A7900B4478C /* Vector3DTests.swift */; };
		A2AF0AD11E76C2FB00B4478C /* LocationManager.swift in Sources */ = {isa = PBXBuildFile; fileRef = A2AF0AD01E76C2FB00B4478C /* LocationManager.swift */; };
		B4EEF9CDCE1F28C23A26F902 /* Pods_lAyeR.framework in Frameworks */ = {isa = PBXBuildFile; fileRef = 59C2DF9FF1F3CB3D3BD12BDA /* Pods_lAyeR.framework */; };
		2C7333D71E711C6000EDE1D8 /* TopBanner.swift in Sources */ = {isa = PBXBuildFile; fileRef = 2C7333D61E711C6000EDE1D8 /* TopBanner.swift */; };
		2C7333D91E711C7700EDE1D8 /* BottomBanner.swift in Sources */ = {isa = PBXBuildFile; fileRef = 2C7333D81E711C7700EDE1D8 /* BottomBanner.swift */; };
		2C7333DB1E711C8F00EDE1D8 /* BasicAlert.swift in Sources */ = {isa = PBXBuildFile; fileRef = 2C7333DA1E711C8F00EDE1D8 /* BasicAlert.swift */; };
		2C7333DD1E711E9C00EDE1D8 /* AlertConfig.swift in Sources */ = {isa = PBXBuildFile; fileRef = 2C7333DC1E711E9C00EDE1D8 /* AlertConfig.swift */; };
		2C7333DF1E716CB900EDE1D8 /* InfoPanel.swift in Sources */ = {isa = PBXBuildFile; fileRef = 2C7333DE1E716CB900EDE1D8 /* InfoPanel.swift */; };
		2C7333E31E71B50600EDE1D8 /* ResourceManager.swift in Sources */ = {isa = PBXBuildFile; fileRef = 2C7333E21E71B50600EDE1D8 /* ResourceManager.swift */; };
		2C7333E51E71BA8000EDE1D8 /* SAOUI-Regular.otf in Resources */ = {isa = PBXBuildFile; fileRef = 2C7333E41E71BA8000EDE1D8 /* SAOUI-Regular.otf */; };
		2C7333E81E71BAA800EDE1D8 /* SAOUI-Bold.otf in Resources */ = {isa = PBXBuildFile; fileRef = 2C7333E71E71BAA800EDE1D8 /* SAOUI-Bold.otf */; };
		2C7813881E7544C000851188 /* confirm.wav in Resources */ = {isa = PBXBuildFile; fileRef = 2C7813861E7544C000851188 /* confirm.wav */; };
		2C7813891E7544C000851188 /* dialog_close.wav in Resources */ = {isa = PBXBuildFile; fileRef = 2C7813871E7544C000851188 /* dialog_close.wav */; };
		2C78138C1E7559EE00851188 /* CheckpointView.swift in Sources */ = {isa = PBXBuildFile; fileRef = 2C78138B1E7559EE00851188 /* CheckpointView.swift */; };
		2C78138E1E755AC100851188 /* BasicMarker.swift in Sources */ = {isa = PBXBuildFile; fileRef = 2C78138D1E755AC100851188 /* BasicMarker.swift */; };
		2C7813921E755EAC00851188 /* MarkerIcon.swift in Sources */ = {isa = PBXBuildFile; fileRef = 2C7813911E755EAC00851188 /* MarkerIcon.swift */; };
		2C7813941E755EB700851188 /* MarkerInfo.swift in Sources */ = {isa = PBXBuildFile; fileRef = 2C7813931E755EB700851188 /* MarkerInfo.swift */; };
		2CE2FD151E71BDF700BB83FD /* HomenajeMod-Regular.otf in Resources */ = {isa = PBXBuildFile; fileRef = 2CE2FD141E71BDF700BB83FD /* HomenajeMod-Regular.otf */; };
		2CE2FD171E71BE0400BB83FD /* HomenajeMod-Bold.otf in Resources */ = {isa = PBXBuildFile; fileRef = 2CE2FD161E71BE0400BB83FD /* HomenajeMod-Bold.otf */; };
/* End PBXBuildFile section */

/* Begin PBXContainerItemProxy section */
		2C3119AC1E670A5F00FF6334 /* PBXContainerItemProxy */ = {
			isa = PBXContainerItemProxy;
			containerPortal = 2C31198F1E670A5E00FF6334 /* Project object */;
			proxyType = 1;
			remoteGlobalIDString = 2C3119961E670A5E00FF6334;
			remoteInfo = lAyeR;
		};
/* End PBXContainerItemProxy section */

/* Begin PBXFileReference section */
		2C11E62A1E7457D900468F42 /* BasicAlertController.swift */ = {isa = PBXFileReference; fileEncoding = 4; lastKnownFileType = sourcecode.swift; path = BasicAlertController.swift; sourceTree = "<group>"; };
		2C3119971E670A5F00FF6334 /* lAyeR.app */ = {isa = PBXFileReference; explicitFileType = wrapper.application; includeInIndex = 0; path = lAyeR.app; sourceTree = BUILT_PRODUCTS_DIR; };
		2C31199A1E670A5F00FF6334 /* AppDelegate.swift */ = {isa = PBXFileReference; lastKnownFileType = sourcecode.swift; path = AppDelegate.swift; sourceTree = "<group>"; };
		2C31199C1E670A5F00FF6334 /* ViewController.swift */ = {isa = PBXFileReference; lastKnownFileType = sourcecode.swift; path = ViewController.swift; sourceTree = "<group>"; };
		2C31199F1E670A5F00FF6334 /* Base */ = {isa = PBXFileReference; lastKnownFileType = file.storyboard; name = Base; path = Base.lproj/Main.storyboard; sourceTree = "<group>"; };
		2C3119A11E670A5F00FF6334 /* Assets.xcassets */ = {isa = PBXFileReference; lastKnownFileType = folder.assetcatalog; path = Assets.xcassets; sourceTree = "<group>"; };
		2C3119A41E670A5F00FF6334 /* Base */ = {isa = PBXFileReference; lastKnownFileType = file.storyboard; name = Base; path = Base.lproj/LaunchScreen.storyboard; sourceTree = "<group>"; };
		2C3119A61E670A5F00FF6334 /* Info.plist */ = {isa = PBXFileReference; lastKnownFileType = text.plist.xml; path = Info.plist; sourceTree = "<group>"; };
		2C3119AB1E670A5F00FF6334 /* lAyeRTests.xctest */ = {isa = PBXFileReference; explicitFileType = wrapper.cfbundle; includeInIndex = 0; path = lAyeRTests.xctest; sourceTree = BUILT_PRODUCTS_DIR; };
		2C3119AF1E670A5F00FF6334 /* lAyeRTests.swift */ = {isa = PBXFileReference; lastKnownFileType = sourcecode.swift; path = lAyeRTests.swift; sourceTree = "<group>"; };
		2C3119B11E670A5F00FF6334 /* Info.plist */ = {isa = PBXFileReference; lastKnownFileType = text.plist.xml; path = Info.plist; sourceTree = "<group>"; };
		5249B1A21E7263300048249D /* MapViewController.swift */ = {isa = PBXFileReference; fileEncoding = 4; lastKnownFileType = sourcecode.swift; path = MapViewController.swift; sourceTree = "<group>"; };
		5249B1A51E7263C40048249D /* Route.swift */ = {isa = PBXFileReference; fileEncoding = 4; lastKnownFileType = sourcecode.swift; path = Route.swift; sourceTree = "<group>"; };
		5249B1A71E7264000048249D /* GeoPoint.swift */ = {isa = PBXFileReference; fileEncoding = 4; lastKnownFileType = sourcecode.swift; path = GeoPoint.swift; sourceTree = "<group>"; };
		5249B1A91E72641C0048249D /* CheckPoint.swift */ = {isa = PBXFileReference; fileEncoding = 4; lastKnownFileType = sourcecode.swift; path = CheckPoint.swift; sourceTree = "<group>"; };
		5249B1AD1E7264790048249D /* UserConfig.swift */ = {isa = PBXFileReference; fileEncoding = 4; lastKnownFileType = sourcecode.swift; path = UserConfig.swift; sourceTree = "<group>"; };
		5249B1B11E7264AB0048249D /* POI.swift */ = {isa = PBXFileReference; fileEncoding = 4; lastKnownFileType = sourcecode.swift; path = POI.swift; sourceTree = "<group>"; };
		5249B1B41E72B3A30048249D /* LocalStorageManager.swift */ = {isa = PBXFileReference; fileEncoding = 4; lastKnownFileType = sourcecode.swift; path = LocalStorageManager.swift; sourceTree = "<group>"; };
		5249B1B61E72FC660048249D /* GeoUtil.swift */ = {isa = PBXFileReference; fileEncoding = 4; lastKnownFileType = sourcecode.swift; path = GeoUtil.swift; sourceTree = "<group>"; };
		5249B1B81E73009F0048249D /* MapViewDelegate.swift */ = {isa = PBXFileReference; fileEncoding = 4; lastKnownFileType = sourcecode.swift; path = MapViewDelegate.swift; sourceTree = "<group>"; };
		5249B1BB1E7450380048249D /* QueryManager.swift */ = {isa = PBXFileReference; fileEncoding = 4; lastKnownFileType = sourcecode.swift; path = QueryManager.swift; sourceTree = "<group>"; };
		5249B1BD1E7463E30048249D /* GoogleService-Info.plist */ = {isa = PBXFileReference; fileEncoding = 4; lastKnownFileType = text.plist.xml; path = "GoogleService-Info.plist"; sourceTree = "<group>"; };
		5249B1C21E746CC70048249D /* AppConfig.swift */ = {isa = PBXFileReference; fileEncoding = 4; lastKnownFileType = sourcecode.swift; path = AppConfig.swift; sourceTree = "<group>"; };
		5249B1C41E74D8070048249D /* Parser.swift */ = {isa = PBXFileReference; fileEncoding = 4; lastKnownFileType = sourcecode.swift; path = Parser.swift; sourceTree = "<group>"; };
		5249B1F21E750B9C0048249D /* lAyeR.xcdatamodel */ = {isa = PBXFileReference; lastKnownFileType = wrapper.xcdatamodel; path = lAyeR.xcdatamodel; sourceTree = "<group>"; };
		59C2DF9FF1F3CB3D3BD12BDA /* Pods_lAyeR.framework */ = {isa = PBXFileReference; explicitFileType = wrapper.framework; includeInIndex = 0; path = Pods_lAyeR.framework; sourceTree = BUILT_PRODUCTS_DIR; };
		A28540461E70DD5000CF51B7 /* ARCalculator.swift */ = {isa = PBXFileReference; fileEncoding = 4; lastKnownFileType = sourcecode.swift; path = ARCalculator.swift; sourceTree = "<group>"; };
		A28540481E70E4DF00CF51B7 /* Vector3D.swift */ = {isa = PBXFileReference; fileEncoding = 4; lastKnownFileType = sourcecode.swift; path = Vector3D.swift; sourceTree = "<group>"; };
		A285404A1E71C4A200CF51B7 /* ARLayoutAdjustment.swift */ = {isa = PBXFileReference; fileEncoding = 4; lastKnownFileType = sourcecode.swift; path = ARLayoutAdjustment.swift; sourceTree = "<group>"; };
		A2AF0AB91E70103800B4478C /* ARViewController.swift */ = {isa = PBXFileReference; fileEncoding = 4; lastKnownFileType = sourcecode.swift; path = ARViewController.swift; sourceTree = "<group>"; };
		A2AF0ABE1E711A7900B4478C /* Vector3DTests.swift */ = {isa = PBXFileReference; fileEncoding = 4; lastKnownFileType = sourcecode.swift; path = Vector3DTests.swift; sourceTree = "<group>"; };
		A2AF0AD01E76C2FB00B4478C /* LocationManager.swift */ = {isa = PBXFileReference; fileEncoding = 4; lastKnownFileType = sourcecode.swift; path = LocationManager.swift; sourceTree = "<group>"; };
		C94CAC6C8AF3B2D60B250CC2 /* Pods-lAyeR.debug.xcconfig */ = {isa = PBXFileReference; includeInIndex = 1; lastKnownFileType = text.xcconfig; name = "Pods-lAyeR.debug.xcconfig"; path = "Pods/Target Support Files/Pods-lAyeR/Pods-lAyeR.debug.xcconfig"; sourceTree = "<group>"; };
		F8C609A23D3405090FA05E82 /* Pods-lAyeR.release.xcconfig */ = {isa = PBXFileReference; includeInIndex = 1; lastKnownFileType = text.xcconfig; name = "Pods-lAyeR.release.xcconfig"; path = "Pods/Target Support Files/Pods-lAyeR/Pods-lAyeR.release.xcconfig"; sourceTree = "<group>"; };
		2C7333D61E711C6000EDE1D8 /* TopBanner.swift */ = {isa = PBXFileReference; fileEncoding = 4; lastKnownFileType = sourcecode.swift; path = TopBanner.swift; sourceTree = "<group>"; };
		2C7333D81E711C7700EDE1D8 /* BottomBanner.swift */ = {isa = PBXFileReference; fileEncoding = 4; lastKnownFileType = sourcecode.swift; path = BottomBanner.swift; sourceTree = "<group>"; };
		2C7333DA1E711C8F00EDE1D8 /* BasicAlert.swift */ = {isa = PBXFileReference; fileEncoding = 4; lastKnownFileType = sourcecode.swift; path = BasicAlert.swift; sourceTree = "<group>"; };
		2C7333DC1E711E9C00EDE1D8 /* AlertConfig.swift */ = {isa = PBXFileReference; fileEncoding = 4; lastKnownFileType = sourcecode.swift; path = AlertConfig.swift; sourceTree = "<group>"; };
		2C7333DE1E716CB900EDE1D8 /* InfoPanel.swift */ = {isa = PBXFileReference; fileEncoding = 4; lastKnownFileType = sourcecode.swift; path = InfoPanel.swift; sourceTree = "<group>"; };
		2C7333E21E71B50600EDE1D8 /* ResourceManager.swift */ = {isa = PBXFileReference; fileEncoding = 4; lastKnownFileType = sourcecode.swift; path = ResourceManager.swift; sourceTree = "<group>"; };
		2C7333E41E71BA8000EDE1D8 /* SAOUI-Regular.otf */ = {isa = PBXFileReference; lastKnownFileType = file; path = "SAOUI-Regular.otf"; sourceTree = "<group>"; };
		2C7333E71E71BAA800EDE1D8 /* SAOUI-Bold.otf */ = {isa = PBXFileReference; lastKnownFileType = file; path = "SAOUI-Bold.otf"; sourceTree = "<group>"; };
		2C7813861E7544C000851188 /* confirm.wav */ = {isa = PBXFileReference; lastKnownFileType = audio.wav; path = confirm.wav; sourceTree = "<group>"; };
		2C7813871E7544C000851188 /* dialog_close.wav */ = {isa = PBXFileReference; lastKnownFileType = audio.wav; path = dialog_close.wav; sourceTree = "<group>"; };
		2C78138B1E7559EE00851188 /* CheckpointView.swift */ = {isa = PBXFileReference; fileEncoding = 4; lastKnownFileType = sourcecode.swift; path = CheckpointView.swift; sourceTree = "<group>"; };
		2C78138D1E755AC100851188 /* BasicMarker.swift */ = {isa = PBXFileReference; fileEncoding = 4; lastKnownFileType = sourcecode.swift; path = BasicMarker.swift; sourceTree = "<group>"; };
		2C7813911E755EAC00851188 /* MarkerIcon.swift */ = {isa = PBXFileReference; fileEncoding = 4; lastKnownFileType = sourcecode.swift; path = MarkerIcon.swift; sourceTree = "<group>"; };
		2C7813931E755EB700851188 /* MarkerInfo.swift */ = {isa = PBXFileReference; fileEncoding = 4; lastKnownFileType = sourcecode.swift; path = MarkerInfo.swift; sourceTree = "<group>"; };
		2CE2FD141E71BDF700BB83FD /* HomenajeMod-Regular.otf */ = {isa = PBXFileReference; lastKnownFileType = file; path = "HomenajeMod-Regular.otf"; sourceTree = "<group>"; };
		2CE2FD161E71BE0400BB83FD /* HomenajeMod-Bold.otf */ = {isa = PBXFileReference; lastKnownFileType = file; path = "HomenajeMod-Bold.otf"; sourceTree = "<group>"; };
/* End PBXFileReference section */

/* Begin PBXFrameworksBuildPhase section */
		2C3119941E670A5E00FF6334 /* Frameworks */ = {
			isa = PBXFrameworksBuildPhase;
			buildActionMask = 2147483647;
			files = (
				B4EEF9CDCE1F28C23A26F902 /* Pods_lAyeR.framework in Frameworks */,
			);
			runOnlyForDeploymentPostprocessing = 0;
		};
		2C3119A81E670A5F00FF6334 /* Frameworks */ = {
			isa = PBXFrameworksBuildPhase;
			buildActionMask = 2147483647;
			files = (
			);
			runOnlyForDeploymentPostprocessing = 0;
		};
/* End PBXFrameworksBuildPhase section */

/* Begin PBXGroup section */
		2C31198E1E670A5E00FF6334 = {
			isa = PBXGroup;
			children = (
				2C3119991E670A5F00FF6334 /* lAyeR */,
				2C3119AE1E670A5F00FF6334 /* lAyeRTests */,
				2C3119981E670A5F00FF6334 /* Products */,
				BE7D7EB2BE9C50EE8088A2AE /* Pods */,
				FED6868487D29D53B260A46F /* Frameworks */,
			);
			sourceTree = "<group>";
		};
		2C3119981E670A5F00FF6334 /* Products */ = {
			isa = PBXGroup;
			children = (
				2C3119971E670A5F00FF6334 /* lAyeR.app */,
				2C3119AB1E670A5F00FF6334 /* lAyeRTests.xctest */,
			);
			name = Products;
			sourceTree = "<group>";
		};
		2C3119991E670A5F00FF6334 /* lAyeR */ = {
			isa = PBXGroup;
			children = (
				A2AF0AB81E70101000B4478C /* ARRenderer */,
				5249B1BA1E7450190048249D /* WebQuery */,
				5249B1B31E72AF770048249D /* LocalStorage */,
				5249B1A41E7263A30048249D /* RouteDesigner */,
				2C7813851E7544B100851188 /* Sounds */,
				2C7333E61E71BA8E00EDE1D8 /* Fonts */,
				2C7333E11E71B4EA00EDE1D8 /* Common */,
				2C7333D51E711C3900EDE1D8 /* BasicAlert */,
				2C78138F1E755E6600851188 /* BasicMarker */,
				2C78138A1E7559C200851188 /* CheckPoint */,
				2C31199A1E670A5F00FF6334 /* AppDelegate.swift */,
				2C31199C1E670A5F00FF6334 /* ViewController.swift */,
				2C31199E1E670A5F00FF6334 /* Main.storyboard */,
				2C3119A11E670A5F00FF6334 /* Assets.xcassets */,
				2C3119A31E670A5F00FF6334 /* LaunchScreen.storyboard */,
				5249B1BD1E7463E30048249D /* GoogleService-Info.plist */,
				2C3119A61E670A5F00FF6334 /* Info.plist */,
				5249B1C21E746CC70048249D /* AppConfig.swift */,
				5249B1F11E750B9C0048249D /* lAyeR.xcdatamodeld */,
			);
			path = lAyeR;
			sourceTree = "<group>";
		};
		2C3119AE1E670A5F00FF6334 /* lAyeRTests */ = {
			isa = PBXGroup;
			children = (
				2C3119AF1E670A5F00FF6334 /* lAyeRTests.swift */,
				A2AF0ABE1E711A7900B4478C /* Vector3DTests.swift */,
				2C3119B11E670A5F00FF6334 /* Info.plist */,
			);
			path = lAyeRTests;
			sourceTree = "<group>";
		};
		5249B1A41E7263A30048249D /* RouteDesigner */ = {
			isa = PBXGroup;
			children = (
				A2AF0AD21E76C5BE00B4478C /* testing files */,
				5249B1AD1E7264790048249D /* UserConfig.swift */,
				5249B1A71E7264000048249D /* GeoPoint.swift */,
				5249B1A91E72641C0048249D /* CheckPoint.swift */,
				5249B1B11E7264AB0048249D /* POI.swift */,
				5249B1A51E7263C40048249D /* Route.swift */,
				5249B1B61E72FC660048249D /* GeoUtil.swift */,
				A2AF0AD01E76C2FB00B4478C /* LocationManager.swift */,
			);
			name = RouteDesigner;
			sourceTree = "<group>";
		};
		5249B1B31E72AF770048249D /* LocalStorage */ = {
			isa = PBXGroup;
			children = (
				5249B1B41E72B3A30048249D /* LocalStorageManager.swift */,
			);
			name = LocalStorage;
			sourceTree = "<group>";
		};
		5249B1BA1E7450190048249D /* WebQuery */ = {
			isa = PBXGroup;
			children = (
				5249B1BB1E7450380048249D /* QueryManager.swift */,
				5249B1C41E74D8070048249D /* Parser.swift */,
			);
			name = WebQuery;
			sourceTree = "<group>";
		};
		A2AF0AB81E70101000B4478C /* ARRenderer */ = {
			isa = PBXGroup;
			children = (
				A2AF0AB91E70103800B4478C /* ARViewController.swift */,
				A28540461E70DD5000CF51B7 /* ARCalculator.swift */,
				A28540481E70E4DF00CF51B7 /* Vector3D.swift */,
				A285404A1E71C4A200CF51B7 /* ARLayoutAdjustment.swift */,
			);
			name = ARRenderer;
			sourceTree = "<group>";
		};
		A2AF0AD21E76C5BE00B4478C /* testing files */ = {
			isa = PBXGroup;
			children = (
				5249B1A21E7263300048249D /* MapViewController.swift */,
				5249B1B81E73009F0048249D /* MapViewDelegate.swift */,
			);
			name = "testing files";
			sourceTree = "<group>";
		};
		BE7D7EB2BE9C50EE8088A2AE /* Pods */ = {
			isa = PBXGroup;
			children = (
				C94CAC6C8AF3B2D60B250CC2 /* Pods-lAyeR.debug.xcconfig */,
				F8C609A23D3405090FA05E82 /* Pods-lAyeR.release.xcconfig */,
			);
			name = Pods;
			sourceTree = "<group>";
		};
		FED6868487D29D53B260A46F /* Frameworks */ = {
			isa = PBXGroup;
			children = (
				59C2DF9FF1F3CB3D3BD12BDA /* Pods_lAyeR.framework */,
			);
			name = Frameworks;
			sourceTree = "<group>";
		};
		2C7333D51E711C3900EDE1D8 /* BasicAlert */ = {
			isa = PBXGroup;
			children = (
				2C7333E01E71B48700EDE1D8 /* AlertElements */,
				2C7333DA1E711C8F00EDE1D8 /* BasicAlert.swift */,
				2C11E62A1E7457D900468F42 /* BasicAlertController.swift */,
			);
			name = BasicAlert;
			sourceTree = "<group>";
		};
		2C7333E01E71B48700EDE1D8 /* AlertElements */ = {
			isa = PBXGroup;
			children = (
				2C7333D81E711C7700EDE1D8 /* BottomBanner.swift */,
				2C7333DE1E716CB900EDE1D8 /* InfoPanel.swift */,
				2C7333D61E711C6000EDE1D8 /* TopBanner.swift */,
			);
			name = AlertElements;
			sourceTree = "<group>";
		};
		2C7333E11E71B4EA00EDE1D8 /* Common */ = {
			isa = PBXGroup;
			children = (
				2C7333DC1E711E9C00EDE1D8 /* AlertConfig.swift */,
				2C7333E21E71B50600EDE1D8 /* ResourceManager.swift */,
			);
			name = Common;
			sourceTree = "<group>";
		};
		2C7333E61E71BA8E00EDE1D8 /* Fonts */ = {
			isa = PBXGroup;
			children = (
				2C7333E41E71BA8000EDE1D8 /* SAOUI-Regular.otf */,
				2C7333E71E71BAA800EDE1D8 /* SAOUI-Bold.otf */,
				2CE2FD141E71BDF700BB83FD /* HomenajeMod-Regular.otf */,
				2CE2FD161E71BE0400BB83FD /* HomenajeMod-Bold.otf */,
			);
			name = Fonts;
			sourceTree = "<group>";
		};
		2C7813851E7544B100851188 /* Sounds */ = {
			isa = PBXGroup;
			children = (
				2C7813861E7544C000851188 /* confirm.wav */,
				2C7813871E7544C000851188 /* dialog_close.wav */,
			);
			name = Sounds;
			sourceTree = "<group>";
		};
		2C78138A1E7559C200851188 /* CheckPoint */ = {
			isa = PBXGroup;
			children = (
				2C78138B1E7559EE00851188 /* CheckpointView.swift */,
			);
			name = CheckPoint;
			sourceTree = "<group>";
		};
		2C78138F1E755E6600851188 /* BasicMarker */ = {
			isa = PBXGroup;
			children = (
				2C7813901E755E7D00851188 /* MarkerElements */,
				2C78138D1E755AC100851188 /* BasicMarker.swift */,
			);
			name = BasicMarker;
			sourceTree = "<group>";
		};
		2C7813901E755E7D00851188 /* MarkerElements */ = {
			isa = PBXGroup;
			children = (
				2C7813911E755EAC00851188 /* MarkerIcon.swift */,
				2C7813931E755EB700851188 /* MarkerInfo.swift */,
			);
			name = MarkerElements;
			sourceTree = "<group>";
		};
/* End PBXGroup section */

/* Begin PBXNativeTarget section */
		2C3119961E670A5E00FF6334 /* lAyeR */ = {
			isa = PBXNativeTarget;
			buildConfigurationList = 2C3119B41E670A5F00FF6334 /* Build configuration list for PBXNativeTarget "lAyeR" */;
			buildPhases = (
				7C3C9FDA4A030AA5B0173295 /* [CP] Check Pods Manifest.lock */,
				2C3119931E670A5E00FF6334 /* Sources */,
				2C3119941E670A5E00FF6334 /* Frameworks */,
				2C3119951E670A5E00FF6334 /* Resources */,
				607A1557789D985EC90A4197 /* [CP] Embed Pods Frameworks */,
				B3FC4B08543263C55D7C06C5 /* [CP] Copy Pods Resources */,
			);
			buildRules = (
			);
			dependencies = (
			);
			name = lAyeR;
			productName = lAyeR;
			productReference = 2C3119971E670A5F00FF6334 /* lAyeR.app */;
			productType = "com.apple.product-type.application";
		};
		2C3119AA1E670A5F00FF6334 /* lAyeRTests */ = {
			isa = PBXNativeTarget;
			buildConfigurationList = 2C3119B71E670A5F00FF6334 /* Build configuration list for PBXNativeTarget "lAyeRTests" */;
			buildPhases = (
				2C3119A71E670A5F00FF6334 /* Sources */,
				2C3119A81E670A5F00FF6334 /* Frameworks */,
				2C3119A91E670A5F00FF6334 /* Resources */,
			);
			buildRules = (
			);
			dependencies = (
				2C3119AD1E670A5F00FF6334 /* PBXTargetDependency */,
			);
			name = lAyeRTests;
			productName = lAyeRTests;
			productReference = 2C3119AB1E670A5F00FF6334 /* lAyeRTests.xctest */;
			productType = "com.apple.product-type.bundle.unit-test";
		};
/* End PBXNativeTarget section */

/* Begin PBXProject section */
		2C31198F1E670A5E00FF6334 /* Project object */ = {
			isa = PBXProject;
			attributes = {
				LastSwiftUpdateCheck = 0820;
				LastUpgradeCheck = 0820;
				ORGANIZATIONNAME = nus.cs3217.layer;
				TargetAttributes = {
					2C3119961E670A5E00FF6334 = {
						CreatedOnToolsVersion = 8.2.1;
						DevelopmentTeam = Y8UK968H5B;
						ProvisioningStyle = Automatic;
					};
					2C3119AA1E670A5F00FF6334 = {
						CreatedOnToolsVersion = 8.2.1;
						ProvisioningStyle = Automatic;
						TestTargetID = 2C3119961E670A5E00FF6334;
					};
				};
			};
			buildConfigurationList = 2C3119921E670A5E00FF6334 /* Build configuration list for PBXProject "lAyeR" */;
			compatibilityVersion = "Xcode 3.2";
			developmentRegion = English;
			hasScannedForEncodings = 0;
			knownRegions = (
				en,
				Base,
			);
			mainGroup = 2C31198E1E670A5E00FF6334;
			productRefGroup = 2C3119981E670A5F00FF6334 /* Products */;
			projectDirPath = "";
			projectRoot = "";
			targets = (
				2C3119961E670A5E00FF6334 /* lAyeR */,
				2C3119AA1E670A5F00FF6334 /* lAyeRTests */,
			);
		};
/* End PBXProject section */

/* Begin PBXResourcesBuildPhase section */
		2C3119951E670A5E00FF6334 /* Resources */ = {
			isa = PBXResourcesBuildPhase;
			buildActionMask = 2147483647;
			files = (
				2C7333E51E71BA8000EDE1D8 /* SAOUI-Regular.otf in Resources */,
				2CE2FD171E71BE0400BB83FD /* HomenajeMod-Bold.otf in Resources */,
				2C7813891E7544C000851188 /* dialog_close.wav in Resources */,
				2C3119A51E670A5F00FF6334 /* LaunchScreen.storyboard in Resources */,
				5249B1BE1E7463E30048249D /* GoogleService-Info.plist in Resources */,
				2CE2FD151E71BDF700BB83FD /* HomenajeMod-Regular.otf in Resources */,
				2C7333E81E71BAA800EDE1D8 /* SAOUI-Bold.otf in Resources */,
				2C7813881E7544C000851188 /* confirm.wav in Resources */,
				2C3119A21E670A5F00FF6334 /* Assets.xcassets in Resources */,
				2C3119A01E670A5F00FF6334 /* Main.storyboard in Resources */,
			);
			runOnlyForDeploymentPostprocessing = 0;
		};
		2C3119A91E670A5F00FF6334 /* Resources */ = {
			isa = PBXResourcesBuildPhase;
			buildActionMask = 2147483647;
			files = (
				5249B1BF1E7463E30048249D /* GoogleService-Info.plist in Resources */,
			);
			runOnlyForDeploymentPostprocessing = 0;
		};
/* End PBXResourcesBuildPhase section */

/* Begin PBXShellScriptBuildPhase section */
		607A1557789D985EC90A4197 /* [CP] Embed Pods Frameworks */ = {
			isa = PBXShellScriptBuildPhase;
			buildActionMask = 2147483647;
			files = (
			);
			inputPaths = (
			);
			name = "[CP] Embed Pods Frameworks";
			outputPaths = (
			);
			runOnlyForDeploymentPostprocessing = 0;
			shellPath = /bin/sh;
			shellScript = "\"${SRCROOT}/Pods/Target Support Files/Pods-lAyeR/Pods-lAyeR-frameworks.sh\"\n";
			showEnvVarsInLog = 0;
		};
		7C3C9FDA4A030AA5B0173295 /* [CP] Check Pods Manifest.lock */ = {
			isa = PBXShellScriptBuildPhase;
			buildActionMask = 2147483647;
			files = (
			);
			inputPaths = (
			);
			name = "[CP] Check Pods Manifest.lock";
			outputPaths = (
			);
			runOnlyForDeploymentPostprocessing = 0;
			shellPath = /bin/sh;
			shellScript = "diff \"${PODS_ROOT}/../Podfile.lock\" \"${PODS_ROOT}/Manifest.lock\" > /dev/null\nif [ $? != 0 ] ; then\n    # print error to STDERR\n    echo \"error: The sandbox is not in sync with the Podfile.lock. Run 'pod install' or update your CocoaPods installation.\" >&2\n    exit 1\nfi\n";
			showEnvVarsInLog = 0;
		};
		B3FC4B08543263C55D7C06C5 /* [CP] Copy Pods Resources */ = {
			isa = PBXShellScriptBuildPhase;
			buildActionMask = 2147483647;
			files = (
			);
			inputPaths = (
			);
			name = "[CP] Copy Pods Resources";
			outputPaths = (
			);
			runOnlyForDeploymentPostprocessing = 0;
			shellPath = /bin/sh;
			shellScript = "\"${SRCROOT}/Pods/Target Support Files/Pods-lAyeR/Pods-lAyeR-resources.sh\"\n";
			showEnvVarsInLog = 0;
		};
/* End PBXShellScriptBuildPhase section */

/* Begin PBXSourcesBuildPhase section */
		2C3119931E670A5E00FF6334 /* Sources */ = {
			isa = PBXSourcesBuildPhase;
			buildActionMask = 2147483647;
			files = (
				A2AF0ABA1E70103800B4478C /* ARViewController.swift in Sources */,
				A28540471E70DD5000CF51B7 /* ARCalculator.swift in Sources */,
				A285404B1E71C4A200CF51B7 /* ARLayoutAdjustment.swift in Sources */,
				2C31199B1E670A5F00FF6334 /* AppDelegate.swift in Sources */,
				A28540491E70E4DF00CF51B7 /* Vector3D.swift in Sources */,
				5249B1B91E73009F0048249D /* MapViewDelegate.swift in Sources */,
				5249B1AE1E7264790048249D /* UserConfig.swift in Sources */,
				2C31199D1E670A5F00FF6334 /* ViewController.swift in Sources */,
				5249B1C31E746CC70048249D /* AppConfig.swift in Sources */,
				5249B1B51E72B3A30048249D /* LocalStorageManager.swift in Sources */,
				5249B1A61E7263C40048249D /* Route.swift in Sources */,
				5249B1C51E74D8070048249D /* Parser.swift in Sources */,
				A2AF0AD11E76C2FB00B4478C /* LocationManager.swift in Sources */,
				5249B1A31E7263300048249D /* MapViewController.swift in Sources */,
				5249B1B21E7264AB0048249D /* POI.swift in Sources */,
				5249B1A81E7264000048249D /* GeoPoint.swift in Sources */,
				5249B1B71E72FC660048249D /* GeoUtil.swift in Sources */,
				5249B1AA1E72641C0048249D /* CheckPoint.swift in Sources */,
				5249B1F31E750B9C0048249D /* lAyeR.xcdatamodeld in Sources */,
				5249B1BC1E7450380048249D /* QueryManager.swift in Sources */,
				2C78138C1E7559EE00851188 /* CheckpointView.swift in Sources */,
				2C7333D91E711C7700EDE1D8 /* BottomBanner.swift in Sources */,
				2C11E62B1E7457D900468F42 /* BasicAlertController.swift in Sources */,
				2C7333E31E71B50600EDE1D8 /* ResourceManager.swift in Sources */,
				2C7813921E755EAC00851188 /* MarkerIcon.swift in Sources */,
				2C7333D71E711C6000EDE1D8 /* TopBanner.swift in Sources */,
				2C7333DF1E716CB900EDE1D8 /* InfoPanel.swift in Sources */,
				2C7333DB1E711C8F00EDE1D8 /* BasicAlert.swift in Sources */,
				2C78138E1E755AC100851188 /* BasicMarker.swift in Sources */,
				2C7333DD1E711E9C00EDE1D8 /* AlertConfig.swift in Sources */,
				2C7813941E755EB700851188 /* MarkerInfo.swift in Sources */,
			);
			runOnlyForDeploymentPostprocessing = 0;
		};
		2C3119A71E670A5F00FF6334 /* Sources */ = {
			isa = PBXSourcesBuildPhase;
			buildActionMask = 2147483647;
			files = (
				2C3119B01E670A5F00FF6334 /* lAyeRTests.swift in Sources */,
				A2AF0ABF1E711A7900B4478C /* Vector3DTests.swift in Sources */,
			);
			runOnlyForDeploymentPostprocessing = 0;
		};
/* End PBXSourcesBuildPhase section */

/* Begin PBXTargetDependency section */
		2C3119AD1E670A5F00FF6334 /* PBXTargetDependency */ = {
			isa = PBXTargetDependency;
			target = 2C3119961E670A5E00FF6334 /* lAyeR */;
			targetProxy = 2C3119AC1E670A5F00FF6334 /* PBXContainerItemProxy */;
		};
/* End PBXTargetDependency section */

/* Begin PBXVariantGroup section */
		2C31199E1E670A5F00FF6334 /* Main.storyboard */ = {
			isa = PBXVariantGroup;
			children = (
				2C31199F1E670A5F00FF6334 /* Base */,
			);
			name = Main.storyboard;
			sourceTree = "<group>";
		};
		2C3119A31E670A5F00FF6334 /* LaunchScreen.storyboard */ = {
			isa = PBXVariantGroup;
			children = (
				2C3119A41E670A5F00FF6334 /* Base */,
			);
			name = LaunchScreen.storyboard;
			sourceTree = "<group>";
		};
/* End PBXVariantGroup section */

/* Begin XCBuildConfiguration section */
		2C3119B21E670A5F00FF6334 /* Debug */ = {
			isa = XCBuildConfiguration;
			buildSettings = {
				ALWAYS_SEARCH_USER_PATHS = NO;
				CLANG_ANALYZER_NONNULL = YES;
				CLANG_CXX_LANGUAGE_STANDARD = "gnu++0x";
				CLANG_CXX_LIBRARY = "libc++";
				CLANG_ENABLE_MODULES = YES;
				CLANG_ENABLE_OBJC_ARC = YES;
				CLANG_WARN_BOOL_CONVERSION = YES;
				CLANG_WARN_CONSTANT_CONVERSION = YES;
				CLANG_WARN_DIRECT_OBJC_ISA_USAGE = YES_ERROR;
				CLANG_WARN_DOCUMENTATION_COMMENTS = YES;
				CLANG_WARN_EMPTY_BODY = YES;
				CLANG_WARN_ENUM_CONVERSION = YES;
				CLANG_WARN_INFINITE_RECURSION = YES;
				CLANG_WARN_INT_CONVERSION = YES;
				CLANG_WARN_OBJC_ROOT_CLASS = YES_ERROR;
				CLANG_WARN_SUSPICIOUS_MOVE = YES;
				CLANG_WARN_UNREACHABLE_CODE = YES;
				CLANG_WARN__DUPLICATE_METHOD_MATCH = YES;
				"CODE_SIGN_IDENTITY[sdk=iphoneos*]" = "iPhone Developer";
				COPY_PHASE_STRIP = NO;
				DEBUG_INFORMATION_FORMAT = dwarf;
				ENABLE_STRICT_OBJC_MSGSEND = YES;
				ENABLE_TESTABILITY = YES;
				GCC_C_LANGUAGE_STANDARD = gnu99;
				GCC_DYNAMIC_NO_PIC = NO;
				GCC_NO_COMMON_BLOCKS = YES;
				GCC_OPTIMIZATION_LEVEL = 0;
				GCC_PREPROCESSOR_DEFINITIONS = (
					"DEBUG=1",
					"$(inherited)",
				);
				GCC_WARN_64_TO_32_BIT_CONVERSION = YES;
				GCC_WARN_ABOUT_RETURN_TYPE = YES_ERROR;
				GCC_WARN_UNDECLARED_SELECTOR = YES;
				GCC_WARN_UNINITIALIZED_AUTOS = YES_AGGRESSIVE;
				GCC_WARN_UNUSED_FUNCTION = YES;
				GCC_WARN_UNUSED_VARIABLE = YES;
				IPHONEOS_DEPLOYMENT_TARGET = 10.2;
				MTL_ENABLE_DEBUG_INFO = YES;
				ONLY_ACTIVE_ARCH = YES;
				SDKROOT = iphoneos;
				SWIFT_ACTIVE_COMPILATION_CONDITIONS = DEBUG;
				SWIFT_OPTIMIZATION_LEVEL = "-Onone";
				TARGETED_DEVICE_FAMILY = "1,2";
			};
			name = Debug;
		};
		2C3119B31E670A5F00FF6334 /* Release */ = {
			isa = XCBuildConfiguration;
			buildSettings = {
				ALWAYS_SEARCH_USER_PATHS = NO;
				CLANG_ANALYZER_NONNULL = YES;
				CLANG_CXX_LANGUAGE_STANDARD = "gnu++0x";
				CLANG_CXX_LIBRARY = "libc++";
				CLANG_ENABLE_MODULES = YES;
				CLANG_ENABLE_OBJC_ARC = YES;
				CLANG_WARN_BOOL_CONVERSION = YES;
				CLANG_WARN_CONSTANT_CONVERSION = YES;
				CLANG_WARN_DIRECT_OBJC_ISA_USAGE = YES_ERROR;
				CLANG_WARN_DOCUMENTATION_COMMENTS = YES;
				CLANG_WARN_EMPTY_BODY = YES;
				CLANG_WARN_ENUM_CONVERSION = YES;
				CLANG_WARN_INFINITE_RECURSION = YES;
				CLANG_WARN_INT_CONVERSION = YES;
				CLANG_WARN_OBJC_ROOT_CLASS = YES_ERROR;
				CLANG_WARN_SUSPICIOUS_MOVE = YES;
				CLANG_WARN_UNREACHABLE_CODE = YES;
				CLANG_WARN__DUPLICATE_METHOD_MATCH = YES;
				"CODE_SIGN_IDENTITY[sdk=iphoneos*]" = "iPhone Developer";
				COPY_PHASE_STRIP = NO;
				DEBUG_INFORMATION_FORMAT = "dwarf-with-dsym";
				ENABLE_NS_ASSERTIONS = NO;
				ENABLE_STRICT_OBJC_MSGSEND = YES;
				GCC_C_LANGUAGE_STANDARD = gnu99;
				GCC_NO_COMMON_BLOCKS = YES;
				GCC_WARN_64_TO_32_BIT_CONVERSION = YES;
				GCC_WARN_ABOUT_RETURN_TYPE = YES_ERROR;
				GCC_WARN_UNDECLARED_SELECTOR = YES;
				GCC_WARN_UNINITIALIZED_AUTOS = YES_AGGRESSIVE;
				GCC_WARN_UNUSED_FUNCTION = YES;
				GCC_WARN_UNUSED_VARIABLE = YES;
				IPHONEOS_DEPLOYMENT_TARGET = 10.2;
				MTL_ENABLE_DEBUG_INFO = NO;
				SDKROOT = iphoneos;
				SWIFT_OPTIMIZATION_LEVEL = "-Owholemodule";
				TARGETED_DEVICE_FAMILY = "1,2";
				VALIDATE_PRODUCT = YES;
			};
			name = Release;
		};
		2C3119B51E670A5F00FF6334 /* Debug */ = {
			isa = XCBuildConfiguration;
			baseConfigurationReference = C94CAC6C8AF3B2D60B250CC2 /* Pods-lAyeR.debug.xcconfig */;
			buildSettings = {
				ASSETCATALOG_COMPILER_APPICON_NAME = AppIcon;
				DEVELOPMENT_TEAM = Y8UK968H5B;
				INFOPLIST_FILE = lAyeR/Info.plist;
				LD_RUNPATH_SEARCH_PATHS = "$(inherited) @executable_path/Frameworks";
				PRODUCT_BUNDLE_IDENTIFIER = nus.cs3217.layer.lAyeR;
				PRODUCT_NAME = "$(TARGET_NAME)";
				SWIFT_VERSION = 3.0;
			};
			name = Debug;
		};
		2C3119B61E670A5F00FF6334 /* Release */ = {
			isa = XCBuildConfiguration;
			baseConfigurationReference = F8C609A23D3405090FA05E82 /* Pods-lAyeR.release.xcconfig */;
			buildSettings = {
				ASSETCATALOG_COMPILER_APPICON_NAME = AppIcon;
				DEVELOPMENT_TEAM = Y8UK968H5B;
				INFOPLIST_FILE = lAyeR/Info.plist;
				LD_RUNPATH_SEARCH_PATHS = "$(inherited) @executable_path/Frameworks";
				PRODUCT_BUNDLE_IDENTIFIER = nus.cs3217.layer.lAyeR;
				PRODUCT_NAME = "$(TARGET_NAME)";
				SWIFT_VERSION = 3.0;
			};
			name = Release;
		};
		2C3119B81E670A5F00FF6334 /* Debug */ = {
			isa = XCBuildConfiguration;
			buildSettings = {
				ALWAYS_EMBED_SWIFT_STANDARD_LIBRARIES = YES;
				BUNDLE_LOADER = "$(TEST_HOST)";
				INFOPLIST_FILE = lAyeRTests/Info.plist;
				LD_RUNPATH_SEARCH_PATHS = "$(inherited) @executable_path/Frameworks @loader_path/Frameworks";
				PRODUCT_BUNDLE_IDENTIFIER = nus.cs3217.layer.lAyeRTests;
				PRODUCT_NAME = "$(TARGET_NAME)";
				SWIFT_VERSION = 3.0;
				TEST_HOST = "$(BUILT_PRODUCTS_DIR)/lAyeR.app/lAyeR";
			};
			name = Debug;
		};
		2C3119B91E670A5F00FF6334 /* Release */ = {
			isa = XCBuildConfiguration;
			buildSettings = {
				ALWAYS_EMBED_SWIFT_STANDARD_LIBRARIES = YES;
				BUNDLE_LOADER = "$(TEST_HOST)";
				INFOPLIST_FILE = lAyeRTests/Info.plist;
				LD_RUNPATH_SEARCH_PATHS = "$(inherited) @executable_path/Frameworks @loader_path/Frameworks";
				PRODUCT_BUNDLE_IDENTIFIER = nus.cs3217.layer.lAyeRTests;
				PRODUCT_NAME = "$(TARGET_NAME)";
				SWIFT_VERSION = 3.0;
				TEST_HOST = "$(BUILT_PRODUCTS_DIR)/lAyeR.app/lAyeR";
			};
			name = Release;
		};
/* End XCBuildConfiguration section */

/* Begin XCConfigurationList section */
		2C3119921E670A5E00FF6334 /* Build configuration list for PBXProject "lAyeR" */ = {
			isa = XCConfigurationList;
			buildConfigurations = (
				2C3119B21E670A5F00FF6334 /* Debug */,
				2C3119B31E670A5F00FF6334 /* Release */,
			);
			defaultConfigurationIsVisible = 0;
			defaultConfigurationName = Release;
		};
		2C3119B41E670A5F00FF6334 /* Build configuration list for PBXNativeTarget "lAyeR" */ = {
			isa = XCConfigurationList;
			buildConfigurations = (
				2C3119B51E670A5F00FF6334 /* Debug */,
				2C3119B61E670A5F00FF6334 /* Release */,
			);
			defaultConfigurationIsVisible = 0;
			defaultConfigurationName = Release;
		};
		2C3119B71E670A5F00FF6334 /* Build configuration list for PBXNativeTarget "lAyeRTests" */ = {
			isa = XCConfigurationList;
			buildConfigurations = (
				2C3119B81E670A5F00FF6334 /* Debug */,
				2C3119B91E670A5F00FF6334 /* Release */,
			);
			defaultConfigurationIsVisible = 0;
			defaultConfigurationName = Release;
		};
/* End XCConfigurationList section */

/* Begin XCVersionGroup section */
		5249B1F11E750B9C0048249D /* lAyeR.xcdatamodeld */ = {
			isa = XCVersionGroup;
			children = (
				5249B1F21E750B9C0048249D /* lAyeR.xcdatamodel */,
			);
			currentVersion = 5249B1F21E750B9C0048249D /* lAyeR.xcdatamodel */;
			path = lAyeR.xcdatamodeld;
			sourceTree = "<group>";
			versionGroupType = wrapper.xcdatamodel;
		};
/* End XCVersionGroup section */
	};
	rootObject = 2C31198F1E670A5E00FF6334 /* Project object */;
}
