// !$*UTF8*$!
{
	archiveVersion = 1;
	classes = {
	};
	objectVersion = 46;
	objects = {

/* Begin PBXBuildFile section */
		2C31199B1E670A5F00FF6334 /* AppDelegate.swift in Sources */ = {isa = PBXBuildFile; fileRef = 2C31199A1E670A5F00FF6334 /* AppDelegate.swift */; };
		2C31199D1E670A5F00FF6334 /* ViewController.swift in Sources */ = {isa = PBXBuildFile; fileRef = 2C31199C1E670A5F00FF6334 /* ViewController.swift */; };
		2C3119A01E670A5F00FF6334 /* Main.storyboard in Resources */ = {isa = PBXBuildFile; fileRef = 2C31199E1E670A5F00FF6334 /* Main.storyboard */; };
		2C3119A21E670A5F00FF6334 /* Assets.xcassets in Resources */ = {isa = PBXBuildFile; fileRef = 2C3119A11E670A5F00FF6334 /* Assets.xcassets */; };
		2C3119A51E670A5F00FF6334 /* LaunchScreen.storyboard in Resources */ = {isa = PBXBuildFile; fileRef = 2C3119A31E670A5F00FF6334 /* LaunchScreen.storyboard */; };
		2C3119B01E670A5F00FF6334 /* lAyeRTests.swift in Sources */ = {isa = PBXBuildFile; fileRef = 2C3119AF1E670A5F00FF6334 /* lAyeRTests.swift */; };
		2C7333E51E71BA8000EDE1D8 /* SAOUI-Regular.otf in Resources */ = {isa = PBXBuildFile; fileRef = 2C7333E41E71BA8000EDE1D8 /* SAOUI-Regular.otf */; };
		2C7333E81E71BAA800EDE1D8 /* SAOUI-Bold.otf in Resources */ = {isa = PBXBuildFile; fileRef = 2C7333E71E71BAA800EDE1D8 /* SAOUI-Bold.otf */; };
		2C7813881E7544C000851188 /* confirm.wav in Resources */ = {isa = PBXBuildFile; fileRef = 2C7813861E7544C000851188 /* confirm.wav */; };
		2C7813891E7544C000851188 /* dialog_close.wav in Resources */ = {isa = PBXBuildFile; fileRef = 2C7813871E7544C000851188 /* dialog_close.wav */; };
		2CE2FD151E71BDF700BB83FD /* HomenajeMod-Regular.otf in Resources */ = {isa = PBXBuildFile; fileRef = 2CE2FD141E71BDF700BB83FD /* HomenajeMod-Regular.otf */; };
		2CE2FD171E71BE0400BB83FD /* HomenajeMod-Bold.otf in Resources */ = {isa = PBXBuildFile; fileRef = 2CE2FD161E71BE0400BB83FD /* HomenajeMod-Bold.otf */; };
		3BD75161425275397FA682C2 /* Pods_lAyeRTests.framework in Frameworks */ = {isa = PBXBuildFile; fileRef = 7616BEF7E8B29AFA5D147815 /* Pods_lAyeRTests.framework */; };
		5249B1A61E7263C40048249D /* Route.swift in Sources */ = {isa = PBXBuildFile; fileRef = 5249B1A51E7263C40048249D /* Route.swift */; };
		5249B1A81E7264000048249D /* GeoPoint.swift in Sources */ = {isa = PBXBuildFile; fileRef = 5249B1A71E7264000048249D /* GeoPoint.swift */; };
		5249B1AA1E72641C0048249D /* CheckPoint.swift in Sources */ = {isa = PBXBuildFile; fileRef = 5249B1A91E72641C0048249D /* CheckPoint.swift */; };
		5249B1AE1E7264790048249D /* UserConfig.swift in Sources */ = {isa = PBXBuildFile; fileRef = 5249B1AD1E7264790048249D /* UserConfig.swift */; };
		5249B1B21E7264AB0048249D /* POI.swift in Sources */ = {isa = PBXBuildFile; fileRef = 5249B1B11E7264AB0048249D /* POI.swift */; };
		5249B1B51E72B3A30048249D /* PlistLocalStorageManager.swift in Sources */ = {isa = PBXBuildFile; fileRef = 5249B1B41E72B3A30048249D /* PlistLocalStorageManager.swift */; };
		5249B1B71E72FC660048249D /* GeoUtil.swift in Sources */ = {isa = PBXBuildFile; fileRef = 5249B1B61E72FC660048249D /* GeoUtil.swift */; };
		5249B1BC1E7450380048249D /* QueryManager.swift in Sources */ = {isa = PBXBuildFile; fileRef = 5249B1BB1E7450380048249D /* QueryManager.swift */; };
		5249B1BE1E7463E30048249D /* GoogleService-Info.plist in Resources */ = {isa = PBXBuildFile; fileRef = 5249B1BD1E7463E30048249D /* GoogleService-Info.plist */; };
		5249B1BF1E7463E30048249D /* GoogleService-Info.plist in Resources */ = {isa = PBXBuildFile; fileRef = 5249B1BD1E7463E30048249D /* GoogleService-Info.plist */; };
		5249B1C31E746CC70048249D /* AppConfig.swift in Sources */ = {isa = PBXBuildFile; fileRef = 5249B1C21E746CC70048249D /* AppConfig.swift */; };
		5249B1C51E74D8070048249D /* Parser.swift in Sources */ = {isa = PBXBuildFile; fileRef = 5249B1C41E74D8070048249D /* Parser.swift */; };
		5249B1F31E750B9C0048249D /* lAyeR.xcdatamodeld in Sources */ = {isa = PBXBuildFile; fileRef = 5249B1F11E750B9C0048249D /* lAyeR.xcdatamodeld */; };
		52D379681E8530FA005ED912 /* GeoPointTests.swift in Sources */ = {isa = PBXBuildFile; fileRef = 52D379661E8530FA005ED912 /* GeoPointTests.swift */; };
		52D379691E8530FA005ED912 /* GeoUtilTests.swift in Sources */ = {isa = PBXBuildFile; fileRef = 52D379671E8530FA005ED912 /* GeoUtilTests.swift */; };
		52D3796B1E8533CC005ED912 /* CheckPointTests.swift in Sources */ = {isa = PBXBuildFile; fileRef = 52D3796A1E8533CC005ED912 /* CheckPointTests.swift */; };
		9D1498F71E800AFB0043DDB6 /* BottomBanner.swift in Sources */ = {isa = PBXBuildFile; fileRef = 9D1498F41E800AFB0043DDB6 /* BottomBanner.swift */; };
		9D1498F81E800AFB0043DDB6 /* InfoPanel.swift in Sources */ = {isa = PBXBuildFile; fileRef = 9D1498F51E800AFB0043DDB6 /* InfoPanel.swift */; };
		9D1498F91E800AFB0043DDB6 /* TopBanner.swift in Sources */ = {isa = PBXBuildFile; fileRef = 9D1498F61E800AFB0043DDB6 /* TopBanner.swift */; };
		9D1498FC1E800B080043DDB6 /* BasicAlert.swift in Sources */ = {isa = PBXBuildFile; fileRef = 9D1498FA1E800B080043DDB6 /* BasicAlert.swift */; };
		9D1498FD1E800B080043DDB6 /* BasicAlertController.swift in Sources */ = {isa = PBXBuildFile; fileRef = 9D1498FB1E800B080043DDB6 /* BasicAlertController.swift */; };
		9D1499001E800B1D0043DDB6 /* MarkerIcon.swift in Sources */ = {isa = PBXBuildFile; fileRef = 9D1498FE1E800B1D0043DDB6 /* MarkerIcon.swift */; };
		9D1499011E800B1D0043DDB6 /* MarkerInfo.swift in Sources */ = {isa = PBXBuildFile; fileRef = 9D1498FF1E800B1D0043DDB6 /* MarkerInfo.swift */; };
		9D1499031E800B250043DDB6 /* BasicMarker.swift in Sources */ = {isa = PBXBuildFile; fileRef = 9D1499021E800B250043DDB6 /* BasicMarker.swift */; };
		9D19700E1E87FE7800C1DAA1 /* MenuButtonView.swift in Sources */ = {isa = PBXBuildFile; fileRef = 9D19700C1E87FE7800C1DAA1 /* MenuButtonView.swift */; };
		9D19700F1E87FE7800C1DAA1 /* MenuView.swift in Sources */ = {isa = PBXBuildFile; fileRef = 9D19700D1E87FE7800C1DAA1 /* MenuView.swift */; };
		9D1970121E87FE8E00C1DAA1 /* MenuViewController.swift in Sources */ = {isa = PBXBuildFile; fileRef = 9D1970111E87FE8E00C1DAA1 /* MenuViewController.swift */; };
		9D6B809A1E82AD0900210203 /* UIConfig.swift in Sources */ = {isa = PBXBuildFile; fileRef = 9D6B80991E82AD0900210203 /* UIConfig.swift */; };
		9D7DACF71E8513E000592EB5 /* ResourceManager.swift in Sources */ = {isa = PBXBuildFile; fileRef = 9D7DACF61E8513E000592EB5 /* ResourceManager.swift */; };
		9D7DACFC1E8546AB00592EB5 /* CheckpointViewController.swift in Sources */ = {isa = PBXBuildFile; fileRef = 9D7DACFB1E8546AB00592EB5 /* CheckpointViewController.swift */; };
		9D7DAD001E855CC800592EB5 /* Constants.swift in Sources */ = {isa = PBXBuildFile; fileRef = 9D7DACFF1E855CC800592EB5 /* Constants.swift */; };
		9D7DAD021E85635500592EB5 /* CardViewController.swift in Sources */ = {isa = PBXBuildFile; fileRef = 9D7DAD011E85635500592EB5 /* CardViewController.swift */; };
		9DE1FD7D1E856F3B0006C009 /* PoiViewController.swift in Sources */ = {isa = PBXBuildFile; fileRef = 9DE1FD7C1E856F3B0006C009 /* PoiViewController.swift */; };
		9DFB5B9E1E8426FD00724B6E /* InfoBlock.swift in Sources */ = {isa = PBXBuildFile; fileRef = 9DFB5B9C1E8426FD00724B6E /* InfoBlock.swift */; };
		9DFB5B9F1E8426FD00724B6E /* InformativeInnerView.swift in Sources */ = {isa = PBXBuildFile; fileRef = 9DFB5B9D1E8426FD00724B6E /* InformativeInnerView.swift */; };
		A21BBFAF1E82CB0300394531 /* ARViewController_CameraBackgroundExtension.swift in Sources */ = {isa = PBXBuildFile; fileRef = A21BBFAE1E82CB0300394531 /* ARViewController_CameraBackgroundExtension.swift */; };
		A21BBFB91E839BD600394531 /* MarkerPopupView.swift in Sources */ = {isa = PBXBuildFile; fileRef = A21BBFB61E839BD600394531 /* MarkerPopupView.swift */; };
		A21BBFBA1E839BD600394531 /* RouteDesignerViewController.swift in Sources */ = {isa = PBXBuildFile; fileRef = A21BBFB71E839BD600394531 /* RouteDesignerViewController.swift */; };
		A21BBFBB1E839BD600394531 /* TriangleView.swift in Sources */ = {isa = PBXBuildFile; fileRef = A21BBFB81E839BD600394531 /* TriangleView.swift */; };
		A21BBFBD1E83AB7500394531 /* Setting.swift in Sources */ = {isa = PBXBuildFile; fileRef = A21BBFBC1E83AB7500394531 /* Setting.swift */; };
		A21BBFBF1E83FCED00394531 /* ViewLayoutAdjustmentTests.swift in Sources */ = {isa = PBXBuildFile; fileRef = A21BBFBE1E83FCED00394531 /* ViewLayoutAdjustmentTests.swift */; };
		A21BBFC11E83FE3700394531 /* ManagerClassSingletonTests.swift in Sources */ = {isa = PBXBuildFile; fileRef = A21BBFC01E83FE3700394531 /* ManagerClassSingletonTests.swift */; };
		A27C23D61E812D1C0063F371 /* ViewLayoutAdjustable.swift in Sources */ = {isa = PBXBuildFile; fileRef = A27C23D51E812D1C0063F371 /* ViewLayoutAdjustable.swift */; };
		A28540471E70DD5000CF51B7 /* DeviceMotionManager.swift in Sources */ = {isa = PBXBuildFile; fileRef = A28540461E70DD5000CF51B7 /* DeviceMotionManager.swift */; };
		A28540491E70E4DF00CF51B7 /* Vector3D.swift in Sources */ = {isa = PBXBuildFile; fileRef = A28540481E70E4DF00CF51B7 /* Vector3D.swift */; };
		A285404B1E71C4A200CF51B7 /* ARViewLayoutAdjustment.swift in Sources */ = {isa = PBXBuildFile; fileRef = A285404A1E71C4A200CF51B7 /* ARViewLayoutAdjustment.swift */; };
		A296456D1E8AC682006D0997 /* RealmLocalStorageManager.swift in Sources */ = {isa = PBXBuildFile; fileRef = A296456C1E8AC682006D0997 /* RealmLocalStorageManager.swift */; };
		A29645701E8AC6BA006D0997 /* LocalStorageManagerProtocol.swift in Sources */ = {isa = PBXBuildFile; fileRef = A296456F1E8AC6BA006D0997 /* LocalStorageManagerProtocol.swift */; };
		A2AF0ABA1E70103800B4478C /* ARViewController.swift in Sources */ = {isa = PBXBuildFile; fileRef = A2AF0AB91E70103800B4478C /* ARViewController.swift */; };
		A2AF0ABF1E711A7900B4478C /* Vector3DTests.swift in Sources */ = {isa = PBXBuildFile; fileRef = A2AF0ABE1E711A7900B4478C /* Vector3DTests.swift */; };
		A2AF0AD11E76C2FB00B4478C /* GeoManager.swift in Sources */ = {isa = PBXBuildFile; fileRef = A2AF0AD01E76C2FB00B4478C /* GeoManager.swift */; };
		C56F27B381A4E471B16EE4D4 /* Pods_lAyeR.framework in Frameworks */ = {isa = PBXBuildFile; fileRef = 72EF10EBB88704FD23448492 /* Pods_lAyeR.framework */; };
/* End PBXBuildFile section */

/* Begin PBXContainerItemProxy section */
		2C3119AC1E670A5F00FF6334 /* PBXContainerItemProxy */ = {
			isa = PBXContainerItemProxy;
			containerPortal = 2C31198F1E670A5E00FF6334 /* Project object */;
			proxyType = 1;
			remoteGlobalIDString = 2C3119961E670A5E00FF6334;
			remoteInfo = lAyeR;
		};
/* End PBXContainerItemProxy section */

/* Begin PBXCopyFilesBuildPhase section */
		A29645771E8AC73E006D0997 /* Embed Frameworks */ = {
			isa = PBXCopyFilesBuildPhase;
			buildActionMask = 2147483647;
			dstPath = "";
			dstSubfolderSpec = 10;
			files = (
			);
			name = "Embed Frameworks";
			runOnlyForDeploymentPostprocessing = 0;
		};
/* End PBXCopyFilesBuildPhase section */

/* Begin PBXFileReference section */
		2C3119971E670A5F00FF6334 /* lAyeR.app */ = {isa = PBXFileReference; explicitFileType = wrapper.application; includeInIndex = 0; path = lAyeR.app; sourceTree = BUILT_PRODUCTS_DIR; };
		2C31199A1E670A5F00FF6334 /* AppDelegate.swift */ = {isa = PBXFileReference; lastKnownFileType = sourcecode.swift; path = AppDelegate.swift; sourceTree = "<group>"; };
		2C31199C1E670A5F00FF6334 /* ViewController.swift */ = {isa = PBXFileReference; lastKnownFileType = sourcecode.swift; path = ViewController.swift; sourceTree = "<group>"; };
		2C31199F1E670A5F00FF6334 /* Base */ = {isa = PBXFileReference; lastKnownFileType = file.storyboard; name = Base; path = Base.lproj/Main.storyboard; sourceTree = "<group>"; };
		2C3119A11E670A5F00FF6334 /* Assets.xcassets */ = {isa = PBXFileReference; lastKnownFileType = folder.assetcatalog; path = Assets.xcassets; sourceTree = "<group>"; };
		2C3119A41E670A5F00FF6334 /* Base */ = {isa = PBXFileReference; lastKnownFileType = file.storyboard; name = Base; path = Base.lproj/LaunchScreen.storyboard; sourceTree = "<group>"; };
		2C3119A61E670A5F00FF6334 /* Info.plist */ = {isa = PBXFileReference; lastKnownFileType = text.plist.xml; path = Info.plist; sourceTree = "<group>"; };
		2C3119AB1E670A5F00FF6334 /* lAyeRTests.xctest */ = {isa = PBXFileReference; explicitFileType = wrapper.cfbundle; includeInIndex = 0; path = lAyeRTests.xctest; sourceTree = BUILT_PRODUCTS_DIR; };
		2C3119AF1E670A5F00FF6334 /* lAyeRTests.swift */ = {isa = PBXFileReference; lastKnownFileType = sourcecode.swift; path = lAyeRTests.swift; sourceTree = "<group>"; };
		2C3119B11E670A5F00FF6334 /* Info.plist */ = {isa = PBXFileReference; lastKnownFileType = text.plist.xml; path = Info.plist; sourceTree = "<group>"; };
		2C7333E41E71BA8000EDE1D8 /* SAOUI-Regular.otf */ = {isa = PBXFileReference; lastKnownFileType = file; path = "SAOUI-Regular.otf"; sourceTree = "<group>"; };
		2C7333E71E71BAA800EDE1D8 /* SAOUI-Bold.otf */ = {isa = PBXFileReference; lastKnownFileType = file; path = "SAOUI-Bold.otf"; sourceTree = "<group>"; };
		2C7813861E7544C000851188 /* confirm.wav */ = {isa = PBXFileReference; lastKnownFileType = audio.wav; path = confirm.wav; sourceTree = "<group>"; };
		2C7813871E7544C000851188 /* dialog_close.wav */ = {isa = PBXFileReference; lastKnownFileType = audio.wav; path = dialog_close.wav; sourceTree = "<group>"; };
		2CE2FD141E71BDF700BB83FD /* HomenajeMod-Regular.otf */ = {isa = PBXFileReference; lastKnownFileType = file; path = "HomenajeMod-Regular.otf"; sourceTree = "<group>"; };
		2CE2FD161E71BE0400BB83FD /* HomenajeMod-Bold.otf */ = {isa = PBXFileReference; lastKnownFileType = file; path = "HomenajeMod-Bold.otf"; sourceTree = "<group>"; };
		351CBDEFFBED45797D297881 /* Pods-lAyeR.debug.xcconfig */ = {isa = PBXFileReference; includeInIndex = 1; lastKnownFileType = text.xcconfig; name = "Pods-lAyeR.debug.xcconfig"; path = "Pods/Target Support Files/Pods-lAyeR/Pods-lAyeR.debug.xcconfig"; sourceTree = "<group>"; };
		3ED3D9D38B1EAD32F3ED5614 /* Pods-lAyeR-lAyeRTests.release.xcconfig */ = {isa = PBXFileReference; includeInIndex = 1; lastKnownFileType = text.xcconfig; name = "Pods-lAyeR-lAyeRTests.release.xcconfig"; path = "Pods/Target Support Files/Pods-lAyeR-lAyeRTests/Pods-lAyeR-lAyeRTests.release.xcconfig"; sourceTree = "<group>"; };
		5249B1A51E7263C40048249D /* Route.swift */ = {isa = PBXFileReference; fileEncoding = 4; lastKnownFileType = sourcecode.swift; path = Route.swift; sourceTree = "<group>"; };
		5249B1A71E7264000048249D /* GeoPoint.swift */ = {isa = PBXFileReference; fileEncoding = 4; lastKnownFileType = sourcecode.swift; path = GeoPoint.swift; sourceTree = "<group>"; };
		5249B1A91E72641C0048249D /* CheckPoint.swift */ = {isa = PBXFileReference; fileEncoding = 4; lastKnownFileType = sourcecode.swift; path = CheckPoint.swift; sourceTree = "<group>"; };
		5249B1AD1E7264790048249D /* UserConfig.swift */ = {isa = PBXFileReference; fileEncoding = 4; lastKnownFileType = sourcecode.swift; path = UserConfig.swift; sourceTree = "<group>"; };
		5249B1B11E7264AB0048249D /* POI.swift */ = {isa = PBXFileReference; fileEncoding = 4; lastKnownFileType = sourcecode.swift; path = POI.swift; sourceTree = "<group>"; };
		5249B1B41E72B3A30048249D /* PlistLocalStorageManager.swift */ = {isa = PBXFileReference; fileEncoding = 4; lastKnownFileType = sourcecode.swift; path = PlistLocalStorageManager.swift; sourceTree = "<group>"; };
		5249B1B61E72FC660048249D /* GeoUtil.swift */ = {isa = PBXFileReference; fileEncoding = 4; lastKnownFileType = sourcecode.swift; path = GeoUtil.swift; sourceTree = "<group>"; };
		5249B1BB1E7450380048249D /* QueryManager.swift */ = {isa = PBXFileReference; fileEncoding = 4; lastKnownFileType = sourcecode.swift; path = QueryManager.swift; sourceTree = "<group>"; };
		5249B1BD1E7463E30048249D /* GoogleService-Info.plist */ = {isa = PBXFileReference; fileEncoding = 4; lastKnownFileType = text.plist.xml; path = "GoogleService-Info.plist"; sourceTree = "<group>"; };
		5249B1C21E746CC70048249D /* AppConfig.swift */ = {isa = PBXFileReference; fileEncoding = 4; lastKnownFileType = sourcecode.swift; path = AppConfig.swift; sourceTree = "<group>"; };
		5249B1C41E74D8070048249D /* Parser.swift */ = {isa = PBXFileReference; fileEncoding = 4; lastKnownFileType = sourcecode.swift; path = Parser.swift; sourceTree = "<group>"; };
		5249B1F21E750B9C0048249D /* lAyeR.xcdatamodel */ = {isa = PBXFileReference; lastKnownFileType = wrapper.xcdatamodel; path = lAyeR.xcdatamodel; sourceTree = "<group>"; };
		52D379661E8530FA005ED912 /* GeoPointTests.swift */ = {isa = PBXFileReference; fileEncoding = 4; lastKnownFileType = sourcecode.swift; path = GeoPointTests.swift; sourceTree = "<group>"; };
		52D379671E8530FA005ED912 /* GeoUtilTests.swift */ = {isa = PBXFileReference; fileEncoding = 4; lastKnownFileType = sourcecode.swift; path = GeoUtilTests.swift; sourceTree = "<group>"; };
		52D3796A1E8533CC005ED912 /* CheckPointTests.swift */ = {isa = PBXFileReference; fileEncoding = 4; lastKnownFileType = sourcecode.swift; path = CheckPointTests.swift; sourceTree = "<group>"; };
		72EF10EBB88704FD23448492 /* Pods_lAyeR.framework */ = {isa = PBXFileReference; explicitFileType = wrapper.framework; includeInIndex = 0; path = Pods_lAyeR.framework; sourceTree = BUILT_PRODUCTS_DIR; };
		7616BEF7E8B29AFA5D147815 /* Pods_lAyeRTests.framework */ = {isa = PBXFileReference; explicitFileType = wrapper.framework; includeInIndex = 0; path = Pods_lAyeRTests.framework; sourceTree = BUILT_PRODUCTS_DIR; };
		9D1498F41E800AFB0043DDB6 /* BottomBanner.swift */ = {isa = PBXFileReference; fileEncoding = 4; lastKnownFileType = sourcecode.swift; name = BottomBanner.swift; path = ViewComponents/BasicComponents/BasicAlert/AlertElements/BottomBanner.swift; sourceTree = "<group>"; };
		9D1498F51E800AFB0043DDB6 /* InfoPanel.swift */ = {isa = PBXFileReference; fileEncoding = 4; lastKnownFileType = sourcecode.swift; name = InfoPanel.swift; path = ViewComponents/BasicComponents/BasicAlert/AlertElements/InfoPanel.swift; sourceTree = "<group>"; };
		9D1498F61E800AFB0043DDB6 /* TopBanner.swift */ = {isa = PBXFileReference; fileEncoding = 4; lastKnownFileType = sourcecode.swift; name = TopBanner.swift; path = ViewComponents/BasicComponents/BasicAlert/AlertElements/TopBanner.swift; sourceTree = "<group>"; };
		9D1498FA1E800B080043DDB6 /* BasicAlert.swift */ = {isa = PBXFileReference; fileEncoding = 4; lastKnownFileType = sourcecode.swift; name = BasicAlert.swift; path = ViewComponents/BasicComponents/BasicAlert/BasicAlert.swift; sourceTree = "<group>"; };
		9D1498FB1E800B080043DDB6 /* BasicAlertController.swift */ = {isa = PBXFileReference; fileEncoding = 4; lastKnownFileType = sourcecode.swift; name = BasicAlertController.swift; path = ViewComponents/BasicComponents/BasicAlert/BasicAlertController.swift; sourceTree = "<group>"; };
		9D1498FE1E800B1D0043DDB6 /* MarkerIcon.swift */ = {isa = PBXFileReference; fileEncoding = 4; lastKnownFileType = sourcecode.swift; name = MarkerIcon.swift; path = ViewComponents/BasicComponents/BasicMarker/MarkerElements/MarkerIcon.swift; sourceTree = "<group>"; };
		9D1498FF1E800B1D0043DDB6 /* MarkerInfo.swift */ = {isa = PBXFileReference; fileEncoding = 4; lastKnownFileType = sourcecode.swift; name = MarkerInfo.swift; path = ViewComponents/BasicComponents/BasicMarker/MarkerElements/MarkerInfo.swift; sourceTree = "<group>"; };
		9D1499021E800B250043DDB6 /* BasicMarker.swift */ = {isa = PBXFileReference; fileEncoding = 4; lastKnownFileType = sourcecode.swift; name = BasicMarker.swift; path = ViewComponents/BasicComponents/BasicMarker/BasicMarker.swift; sourceTree = "<group>"; };
		9D19700C1E87FE7800C1DAA1 /* MenuButtonView.swift */ = {isa = PBXFileReference; fileEncoding = 4; lastKnownFileType = sourcecode.swift; name = MenuButtonView.swift; path = ViewComponents/BasicComponents/Menu/MenuButtonView.swift; sourceTree = "<group>"; };
		9D19700D1E87FE7800C1DAA1 /* MenuView.swift */ = {isa = PBXFileReference; fileEncoding = 4; lastKnownFileType = sourcecode.swift; name = MenuView.swift; path = ViewComponents/BasicComponents/Menu/MenuView.swift; sourceTree = "<group>"; };
		9D1970111E87FE8E00C1DAA1 /* MenuViewController.swift */ = {isa = PBXFileReference; fileEncoding = 4; lastKnownFileType = sourcecode.swift; name = MenuViewController.swift; path = ViewComponents/HighLevelComponents/Menu/MenuViewController.swift; sourceTree = "<group>"; };
		9D6B80991E82AD0900210203 /* UIConfig.swift */ = {isa = PBXFileReference; fileEncoding = 4; lastKnownFileType = sourcecode.swift; name = UIConfig.swift; path = ViewComponents/UIConfig.swift; sourceTree = "<group>"; };
		9D7DACF61E8513E000592EB5 /* ResourceManager.swift */ = {isa = PBXFileReference; fileEncoding = 4; lastKnownFileType = sourcecode.swift; path = ResourceManager.swift; sourceTree = "<group>"; };
		9D7DACFB1E8546AB00592EB5 /* CheckpointViewController.swift */ = {isa = PBXFileReference; fileEncoding = 4; lastKnownFileType = sourcecode.swift; name = CheckpointViewController.swift; path = ViewComponents/HighLevelComponents/CheckPoint/CheckpointViewController.swift; sourceTree = "<group>"; };
		9D7DACFF1E855CC800592EB5 /* Constants.swift */ = {isa = PBXFileReference; fileEncoding = 4; lastKnownFileType = sourcecode.swift; path = Constants.swift; sourceTree = "<group>"; };
		9D7DAD011E85635500592EB5 /* CardViewController.swift */ = {isa = PBXFileReference; fileEncoding = 4; lastKnownFileType = sourcecode.swift; name = CardViewController.swift; path = ViewComponents/HighLevelComponents/CardViewController.swift; sourceTree = "<group>"; };
		9DE1FD7C1E856F3B0006C009 /* PoiViewController.swift */ = {isa = PBXFileReference; fileEncoding = 4; lastKnownFileType = sourcecode.swift; name = PoiViewController.swift; path = ViewComponents/HighLevelComponents/POI/PoiViewController.swift; sourceTree = "<group>"; };
		9DFB5B9C1E8426FD00724B6E /* InfoBlock.swift */ = {isa = PBXFileReference; fileEncoding = 4; lastKnownFileType = sourcecode.swift; name = InfoBlock.swift; path = ViewComponents/BasicComponents/InnerViews/InfoBlock.swift; sourceTree = "<group>"; };
		9DFB5B9D1E8426FD00724B6E /* InformativeInnerView.swift */ = {isa = PBXFileReference; fileEncoding = 4; lastKnownFileType = sourcecode.swift; name = InformativeInnerView.swift; path = ViewComponents/BasicComponents/InnerViews/InformativeInnerView.swift; sourceTree = "<group>"; };
		A21BBFAE1E82CB0300394531 /* ARViewController_CameraBackgroundExtension.swift */ = {isa = PBXFileReference; fileEncoding = 4; lastKnownFileType = sourcecode.swift; path = ARViewController_CameraBackgroundExtension.swift; sourceTree = "<group>"; };
		A21BBFB61E839BD600394531 /* MarkerPopupView.swift */ = {isa = PBXFileReference; fileEncoding = 4; lastKnownFileType = sourcecode.swift; path = MarkerPopupView.swift; sourceTree = "<group>"; };
		A21BBFB71E839BD600394531 /* RouteDesignerViewController.swift */ = {isa = PBXFileReference; fileEncoding = 4; lastKnownFileType = sourcecode.swift; path = RouteDesignerViewController.swift; sourceTree = "<group>"; };
		A21BBFB81E839BD600394531 /* TriangleView.swift */ = {isa = PBXFileReference; fileEncoding = 4; lastKnownFileType = sourcecode.swift; path = TriangleView.swift; sourceTree = "<group>"; };
		A21BBFBC1E83AB7500394531 /* Setting.swift */ = {isa = PBXFileReference; fileEncoding = 4; lastKnownFileType = sourcecode.swift; path = Setting.swift; sourceTree = "<group>"; };
		A21BBFBE1E83FCED00394531 /* ViewLayoutAdjustmentTests.swift */ = {isa = PBXFileReference; fileEncoding = 4; lastKnownFileType = sourcecode.swift; path = ViewLayoutAdjustmentTests.swift; sourceTree = "<group>"; };
		A21BBFC01E83FE3700394531 /* ManagerClassSingletonTests.swift */ = {isa = PBXFileReference; fileEncoding = 4; lastKnownFileType = sourcecode.swift; path = ManagerClassSingletonTests.swift; sourceTree = "<group>"; };
		A27C23D51E812D1C0063F371 /* ViewLayoutAdjustable.swift */ = {isa = PBXFileReference; fileEncoding = 4; lastKnownFileType = sourcecode.swift; path = ViewLayoutAdjustable.swift; sourceTree = "<group>"; };
		A28540461E70DD5000CF51B7 /* DeviceMotionManager.swift */ = {isa = PBXFileReference; fileEncoding = 4; lastKnownFileType = sourcecode.swift; path = DeviceMotionManager.swift; sourceTree = "<group>"; };
		A28540481E70E4DF00CF51B7 /* Vector3D.swift */ = {isa = PBXFileReference; fileEncoding = 4; lastKnownFileType = sourcecode.swift; path = Vector3D.swift; sourceTree = "<group>"; };
		A285404A1E71C4A200CF51B7 /* ARViewLayoutAdjustment.swift */ = {isa = PBXFileReference; fileEncoding = 4; lastKnownFileType = sourcecode.swift; path = ARViewLayoutAdjustment.swift; sourceTree = "<group>"; };
		A296456C1E8AC682006D0997 /* RealmLocalStorageManager.swift */ = {isa = PBXFileReference; fileEncoding = 4; lastKnownFileType = sourcecode.swift; path = RealmLocalStorageManager.swift; sourceTree = "<group>"; };
		A296456F1E8AC6BA006D0997 /* LocalStorageManagerProtocol.swift */ = {isa = PBXFileReference; fileEncoding = 4; lastKnownFileType = sourcecode.swift; path = LocalStorageManagerProtocol.swift; sourceTree = "<group>"; };
		A29645711E8AC73E006D0997 /* Realm.framework */ = {isa = PBXFileReference; lastKnownFileType = wrapper.framework; path = Realm.framework; sourceTree = "<group>"; };
		A29645721E8AC73E006D0997 /* RealmSwift.framework */ = {isa = PBXFileReference; lastKnownFileType = wrapper.framework; path = RealmSwift.framework; sourceTree = "<group>"; };
		A2AF0AB91E70103800B4478C /* ARViewController.swift */ = {isa = PBXFileReference; fileEncoding = 4; lastKnownFileType = sourcecode.swift; path = ARViewController.swift; sourceTree = "<group>"; };
		A2AF0ABE1E711A7900B4478C /* Vector3DTests.swift */ = {isa = PBXFileReference; fileEncoding = 4; lastKnownFileType = sourcecode.swift; path = Vector3DTests.swift; sourceTree = "<group>"; };
		A2AF0AD01E76C2FB00B4478C /* GeoManager.swift */ = {isa = PBXFileReference; fileEncoding = 4; lastKnownFileType = sourcecode.swift; path = GeoManager.swift; sourceTree = "<group>"; };
		A626EBBEFF20342D9695071F /* Pods_lAyeR_lAyeRTests.framework */ = {isa = PBXFileReference; explicitFileType = wrapper.framework; includeInIndex = 0; path = Pods_lAyeR_lAyeRTests.framework; sourceTree = BUILT_PRODUCTS_DIR; };
		AB7A481D43D7B4A526C458E0 /* Pods-lAyeRTests.release.xcconfig */ = {isa = PBXFileReference; includeInIndex = 1; lastKnownFileType = text.xcconfig; name = "Pods-lAyeRTests.release.xcconfig"; path = "Pods/Target Support Files/Pods-lAyeRTests/Pods-lAyeRTests.release.xcconfig"; sourceTree = "<group>"; };
		B60F6B187C7B988244741F04 /* Pods-lAyeR.release.xcconfig */ = {isa = PBXFileReference; includeInIndex = 1; lastKnownFileType = text.xcconfig; name = "Pods-lAyeR.release.xcconfig"; path = "Pods/Target Support Files/Pods-lAyeR/Pods-lAyeR.release.xcconfig"; sourceTree = "<group>"; };
		DF1952C3696DBD5E2C5B6FCC /* Pods-lAyeRTests.debug.xcconfig */ = {isa = PBXFileReference; includeInIndex = 1; lastKnownFileType = text.xcconfig; name = "Pods-lAyeRTests.debug.xcconfig"; path = "Pods/Target Support Files/Pods-lAyeRTests/Pods-lAyeRTests.debug.xcconfig"; sourceTree = "<group>"; };
		F05D7FF232180060BD087266 /* Pods-lAyeR-lAyeRTests.debug.xcconfig */ = {isa = PBXFileReference; includeInIndex = 1; lastKnownFileType = text.xcconfig; name = "Pods-lAyeR-lAyeRTests.debug.xcconfig"; path = "Pods/Target Support Files/Pods-lAyeR-lAyeRTests/Pods-lAyeR-lAyeRTests.debug.xcconfig"; sourceTree = "<group>"; };
/* End PBXFileReference section */

/* Begin PBXFrameworksBuildPhase section */
		2C3119941E670A5E00FF6334 /* Frameworks */ = {
			isa = PBXFrameworksBuildPhase;
			buildActionMask = 2147483647;
			files = (
				C56F27B381A4E471B16EE4D4 /* Pods_lAyeR.framework in Frameworks */,
			);
			runOnlyForDeploymentPostprocessing = 0;
		};
		2C3119A81E670A5F00FF6334 /* Frameworks */ = {
			isa = PBXFrameworksBuildPhase;
			buildActionMask = 2147483647;
			files = (
				3BD75161425275397FA682C2 /* Pods_lAyeRTests.framework in Frameworks */,
			);
			runOnlyForDeploymentPostprocessing = 0;
		};
/* End PBXFrameworksBuildPhase section */

/* Begin PBXGroup section */
		225AA7BB5F38CBDF846E294E /* Pods */ = {
			isa = PBXGroup;
			children = (
				351CBDEFFBED45797D297881 /* Pods-lAyeR.debug.xcconfig */,
				B60F6B187C7B988244741F04 /* Pods-lAyeR.release.xcconfig */,
				F05D7FF232180060BD087266 /* Pods-lAyeR-lAyeRTests.debug.xcconfig */,
				3ED3D9D38B1EAD32F3ED5614 /* Pods-lAyeR-lAyeRTests.release.xcconfig */,
				DF1952C3696DBD5E2C5B6FCC /* Pods-lAyeRTests.debug.xcconfig */,
				AB7A481D43D7B4A526C458E0 /* Pods-lAyeRTests.release.xcconfig */,
			);
			name = Pods;
			sourceTree = "<group>";
		};
		2C31198E1E670A5E00FF6334 = {
			isa = PBXGroup;
			children = (
				2C3119991E670A5F00FF6334 /* lAyeR */,
				2C3119AE1E670A5F00FF6334 /* lAyeRTests */,
				2C3119981E670A5F00FF6334 /* Products */,
				FED6868487D29D53B260A46F /* Frameworks */,
				225AA7BB5F38CBDF846E294E /* Pods */,
			);
			sourceTree = "<group>";
		};
		2C3119981E670A5F00FF6334 /* Products */ = {
			isa = PBXGroup;
			children = (
				2C3119971E670A5F00FF6334 /* lAyeR.app */,
				2C3119AB1E670A5F00FF6334 /* lAyeRTests.xctest */,
			);
			name = Products;
			sourceTree = "<group>";
		};
		2C3119991E670A5F00FF6334 /* lAyeR */ = {
			isa = PBXGroup;
			children = (
				A21BBFBC1E83AB7500394531 /* Setting.swift */,
				9D1498F11E8007DC0043DDB6 /* ViewComponents */,
				A2AF0AB81E70101000B4478C /* ARRenderer */,
				5249B1BA1E7450190048249D /* WebQuery */,
				5249B1B31E72AF770048249D /* LocalStorage */,
				5249B1A41E7263A30048249D /* RouteDesigner */,
				2C7813851E7544B100851188 /* Sounds */,
				2C7333E61E71BA8E00EDE1D8 /* Fonts */,
				2C7333E11E71B4EA00EDE1D8 /* Common */,
				2C31199A1E670A5F00FF6334 /* AppDelegate.swift */,
				2C31199C1E670A5F00FF6334 /* ViewController.swift */,
				2C31199E1E670A5F00FF6334 /* Main.storyboard */,
				2C3119A11E670A5F00FF6334 /* Assets.xcassets */,
				2C3119A31E670A5F00FF6334 /* LaunchScreen.storyboard */,
				5249B1BD1E7463E30048249D /* GoogleService-Info.plist */,
				2C3119A61E670A5F00FF6334 /* Info.plist */,
				5249B1C21E746CC70048249D /* AppConfig.swift */,
				5249B1F11E750B9C0048249D /* lAyeR.xcdatamodeld */,
			);
			path = lAyeR;
			sourceTree = "<group>";
		};
		2C3119AE1E670A5F00FF6334 /* lAyeRTests */ = {
			isa = PBXGroup;
			children = (
				52D379661E8530FA005ED912 /* GeoPointTests.swift */,
				52D379671E8530FA005ED912 /* GeoUtilTests.swift */,
				2C3119AF1E670A5F00FF6334 /* lAyeRTests.swift */,
				A2AF0ABE1E711A7900B4478C /* Vector3DTests.swift */,
				A21BBFBE1E83FCED00394531 /* ViewLayoutAdjustmentTests.swift */,
				A21BBFC01E83FE3700394531 /* ManagerClassSingletonTests.swift */,
				52D3796A1E8533CC005ED912 /* CheckPointTests.swift */,
				2C3119B11E670A5F00FF6334 /* Info.plist */,
			);
			path = lAyeRTests;
			sourceTree = "<group>";
		};
		2C7333D51E711C3900EDE1D8 /* BasicAlert */ = {
			isa = PBXGroup;
			children = (
				2C7333E01E71B48700EDE1D8 /* AlertElements */,
				9D1498FA1E800B080043DDB6 /* BasicAlert.swift */,
				9D1498FB1E800B080043DDB6 /* BasicAlertController.swift */,
			);
			name = BasicAlert;
			sourceTree = "<group>";
		};
		2C7333E01E71B48700EDE1D8 /* AlertElements */ = {
			isa = PBXGroup;
			children = (
				9D1498F41E800AFB0043DDB6 /* BottomBanner.swift */,
				9D1498F51E800AFB0043DDB6 /* InfoPanel.swift */,
				9D1498F61E800AFB0043DDB6 /* TopBanner.swift */,
			);
			name = AlertElements;
			sourceTree = "<group>";
		};
		2C7333E11E71B4EA00EDE1D8 /* Common */ = {
			isa = PBXGroup;
			children = (
				9D7DACF61E8513E000592EB5 /* ResourceManager.swift */,
				9D7DACFF1E855CC800592EB5 /* Constants.swift */,
			);
			name = Common;
			sourceTree = "<group>";
		};
		2C7333E61E71BA8E00EDE1D8 /* Fonts */ = {
			isa = PBXGroup;
			children = (
				2C7333E41E71BA8000EDE1D8 /* SAOUI-Regular.otf */,
				2C7333E71E71BAA800EDE1D8 /* SAOUI-Bold.otf */,
				2CE2FD141E71BDF700BB83FD /* HomenajeMod-Regular.otf */,
				2CE2FD161E71BE0400BB83FD /* HomenajeMod-Bold.otf */,
			);
			name = Fonts;
			sourceTree = "<group>";
		};
		2C7813851E7544B100851188 /* Sounds */ = {
			isa = PBXGroup;
			children = (
				2C7813861E7544C000851188 /* confirm.wav */,
				2C7813871E7544C000851188 /* dialog_close.wav */,
			);
			name = Sounds;
			sourceTree = "<group>";
		};
		2C78138F1E755E6600851188 /* BasicMarker */ = {
			isa = PBXGroup;
			children = (
				2C7813901E755E7D00851188 /* MarkerElements */,
				9D1499021E800B250043DDB6 /* BasicMarker.swift */,
			);
			name = BasicMarker;
			sourceTree = "<group>";
		};
		2C7813901E755E7D00851188 /* MarkerElements */ = {
			isa = PBXGroup;
			children = (
				9D1498FE1E800B1D0043DDB6 /* MarkerIcon.swift */,
				9D1498FF1E800B1D0043DDB6 /* MarkerInfo.swift */,
			);
			name = MarkerElements;
			sourceTree = "<group>";
		};
		5249B1A41E7263A30048249D /* RouteDesigner */ = {
			isa = PBXGroup;
			children = (
				A21BBFB61E839BD600394531 /* MarkerPopupView.swift */,
				A21BBFB71E839BD600394531 /* RouteDesignerViewController.swift */,
				A21BBFB81E839BD600394531 /* TriangleView.swift */,
				5249B1AD1E7264790048249D /* UserConfig.swift */,
				5249B1A71E7264000048249D /* GeoPoint.swift */,
				5249B1A91E72641C0048249D /* CheckPoint.swift */,
				5249B1B11E7264AB0048249D /* POI.swift */,
				5249B1A51E7263C40048249D /* Route.swift */,
				5249B1B61E72FC660048249D /* GeoUtil.swift */,
				A2AF0AD01E76C2FB00B4478C /* GeoManager.swift */,
			);
			name = RouteDesigner;
			sourceTree = "<group>";
		};
		5249B1B31E72AF770048249D /* LocalStorage */ = {
			isa = PBXGroup;
			children = (
				A296456F1E8AC6BA006D0997 /* LocalStorageManagerProtocol.swift */,
				A296456C1E8AC682006D0997 /* RealmLocalStorageManager.swift */,
				5249B1B41E72B3A30048249D /* PlistLocalStorageManager.swift */,
			);
			name = LocalStorage;
			sourceTree = "<group>";
		};
		5249B1BA1E7450190048249D /* WebQuery */ = {
			isa = PBXGroup;
			children = (
				5249B1BB1E7450380048249D /* QueryManager.swift */,
				5249B1C41E74D8070048249D /* Parser.swift */,
			);
			name = WebQuery;
			sourceTree = "<group>";
		};
		9D1498F11E8007DC0043DDB6 /* ViewComponents */ = {
			isa = PBXGroup;
			children = (
				9D6B80991E82AD0900210203 /* UIConfig.swift */,
				9D1498F21E8007F70043DDB6 /* BasicComponents */,
				9D1498F31E8008030043DDB6 /* HighLevelComponents */,
			);
			name = ViewComponents;
			sourceTree = "<group>";
		};
		9D1498F21E8007F70043DDB6 /* BasicComponents */ = {
			isa = PBXGroup;
			children = (
				9D19700B1E87FE6700C1DAA1 /* Menu */,
				9DFB5B9B1E8426E200724B6E /* InnerViews */,
				2C7333D51E711C3900EDE1D8 /* BasicAlert */,
				2C78138F1E755E6600851188 /* BasicMarker */,
			);
			name = BasicComponents;
			sourceTree = "<group>";
		};
		9D1498F31E8008030043DDB6 /* HighLevelComponents */ = {
			isa = PBXGroup;
			children = (
				9D7DACF81E85461C00592EB5 /* POI */,
				9D1970101E87FE7F00C1DAA1 /* Menu */,
				9D2938DC1E82B6720054A9F7 /* CheckPoint */,
				9D7DAD011E85635500592EB5 /* CardViewController.swift */,
			);
			name = HighLevelComponents;
			sourceTree = "<group>";
		};
		9D19700B1E87FE6700C1DAA1 /* Menu */ = {
			isa = PBXGroup;
			children = (
				9D19700C1E87FE7800C1DAA1 /* MenuButtonView.swift */,
				9D19700D1E87FE7800C1DAA1 /* MenuView.swift */,
			);
			name = Menu;
			sourceTree = "<group>";
		};
		9D1970101E87FE7F00C1DAA1 /* Menu */ = {
			isa = PBXGroup;
			children = (
				9D1970111E87FE8E00C1DAA1 /* MenuViewController.swift */,
			);
			name = Menu;
			sourceTree = "<group>";
		};
		9D2938DC1E82B6720054A9F7 /* CheckPoint */ = {
			isa = PBXGroup;
			children = (
				9D7DACFB1E8546AB00592EB5 /* CheckpointViewController.swift */,
			);
			name = CheckPoint;
			sourceTree = "<group>";
		};
		9D7DACF81E85461C00592EB5 /* POI */ = {
			isa = PBXGroup;
			children = (
				9DE1FD7C1E856F3B0006C009 /* PoiViewController.swift */,
			);
			name = POI;
			sourceTree = "<group>";
		};
		9DFB5B9B1E8426E200724B6E /* InnerViews */ = {
			isa = PBXGroup;
			children = (
				9DFB5B9C1E8426FD00724B6E /* InfoBlock.swift */,
				9DFB5B9D1E8426FD00724B6E /* InformativeInnerView.swift */,
			);
			name = InnerViews;
			sourceTree = "<group>";
		};
		A29645781E8AC74B006D0997 /* RealmFrameworks */ = {
			isa = PBXGroup;
			children = (
				A29645711E8AC73E006D0997 /* Realm.framework */,
				A29645721E8AC73E006D0997 /* RealmSwift.framework */,
			);
			name = RealmFrameworks;
			sourceTree = "<group>";
		};
		A2AF0AB81E70101000B4478C /* ARRenderer */ = {
			isa = PBXGroup;
			children = (
				A2AF0AB91E70103800B4478C /* ARViewController.swift */,
				A21BBFAE1E82CB0300394531 /* ARViewController_CameraBackgroundExtension.swift */,
				A28540461E70DD5000CF51B7 /* DeviceMotionManager.swift */,
				A28540481E70E4DF00CF51B7 /* Vector3D.swift */,
				A285404A1E71C4A200CF51B7 /* ARViewLayoutAdjustment.swift */,
				A27C23D51E812D1C0063F371 /* ViewLayoutAdjustable.swift */,
			);
			name = ARRenderer;
			sourceTree = "<group>";
		};
		FED6868487D29D53B260A46F /* Frameworks */ = {
			isa = PBXGroup;
			children = (
				A29645781E8AC74B006D0997 /* RealmFrameworks */,
				72EF10EBB88704FD23448492 /* Pods_lAyeR.framework */,
				A626EBBEFF20342D9695071F /* Pods_lAyeR_lAyeRTests.framework */,
				7616BEF7E8B29AFA5D147815 /* Pods_lAyeRTests.framework */,
			);
			name = Frameworks;
			sourceTree = "<group>";
		};
/* End PBXGroup section */

/* Begin PBXNativeTarget section */
		2C3119961E670A5E00FF6334 /* lAyeR */ = {
			isa = PBXNativeTarget;
			buildConfigurationList = 2C3119B41E670A5F00FF6334 /* Build configuration list for PBXNativeTarget "lAyeR" */;
			buildPhases = (
				6D171D460D6CE08B7F3A8B05 /* [CP] Check Pods Manifest.lock */,
				2C3119931E670A5E00FF6334 /* Sources */,
				2C3119941E670A5E00FF6334 /* Frameworks */,
				2C3119951E670A5E00FF6334 /* Resources */,
				A29645771E8AC73E006D0997 /* Embed Frameworks */,
				2906B907863E95C49A08B06D /* [CP] Embed Pods Frameworks */,
				50A51DEF0A721C76DFB7335E /* [CP] Copy Pods Resources */,
			);
			buildRules = (
			);
			dependencies = (
			);
			name = lAyeR;
			productName = lAyeR;
			productReference = 2C3119971E670A5F00FF6334 /* lAyeR.app */;
			productType = "com.apple.product-type.application";
		};
		2C3119AA1E670A5F00FF6334 /* lAyeRTests */ = {
			isa = PBXNativeTarget;
			buildConfigurationList = 2C3119B71E670A5F00FF6334 /* Build configuration list for PBXNativeTarget "lAyeRTests" */;
			buildPhases = (
				0F2D3D611BC1FD8F3EC538FB /* [CP] Check Pods Manifest.lock */,
				2C3119A71E670A5F00FF6334 /* Sources */,
				2C3119A81E670A5F00FF6334 /* Frameworks */,
				2C3119A91E670A5F00FF6334 /* Resources */,
				F1F254AB9F37F77114200E53 /* [CP] Embed Pods Frameworks */,
				E740933AC2686F47D0430CB3 /* [CP] Copy Pods Resources */,
			);
			buildRules = (
			);
			dependencies = (
				2C3119AD1E670A5F00FF6334 /* PBXTargetDependency */,
			);
			name = lAyeRTests;
			productName = lAyeRTests;
			productReference = 2C3119AB1E670A5F00FF6334 /* lAyeRTests.xctest */;
			productType = "com.apple.product-type.bundle.unit-test";
		};
/* End PBXNativeTarget section */

/* Begin PBXProject section */
		2C31198F1E670A5E00FF6334 /* Project object */ = {
			isa = PBXProject;
			attributes = {
				LastSwiftUpdateCheck = 0820;
				LastUpgradeCheck = 0820;
				ORGANIZATIONNAME = nus.cs3217.layer;
				TargetAttributes = {
					2C3119961E670A5E00FF6334 = {
						CreatedOnToolsVersion = 8.2.1;
						DevelopmentTeam = Y8UK968H5B;
						ProvisioningStyle = Automatic;
					};
					2C3119AA1E670A5F00FF6334 = {
						CreatedOnToolsVersion = 8.2.1;
						ProvisioningStyle = Automatic;
						TestTargetID = 2C3119961E670A5E00FF6334;
					};
				};
			};
			buildConfigurationList = 2C3119921E670A5E00FF6334 /* Build configuration list for PBXProject "lAyeR" */;
			compatibilityVersion = "Xcode 3.2";
			developmentRegion = English;
			hasScannedForEncodings = 0;
			knownRegions = (
				en,
				Base,
			);
			mainGroup = 2C31198E1E670A5E00FF6334;
			productRefGroup = 2C3119981E670A5F00FF6334 /* Products */;
			projectDirPath = "";
			projectRoot = "";
			targets = (
				2C3119961E670A5E00FF6334 /* lAyeR */,
				2C3119AA1E670A5F00FF6334 /* lAyeRTests */,
			);
		};
/* End PBXProject section */

/* Begin PBXResourcesBuildPhase section */
		2C3119951E670A5E00FF6334 /* Resources */ = {
			isa = PBXResourcesBuildPhase;
			buildActionMask = 2147483647;
			files = (
				2C7333E51E71BA8000EDE1D8 /* SAOUI-Regular.otf in Resources */,
				2CE2FD171E71BE0400BB83FD /* HomenajeMod-Bold.otf in Resources */,
				2C7813891E7544C000851188 /* dialog_close.wav in Resources */,
				2C3119A51E670A5F00FF6334 /* LaunchScreen.storyboard in Resources */,
				5249B1BE1E7463E30048249D /* GoogleService-Info.plist in Resources */,
				2CE2FD151E71BDF700BB83FD /* HomenajeMod-Regular.otf in Resources */,
				2C7333E81E71BAA800EDE1D8 /* SAOUI-Bold.otf in Resources */,
				2C7813881E7544C000851188 /* confirm.wav in Resources */,
				2C3119A21E670A5F00FF6334 /* Assets.xcassets in Resources */,
				2C3119A01E670A5F00FF6334 /* Main.storyboard in Resources */,
			);
			runOnlyForDeploymentPostprocessing = 0;
		};
		2C3119A91E670A5F00FF6334 /* Resources */ = {
			isa = PBXResourcesBuildPhase;
			buildActionMask = 2147483647;
			files = (
				5249B1BF1E7463E30048249D /* GoogleService-Info.plist in Resources */,
			);
			runOnlyForDeploymentPostprocessing = 0;
		};
/* End PBXResourcesBuildPhase section */

/* Begin PBXShellScriptBuildPhase section */
		0F2D3D611BC1FD8F3EC538FB /* [CP] Check Pods Manifest.lock */ = {
			isa = PBXShellScriptBuildPhase;
			buildActionMask = 2147483647;
			files = (
			);
			inputPaths = (
			);
			name = "[CP] Check Pods Manifest.lock";
			outputPaths = (
			);
			runOnlyForDeploymentPostprocessing = 0;
			shellPath = /bin/sh;
			shellScript = "diff \"${PODS_ROOT}/../Podfile.lock\" \"${PODS_ROOT}/Manifest.lock\" > /dev/null\nif [ $? != 0 ] ; then\n    # print error to STDERR\n    echo \"error: The sandbox is not in sync with the Podfile.lock. Run 'pod install' or update your CocoaPods installation.\" >&2\n    exit 1\nfi\n";
			showEnvVarsInLog = 0;
		};
		2906B907863E95C49A08B06D /* [CP] Embed Pods Frameworks */ = {
			isa = PBXShellScriptBuildPhase;
			buildActionMask = 2147483647;
			files = (
			);
			inputPaths = (
			);
			name = "[CP] Embed Pods Frameworks";
			outputPaths = (
			);
			runOnlyForDeploymentPostprocessing = 0;
			shellPath = /bin/sh;
			shellScript = "\"${SRCROOT}/Pods/Target Support Files/Pods-lAyeR/Pods-lAyeR-frameworks.sh\"\n";
			showEnvVarsInLog = 0;
		};
		50A51DEF0A721C76DFB7335E /* [CP] Copy Pods Resources */ = {
			isa = PBXShellScriptBuildPhase;
			buildActionMask = 2147483647;
			files = (
			);
			inputPaths = (
			);
			name = "[CP] Copy Pods Resources";
			outputPaths = (
			);
			runOnlyForDeploymentPostprocessing = 0;
			shellPath = /bin/sh;
			shellScript = "\"${SRCROOT}/Pods/Target Support Files/Pods-lAyeR/Pods-lAyeR-resources.sh\"\n";
			showEnvVarsInLog = 0;
		};
		6D171D460D6CE08B7F3A8B05 /* [CP] Check Pods Manifest.lock */ = {
			isa = PBXShellScriptBuildPhase;
			buildActionMask = 2147483647;
			files = (
			);
			inputPaths = (
			);
			name = "[CP] Check Pods Manifest.lock";
			outputPaths = (
			);
			runOnlyForDeploymentPostprocessing = 0;
			shellPath = /bin/sh;
			shellScript = "diff \"${PODS_ROOT}/../Podfile.lock\" \"${PODS_ROOT}/Manifest.lock\" > /dev/null\nif [ $? != 0 ] ; then\n    # print error to STDERR\n    echo \"error: The sandbox is not in sync with the Podfile.lock. Run 'pod install' or update your CocoaPods installation.\" >&2\n    exit 1\nfi\n";
			showEnvVarsInLog = 0;
		};
		E740933AC2686F47D0430CB3 /* [CP] Copy Pods Resources */ = {
			isa = PBXShellScriptBuildPhase;
			buildActionMask = 2147483647;
			files = (
			);
			inputPaths = (
			);
			name = "[CP] Copy Pods Resources";
			outputPaths = (
			);
			runOnlyForDeploymentPostprocessing = 0;
			shellPath = /bin/sh;
			shellScript = "\"${SRCROOT}/Pods/Target Support Files/Pods-lAyeRTests/Pods-lAyeRTests-resources.sh\"\n";
			showEnvVarsInLog = 0;
		};
		F1F254AB9F37F77114200E53 /* [CP] Embed Pods Frameworks */ = {
			isa = PBXShellScriptBuildPhase;
			buildActionMask = 2147483647;
			files = (
			);
			inputPaths = (
			);
			name = "[CP] Embed Pods Frameworks";
			outputPaths = (
			);
			runOnlyForDeploymentPostprocessing = 0;
			shellPath = /bin/sh;
			shellScript = "\"${SRCROOT}/Pods/Target Support Files/Pods-lAyeRTests/Pods-lAyeRTests-frameworks.sh\"\n";
			showEnvVarsInLog = 0;
		};
/* End PBXShellScriptBuildPhase section */

/* Begin PBXSourcesBuildPhase section */
		2C3119931E670A5E00FF6334 /* Sources */ = {
			isa = PBXSourcesBuildPhase;
			buildActionMask = 2147483647;
			files = (
				9DFB5B9F1E8426FD00724B6E /* InformativeInnerView.swift in Sources */,
				A2AF0ABA1E70103800B4478C /* ARViewController.swift in Sources */,
				A28540471E70DD5000CF51B7 /* DeviceMotionManager.swift in Sources */,
				A285404B1E71C4A200CF51B7 /* ARViewLayoutAdjustment.swift in Sources */,
				2C31199B1E670A5F00FF6334 /* AppDelegate.swift in Sources */,
				A28540491E70E4DF00CF51B7 /* Vector3D.swift in Sources */,
				9D19700F1E87FE7800C1DAA1 /* MenuView.swift in Sources */,
				A21BBFB91E839BD600394531 /* MarkerPopupView.swift in Sources */,
				9D1499031E800B250043DDB6 /* BasicMarker.swift in Sources */,
				9D1499001E800B1D0043DDB6 /* MarkerIcon.swift in Sources */,
				5249B1AE1E7264790048249D /* UserConfig.swift in Sources */,
				9D19700E1E87FE7800C1DAA1 /* MenuButtonView.swift in Sources */,
				9D1498FD1E800B080043DDB6 /* BasicAlertController.swift in Sources */,
				9D1498FC1E800B080043DDB6 /* BasicAlert.swift in Sources */,
				9D1498F91E800AFB0043DDB6 /* TopBanner.swift in Sources */,
				2C31199D1E670A5F00FF6334 /* ViewController.swift in Sources */,
				9D7DACFC1E8546AB00592EB5 /* CheckpointViewController.swift in Sources */,
				A21BBFBA1E839BD600394531 /* RouteDesignerViewController.swift in Sources */,
				5249B1C31E746CC70048249D /* AppConfig.swift in Sources */,
				9DFB5B9E1E8426FD00724B6E /* InfoBlock.swift in Sources */,
				9D1498F71E800AFB0043DDB6 /* BottomBanner.swift in Sources */,
				A27C23D61E812D1C0063F371 /* ViewLayoutAdjustable.swift in Sources */,
				9D7DAD001E855CC800592EB5 /* Constants.swift in Sources */,
				5249B1B51E72B3A30048249D /* PlistLocalStorageManager.swift in Sources */,
				9D7DACF71E8513E000592EB5 /* ResourceManager.swift in Sources */,
				A296456D1E8AC682006D0997 /* RealmLocalStorageManager.swift in Sources */,
				5249B1A61E7263C40048249D /* Route.swift in Sources */,
				A29645701E8AC6BA006D0997 /* LocalStorageManagerProtocol.swift in Sources */,
				A21BBFAF1E82CB0300394531 /* ARViewController_CameraBackgroundExtension.swift in Sources */,
				9DE1FD7D1E856F3B0006C009 /* PoiViewController.swift in Sources */,
				5249B1C51E74D8070048249D /* Parser.swift in Sources */,
				A2AF0AD11E76C2FB00B4478C /* GeoManager.swift in Sources */,
				5249B1B21E7264AB0048249D /* POI.swift in Sources */,
				9D7DAD021E85635500592EB5 /* CardViewController.swift in Sources */,
				5249B1A81E7264000048249D /* GeoPoint.swift in Sources */,
				5249B1B71E72FC660048249D /* GeoUtil.swift in Sources */,
				9D1970121E87FE8E00C1DAA1 /* MenuViewController.swift in Sources */,
				5249B1AA1E72641C0048249D /* CheckPoint.swift in Sources */,
				5249B1F31E750B9C0048249D /* lAyeR.xcdatamodeld in Sources */,
				9D1498F81E800AFB0043DDB6 /* InfoPanel.swift in Sources */,
				9D1499011E800B1D0043DDB6 /* MarkerInfo.swift in Sources */,
				5249B1BC1E7450380048249D /* QueryManager.swift in Sources */,
				9D6B809A1E82AD0900210203 /* UIConfig.swift in Sources */,
				A21BBFBD1E83AB7500394531 /* Setting.swift in Sources */,
				A21BBFBB1E839BD600394531 /* TriangleView.swift in Sources */,
			);
			runOnlyForDeploymentPostprocessing = 0;
		};
		2C3119A71E670A5F00FF6334 /* Sources */ = {
			isa = PBXSourcesBuildPhase;
			buildActionMask = 2147483647;
			files = (
				A21BBFC11E83FE3700394531 /* ManagerClassSingletonTests.swift in Sources */,
				2C3119B01E670A5F00FF6334 /* lAyeRTests.swift in Sources */,
				A21BBFBF1E83FCED00394531 /* ViewLayoutAdjustmentTests.swift in Sources */,
				52D379691E8530FA005ED912 /* GeoUtilTests.swift in Sources */,
				52D3796B1E8533CC005ED912 /* CheckPointTests.swift in Sources */,
				A2AF0ABF1E711A7900B4478C /* Vector3DTests.swift in Sources */,
				52D379681E8530FA005ED912 /* GeoPointTests.swift in Sources */,
			);
			runOnlyForDeploymentPostprocessing = 0;
		};
/* End PBXSourcesBuildPhase section */

/* Begin PBXTargetDependency section */
		2C3119AD1E670A5F00FF6334 /* PBXTargetDependency */ = {
			isa = PBXTargetDependency;
			target = 2C3119961E670A5E00FF6334 /* lAyeR */;
			targetProxy = 2C3119AC1E670A5F00FF6334 /* PBXContainerItemProxy */;
		};
/* End PBXTargetDependency section */

/* Begin PBXVariantGroup section */
		2C31199E1E670A5F00FF6334 /* Main.storyboard */ = {
			isa = PBXVariantGroup;
			children = (
				2C31199F1E670A5F00FF6334 /* Base */,
			);
			name = Main.storyboard;
			sourceTree = "<group>";
		};
		2C3119A31E670A5F00FF6334 /* LaunchScreen.storyboard */ = {
			isa = PBXVariantGroup;
			children = (
				2C3119A41E670A5F00FF6334 /* Base */,
			);
			name = LaunchScreen.storyboard;
			sourceTree = "<group>";
		};
/* End PBXVariantGroup section */

/* Begin XCBuildConfiguration section */
		2C3119B21E670A5F00FF6334 /* Debug */ = {
			isa = XCBuildConfiguration;
			buildSettings = {
				ALWAYS_SEARCH_USER_PATHS = NO;
				CLANG_ANALYZER_NONNULL = YES;
				CLANG_CXX_LANGUAGE_STANDARD = "gnu++0x";
				CLANG_CXX_LIBRARY = "libc++";
				CLANG_ENABLE_MODULES = YES;
				CLANG_ENABLE_OBJC_ARC = YES;
				CLANG_WARN_BOOL_CONVERSION = YES;
				CLANG_WARN_CONSTANT_CONVERSION = YES;
				CLANG_WARN_DIRECT_OBJC_ISA_USAGE = YES_ERROR;
				CLANG_WARN_DOCUMENTATION_COMMENTS = YES;
				CLANG_WARN_EMPTY_BODY = YES;
				CLANG_WARN_ENUM_CONVERSION = YES;
				CLANG_WARN_INFINITE_RECURSION = YES;
				CLANG_WARN_INT_CONVERSION = YES;
				CLANG_WARN_OBJC_ROOT_CLASS = YES_ERROR;
				CLANG_WARN_SUSPICIOUS_MOVE = YES;
				CLANG_WARN_UNREACHABLE_CODE = YES;
				CLANG_WARN__DUPLICATE_METHOD_MATCH = YES;
				"CODE_SIGN_IDENTITY[sdk=iphoneos*]" = "iPhone Developer";
				COPY_PHASE_STRIP = NO;
				DEBUG_INFORMATION_FORMAT = dwarf;
				ENABLE_STRICT_OBJC_MSGSEND = YES;
				ENABLE_TESTABILITY = YES;
				GCC_C_LANGUAGE_STANDARD = gnu99;
				GCC_DYNAMIC_NO_PIC = NO;
				GCC_NO_COMMON_BLOCKS = YES;
				GCC_OPTIMIZATION_LEVEL = 0;
				GCC_PREPROCESSOR_DEFINITIONS = (
					"DEBUG=1",
					"$(inherited)",
				);
				GCC_WARN_64_TO_32_BIT_CONVERSION = YES;
				GCC_WARN_ABOUT_RETURN_TYPE = YES_ERROR;
				GCC_WARN_UNDECLARED_SELECTOR = YES;
				GCC_WARN_UNINITIALIZED_AUTOS = YES_AGGRESSIVE;
				GCC_WARN_UNUSED_FUNCTION = YES;
				GCC_WARN_UNUSED_VARIABLE = YES;
				IPHONEOS_DEPLOYMENT_TARGET = 10.1;
				MTL_ENABLE_DEBUG_INFO = YES;
				ONLY_ACTIVE_ARCH = YES;
				SDKROOT = iphoneos;
				SWIFT_ACTIVE_COMPILATION_CONDITIONS = DEBUG;
				SWIFT_OPTIMIZATION_LEVEL = "-Onone";
				TARGETED_DEVICE_FAMILY = "1,2";
			};
			name = Debug;
		};
		2C3119B31E670A5F00FF6334 /* Release */ = {
			isa = XCBuildConfiguration;
			buildSettings = {
				ALWAYS_SEARCH_USER_PATHS = NO;
				CLANG_ANALYZER_NONNULL = YES;
				CLANG_CXX_LANGUAGE_STANDARD = "gnu++0x";
				CLANG_CXX_LIBRARY = "libc++";
				CLANG_ENABLE_MODULES = YES;
				CLANG_ENABLE_OBJC_ARC = YES;
				CLANG_WARN_BOOL_CONVERSION = YES;
				CLANG_WARN_CONSTANT_CONVERSION = YES;
				CLANG_WARN_DIRECT_OBJC_ISA_USAGE = YES_ERROR;
				CLANG_WARN_DOCUMENTATION_COMMENTS = YES;
				CLANG_WARN_EMPTY_BODY = YES;
				CLANG_WARN_ENUM_CONVERSION = YES;
				CLANG_WARN_INFINITE_RECURSION = YES;
				CLANG_WARN_INT_CONVERSION = YES;
				CLANG_WARN_OBJC_ROOT_CLASS = YES_ERROR;
				CLANG_WARN_SUSPICIOUS_MOVE = YES;
				CLANG_WARN_UNREACHABLE_CODE = YES;
				CLANG_WARN__DUPLICATE_METHOD_MATCH = YES;
				"CODE_SIGN_IDENTITY[sdk=iphoneos*]" = "iPhone Developer";
				COPY_PHASE_STRIP = NO;
				DEBUG_INFORMATION_FORMAT = "dwarf-with-dsym";
				ENABLE_NS_ASSERTIONS = NO;
				ENABLE_STRICT_OBJC_MSGSEND = YES;
				GCC_C_LANGUAGE_STANDARD = gnu99;
				GCC_NO_COMMON_BLOCKS = YES;
				GCC_WARN_64_TO_32_BIT_CONVERSION = YES;
				GCC_WARN_ABOUT_RETURN_TYPE = YES_ERROR;
				GCC_WARN_UNDECLARED_SELECTOR = YES;
				GCC_WARN_UNINITIALIZED_AUTOS = YES_AGGRESSIVE;
				GCC_WARN_UNUSED_FUNCTION = YES;
				GCC_WARN_UNUSED_VARIABLE = YES;
				IPHONEOS_DEPLOYMENT_TARGET = 10.1;
				MTL_ENABLE_DEBUG_INFO = NO;
				SDKROOT = iphoneos;
				SWIFT_OPTIMIZATION_LEVEL = "-Owholemodule";
				TARGETED_DEVICE_FAMILY = "1,2";
				VALIDATE_PRODUCT = YES;
			};
			name = Release;
		};
		2C3119B51E670A5F00FF6334 /* Debug */ = {
			isa = XCBuildConfiguration;
			baseConfigurationReference = 351CBDEFFBED45797D297881 /* Pods-lAyeR.debug.xcconfig */;
			buildSettings = {
				ALWAYS_EMBED_SWIFT_STANDARD_LIBRARIES = YES;
				ASSETCATALOG_COMPILER_APPICON_NAME = AppIcon;
				DEVELOPMENT_TEAM = Y8UK968H5B;
				FRAMEWORK_SEARCH_PATHS = (
					"$(inherited)",
					"$(PROJECT_DIR)",
				);
				INFOPLIST_FILE = lAyeR/Info.plist;
				IPHONEOS_DEPLOYMENT_TARGET = 10.0;
				LD_RUNPATH_SEARCH_PATHS = "$(inherited) @executable_path/Frameworks";
				PRODUCT_BUNDLE_IDENTIFIER = nus.cs3217.layer.lAyeR;
				PRODUCT_NAME = "$(TARGET_NAME)";
				SWIFT_VERSION = 3.0;
			};
			name = Debug;
		};
		2C3119B61E670A5F00FF6334 /* Release */ = {
			isa = XCBuildConfiguration;
			baseConfigurationReference = B60F6B187C7B988244741F04 /* Pods-lAyeR.release.xcconfig */;
			buildSettings = {
				ALWAYS_EMBED_SWIFT_STANDARD_LIBRARIES = YES;
				ASSETCATALOG_COMPILER_APPICON_NAME = AppIcon;
				DEVELOPMENT_TEAM = Y8UK968H5B;
				FRAMEWORK_SEARCH_PATHS = (
					"$(inherited)",
					"$(PROJECT_DIR)",
				);
				INFOPLIST_FILE = lAyeR/Info.plist;
				IPHONEOS_DEPLOYMENT_TARGET = 10.0;
				LD_RUNPATH_SEARCH_PATHS = "$(inherited) @executable_path/Frameworks";
				PRODUCT_BUNDLE_IDENTIFIER = nus.cs3217.layer.lAyeR;
				PRODUCT_NAME = "$(TARGET_NAME)";
				SWIFT_VERSION = 3.0;
			};
			name = Release;
		};
		2C3119B81E670A5F00FF6334 /* Debug */ = {
			isa = XCBuildConfiguration;
			baseConfigurationReference = DF1952C3696DBD5E2C5B6FCC /* Pods-lAyeRTests.debug.xcconfig */;
			buildSettings = {
				ALWAYS_EMBED_SWIFT_STANDARD_LIBRARIES = YES;
				BUNDLE_LOADER = "$(TEST_HOST)";
				INFOPLIST_FILE = lAyeRTests/Info.plist;
				LD_RUNPATH_SEARCH_PATHS = "$(inherited) @executable_path/Frameworks @loader_path/Frameworks";
				PRODUCT_BUNDLE_IDENTIFIER = nus.cs3217.layer.lAyeRTests;
				PRODUCT_NAME = "$(TARGET_NAME)";
				SWIFT_VERSION = 3.0;
				TEST_HOST = "$(BUILT_PRODUCTS_DIR)/lAyeR.app/lAyeR";
			};
			name = Debug;
		};
		2C3119B91E670A5F00FF6334 /* Release */ = {
			isa = XCBuildConfiguration;
			baseConfigurationReference = AB7A481D43D7B4A526C458E0 /* Pods-lAyeRTests.release.xcconfig */;
			buildSettings = {
				ALWAYS_EMBED_SWIFT_STANDARD_LIBRARIES = YES;
				BUNDLE_LOADER = "$(TEST_HOST)";
				INFOPLIST_FILE = lAyeRTests/Info.plist;
				LD_RUNPATH_SEARCH_PATHS = "$(inherited) @executable_path/Frameworks @loader_path/Frameworks";
				PRODUCT_BUNDLE_IDENTIFIER = nus.cs3217.layer.lAyeRTests;
				PRODUCT_NAME = "$(TARGET_NAME)";
				SWIFT_VERSION = 3.0;
				TEST_HOST = "$(BUILT_PRODUCTS_DIR)/lAyeR.app/lAyeR";
			};
			name = Release;
		};
/* End XCBuildConfiguration section */

/* Begin XCConfigurationList section */
		2C3119921E670A5E00FF6334 /* Build configuration list for PBXProject "lAyeR" */ = {
			isa = XCConfigurationList;
			buildConfigurations = (
				2C3119B21E670A5F00FF6334 /* Debug */,
				2C3119B31E670A5F00FF6334 /* Release */,
			);
			defaultConfigurationIsVisible = 0;
			defaultConfigurationName = Release;
		};
		2C3119B41E670A5F00FF6334 /* Build configuration list for PBXNativeTarget "lAyeR" */ = {
			isa = XCConfigurationList;
			buildConfigurations = (
				2C3119B51E670A5F00FF6334 /* Debug */,
				2C3119B61E670A5F00FF6334 /* Release */,
			);
			defaultConfigurationIsVisible = 0;
			defaultConfigurationName = Release;
		};
		2C3119B71E670A5F00FF6334 /* Build configuration list for PBXNativeTarget "lAyeRTests" */ = {
			isa = XCConfigurationList;
			buildConfigurations = (
				2C3119B81E670A5F00FF6334 /* Debug */,
				2C3119B91E670A5F00FF6334 /* Release */,
			);
			defaultConfigurationIsVisible = 0;
			defaultConfigurationName = Release;
		};
/* End XCConfigurationList section */

/* Begin XCVersionGroup section */
		5249B1F11E750B9C0048249D /* lAyeR.xcdatamodeld */ = {
			isa = XCVersionGroup;
			children = (
				5249B1F21E750B9C0048249D /* lAyeR.xcdatamodel */,
			);
			currentVersion = 5249B1F21E750B9C0048249D /* lAyeR.xcdatamodel */;
			path = lAyeR.xcdatamodeld;
			sourceTree = "<group>";
			versionGroupType = wrapper.xcdatamodel;
		};
/* End XCVersionGroup section */
	};
	rootObject = 2C31198F1E670A5E00FF6334 /* Project object */;
}
