// !$*UTF8*$!
{
	archiveVersion = 1;
	classes = {
	};
	objectVersion = 46;
	objects = {

/* Begin PBXBuildFile section */
		2C1F5C491E97A28100EAECFF /* POICategory.swift in Sources */ = {isa = PBXBuildFile; fileRef = 2C1F5C481E97A28100EAECFF /* POICategory.swift */; };
		2C31199B1E670A5F00FF6334 /* AppDelegate.swift in Sources */ = {isa = PBXBuildFile; fileRef = 2C31199A1E670A5F00FF6334 /* AppDelegate.swift */; };
		2C31199D1E670A5F00FF6334 /* ViewController.swift in Sources */ = {isa = PBXBuildFile; fileRef = 2C31199C1E670A5F00FF6334 /* ViewController.swift */; };
		2C3119A01E670A5F00FF6334 /* Main.storyboard in Resources */ = {isa = PBXBuildFile; fileRef = 2C31199E1E670A5F00FF6334 /* Main.storyboard */; };
		2C3119A21E670A5F00FF6334 /* Assets.xcassets in Resources */ = {isa = PBXBuildFile; fileRef = 2C3119A11E670A5F00FF6334 /* Assets.xcassets */; };
		2C3119A51E670A5F00FF6334 /* LaunchScreen.storyboard in Resources */ = {isa = PBXBuildFile; fileRef = 2C3119A31E670A5F00FF6334 /* LaunchScreen.storyboard */; };
		2C3119B01E670A5F00FF6334 /* lAyeRTests.swift in Sources */ = {isa = PBXBuildFile; fileRef = 2C3119AF1E670A5F00FF6334 /* lAyeRTests.swift */; };
		2C4C38001E97BC7B0069A0A2 /* InfoBlockView.swift in Sources */ = {isa = PBXBuildFile; fileRef = 2C4C37FF1E97BC7B0069A0A2 /* InfoBlockView.swift */; };
		2C7333E51E71BA8000EDE1D8 /* SAOUI-Regular.otf in Resources */ = {isa = PBXBuildFile; fileRef = 2C7333E41E71BA8000EDE1D8 /* SAOUI-Regular.otf */; };
		2C7333E81E71BAA800EDE1D8 /* SAOUI-Bold.otf in Resources */ = {isa = PBXBuildFile; fileRef = 2C7333E71E71BAA800EDE1D8 /* SAOUI-Bold.otf */; };
		2C7813881E7544C000851188 /* confirm.wav in Resources */ = {isa = PBXBuildFile; fileRef = 2C7813861E7544C000851188 /* confirm.wav */; };
		2C7813891E7544C000851188 /* dialog_close.wav in Resources */ = {isa = PBXBuildFile; fileRef = 2C7813871E7544C000851188 /* dialog_close.wav */; };
		2CDDE8E81E94F29D008A5115 /* DINPro-Light_13935.ttf in Resources */ = {isa = PBXBuildFile; fileRef = 2CDDE8E51E94F29D008A5115 /* DINPro-Light_13935.ttf */; };
		2CDDE8E91E94F29D008A5115 /* DINPro-Medium_13936.ttf in Resources */ = {isa = PBXBuildFile; fileRef = 2CDDE8E61E94F29D008A5115 /* DINPro-Medium_13936.ttf */; };
		2CDDE8EA1E94F29D008A5115 /* DINPro-Regular_13937.ttf in Resources */ = {isa = PBXBuildFile; fileRef = 2CDDE8E71E94F29D008A5115 /* DINPro-Regular_13937.ttf */; };
		2CE2FD151E71BDF700BB83FD /* HomenajeMod-Regular.otf in Resources */ = {isa = PBXBuildFile; fileRef = 2CE2FD141E71BDF700BB83FD /* HomenajeMod-Regular.otf */; };
		2CE2FD171E71BE0400BB83FD /* HomenajeMod-Bold.otf in Resources */ = {isa = PBXBuildFile; fileRef = 2CE2FD161E71BE0400BB83FD /* HomenajeMod-Bold.otf */; };
		2E742F9C1E9784D500651A74 /* RouteDesignerModel.swift in Sources */ = {isa = PBXBuildFile; fileRef = 2E742F9B1E9784D500651A74 /* RouteDesignerModel.swift */; };
		2E742F9E1E98407800651A74 /* RouteDesignerViewController_MapGestureExtension.swift in Sources */ = {isa = PBXBuildFile; fileRef = 2E742F9D1E98407800651A74 /* RouteDesignerViewController_MapGestureExtension.swift */; };
		2E742FA01E98415200651A74 /* RouteDesignerViewController_LocationManagerExtension.swift in Sources */ = {isa = PBXBuildFile; fileRef = 2E742F9F1E98415200651A74 /* RouteDesignerViewController_LocationManagerExtension.swift */; };
		2EA444771E9AE95300D80BB5 /* RouteDesignerViewController_PlaceSuggestionExtension.swift in Sources */ = {isa = PBXBuildFile; fileRef = 2EA444761E9AE95300D80BB5 /* RouteDesignerViewController_PlaceSuggestionExtension.swift */; };
		2EA444791E9AFDA200D80BB5 /* RouteDesignerViewController_DesignMarkerLineExtension.swift in Sources */ = {isa = PBXBuildFile; fileRef = 2EA444781E9AFDA200D80BB5 /* RouteDesignerViewController_DesignMarkerLineExtension.swift */; };
		2EA4447B1E9B355900D80BB5 /* PriorityQueue.swift in Sources */ = {isa = PBXBuildFile; fileRef = 2EA4447A1E9B355900D80BB5 /* PriorityQueue.swift */; };
		2EA4447D1E9B36A000D80BB5 /* TrackPointNode.swift in Sources */ = {isa = PBXBuildFile; fileRef = 2EA4447C1E9B36A000D80BB5 /* TrackPointNode.swift */; };
		2EE5CDCE1E9A12AD004EC19B /* RouteDesignerViewController_AutoCompleteExtension.swift in Sources */ = {isa = PBXBuildFile; fileRef = 2EE5CDCD1E9A12AD004EC19B /* RouteDesignerViewController_AutoCompleteExtension.swift */; };
		5249B1A61E7263C40048249D /* Route.swift in Sources */ = {isa = PBXBuildFile; fileRef = 5249B1A51E7263C40048249D /* Route.swift */; };
		5249B1A81E7264000048249D /* GeoPoint.swift in Sources */ = {isa = PBXBuildFile; fileRef = 5249B1A71E7264000048249D /* GeoPoint.swift */; };
		5249B1AA1E72641C0048249D /* CheckPoint.swift in Sources */ = {isa = PBXBuildFile; fileRef = 5249B1A91E72641C0048249D /* CheckPoint.swift */; };
		5249B1AE1E7264790048249D /* UserConfig.swift in Sources */ = {isa = PBXBuildFile; fileRef = 5249B1AD1E7264790048249D /* UserConfig.swift */; };
		5249B1B21E7264AB0048249D /* POI.swift in Sources */ = {isa = PBXBuildFile; fileRef = 5249B1B11E7264AB0048249D /* POI.swift */; };
		5249B1B71E72FC660048249D /* GeoUtil.swift in Sources */ = {isa = PBXBuildFile; fileRef = 5249B1B61E72FC660048249D /* GeoUtil.swift */; };
		5249B1BC1E7450380048249D /* QueryManager.swift in Sources */ = {isa = PBXBuildFile; fileRef = 5249B1BB1E7450380048249D /* QueryManager.swift */; };
		5249B1BE1E7463E30048249D /* GoogleService-Info.plist in Resources */ = {isa = PBXBuildFile; fileRef = 5249B1BD1E7463E30048249D /* GoogleService-Info.plist */; };
		5249B1BF1E7463E30048249D /* GoogleService-Info.plist in Resources */ = {isa = PBXBuildFile; fileRef = 5249B1BD1E7463E30048249D /* GoogleService-Info.plist */; };
		5249B1C31E746CC70048249D /* AppConfig.swift in Sources */ = {isa = PBXBuildFile; fileRef = 5249B1C21E746CC70048249D /* AppConfig.swift */; };
		5249B1C51E74D8070048249D /* Parser.swift in Sources */ = {isa = PBXBuildFile; fileRef = 5249B1C41E74D8070048249D /* Parser.swift */; };
		5249B1F31E750B9C0048249D /* lAyeR.xcdatamodeld in Sources */ = {isa = PBXBuildFile; fileRef = 5249B1F11E750B9C0048249D /* lAyeR.xcdatamodeld */; };
		528288B21E92690C00163654 /* AppSettings.swift in Sources */ = {isa = PBXBuildFile; fileRef = 528288AE1E92690C00163654 /* AppSettings.swift */; };
		528288B31E92690C00163654 /* AppSettingsConstants.swift in Sources */ = {isa = PBXBuildFile; fileRef = 528288AF1E92690C00163654 /* AppSettingsConstants.swift */; };
		528288B41E92690C00163654 /* AppSettingsViewController.swift in Sources */ = {isa = PBXBuildFile; fileRef = 528288B01E92690C00163654 /* AppSettingsViewController.swift */; };
		528288BA1E9355B100163654 /* PoiCard.swift in Sources */ = {isa = PBXBuildFile; fileRef = 528288B91E9355B100163654 /* PoiCard.swift */; };
		528288C41E94F4F800163654 /* LoadingBadge.swift in Sources */ = {isa = PBXBuildFile; fileRef = 528288C31E94F4F800163654 /* LoadingBadge.swift */; };
		528288CD1E9678A900163654 /* GPSTracker.swift in Sources */ = {isa = PBXBuildFile; fileRef = 528288CC1E9678A900163654 /* GPSTracker.swift */; };
		528288CF1E9682E700163654 /* GPSTrackerParser.swift in Sources */ = {isa = PBXBuildFile; fileRef = 528288CE1E9682E700163654 /* GPSTrackerParser.swift */; };
		528288DE1E969F2D00163654 /* GPXManager.swift in Sources */ = {isa = PBXBuildFile; fileRef = 528288DD1E969F2D00163654 /* GPXManager.swift */; };
		52830F271E8F4567009DFD02 /* UserProfile.swift in Sources */ = {isa = PBXBuildFile; fileRef = 52830F261E8F4567009DFD02 /* UserProfile.swift */; };
		52830F411E8FF8E7009DFD02 /* Bolts.framework in Frameworks */ = {isa = PBXBuildFile; fileRef = 52830F3D1E8FF8E7009DFD02 /* Bolts.framework */; };
		52830F421E8FF8E7009DFD02 /* FBSDKCoreKit.framework in Frameworks */ = {isa = PBXBuildFile; fileRef = 52830F3E1E8FF8E7009DFD02 /* FBSDKCoreKit.framework */; };
		52830F431E8FF8E7009DFD02 /* FBSDKLoginKit.framework in Frameworks */ = {isa = PBXBuildFile; fileRef = 52830F3F1E8FF8E7009DFD02 /* FBSDKLoginKit.framework */; };
		52830F441E8FF8E7009DFD02 /* FBSDKShareKit.framework in Frameworks */ = {isa = PBXBuildFile; fileRef = 52830F401E8FF8E7009DFD02 /* FBSDKShareKit.framework */; };
		52830F451E8FF960009DFD02 /* Bolts.framework in Frameworks */ = {isa = PBXBuildFile; fileRef = 52830F3D1E8FF8E7009DFD02 /* Bolts.framework */; };
		52830F461E8FF960009DFD02 /* FBSDKCoreKit.framework in Frameworks */ = {isa = PBXBuildFile; fileRef = 52830F3E1E8FF8E7009DFD02 /* FBSDKCoreKit.framework */; };
		52830F471E8FF960009DFD02 /* FBSDKLoginKit.framework in Frameworks */ = {isa = PBXBuildFile; fileRef = 52830F3F1E8FF8E7009DFD02 /* FBSDKLoginKit.framework */; };
		52830F481E8FF960009DFD02 /* FBSDKShareKit.framework in Frameworks */ = {isa = PBXBuildFile; fileRef = 52830F401E8FF8E7009DFD02 /* FBSDKShareKit.framework */; };
		52938BFF1E860D8000EB8F81 /* LoginViewController.swift in Sources */ = {isa = PBXBuildFile; fileRef = 52938BFE1E860D8000EB8F81 /* LoginViewController.swift */; };
		52938C011E860D9000EB8F81 /* RegisterViewController.swift in Sources */ = {isa = PBXBuildFile; fileRef = 52938C001E860D9000EB8F81 /* RegisterViewController.swift */; };
		52B2298B1E974FB2009C733B /* GPXError.swift in Sources */ = {isa = PBXBuildFile; fileRef = 52B2298A1E974FB2009C733B /* GPXError.swift */; };
		52B229901E978284009C733B /* Extensions.swift in Sources */ = {isa = PBXBuildFile; fileRef = 52B2298F1E978284009C733B /* Extensions.swift */; };
		52BD496D1E8A7D1600B4B750 /* UIConfig.swift in Sources */ = {isa = PBXBuildFile; fileRef = 9D6B80991E82AD0900210203 /* UIConfig.swift */; };
		52BD496F1E8A802D00B4B750 /* User.swift in Sources */ = {isa = PBXBuildFile; fileRef = 52BD496E1E8A802D00B4B750 /* User.swift */; };
		52BD49721E8A8D0000B4B750 /* DataServiceManager.swift in Sources */ = {isa = PBXBuildFile; fileRef = 52BD49711E8A8D0000B4B750 /* DataServiceManager.swift */; };
		52BD49741E8A8DC000B4B750 /* UserAuthenticator.swift in Sources */ = {isa = PBXBuildFile; fileRef = 52BD49731E8A8DC000B4B750 /* UserAuthenticator.swift */; };
		52BD49761E8A8DFA00B4B750 /* DatabaseManager.swift in Sources */ = {isa = PBXBuildFile; fileRef = 52BD49751E8A8DFA00B4B750 /* DatabaseManager.swift */; };
		52D379681E8530FA005ED912 /* GeoPointTests.swift in Sources */ = {isa = PBXBuildFile; fileRef = 52D379661E8530FA005ED912 /* GeoPointTests.swift */; };
		52D379691E8530FA005ED912 /* GeoUtilTests.swift in Sources */ = {isa = PBXBuildFile; fileRef = 52D379671E8530FA005ED912 /* GeoUtilTests.swift */; };
		52D3796B1E8533CC005ED912 /* CheckPointTests.swift in Sources */ = {isa = PBXBuildFile; fileRef = 52D3796A1E8533CC005ED912 /* CheckPointTests.swift */; };
		52DE2C411E995F4700671B6E /* TrackPoint.swift in Sources */ = {isa = PBXBuildFile; fileRef = 52DE2C401E995F4700671B6E /* TrackPoint.swift */; };
		9D11C3601E98CD4400C33207 /* PriceLevel.swift in Sources */ = {isa = PBXBuildFile; fileRef = 9D11C35F1E98CD4400C33207 /* PriceLevel.swift */; };
		9D11C3631E98D18400C33207 /* MiniMapViewController.swift in Sources */ = {isa = PBXBuildFile; fileRef = 9D11C3621E98D18400C33207 /* MiniMapViewController.swift */; };
		9D11C3671E99254300C33207 /* MiniMapStyling.swift in Sources */ = {isa = PBXBuildFile; fileRef = 9D11C3661E99254300C33207 /* MiniMapStyling.swift */; };
		9D1498F71E800AFB0043DDB6 /* BottomBanner.swift in Sources */ = {isa = PBXBuildFile; fileRef = 9D1498F41E800AFB0043DDB6 /* BottomBanner.swift */; };
		9D1498F81E800AFB0043DDB6 /* InfoPanel.swift in Sources */ = {isa = PBXBuildFile; fileRef = 9D1498F51E800AFB0043DDB6 /* InfoPanel.swift */; };
		9D1498F91E800AFB0043DDB6 /* TopBanner.swift in Sources */ = {isa = PBXBuildFile; fileRef = 9D1498F61E800AFB0043DDB6 /* TopBanner.swift */; };
		9D1498FC1E800B080043DDB6 /* BasicAlert.swift in Sources */ = {isa = PBXBuildFile; fileRef = 9D1498FA1E800B080043DDB6 /* BasicAlert.swift */; };
		9D1498FD1E800B080043DDB6 /* BasicAlertController.swift in Sources */ = {isa = PBXBuildFile; fileRef = 9D1498FB1E800B080043DDB6 /* BasicAlertController.swift */; };
		9D1499001E800B1D0043DDB6 /* MarkerIcon.swift in Sources */ = {isa = PBXBuildFile; fileRef = 9D1498FE1E800B1D0043DDB6 /* MarkerIcon.swift */; };
		9D1499011E800B1D0043DDB6 /* MarkerInfo.swift in Sources */ = {isa = PBXBuildFile; fileRef = 9D1498FF1E800B1D0043DDB6 /* MarkerInfo.swift */; };
		9D1499031E800B250043DDB6 /* BasicMarker.swift in Sources */ = {isa = PBXBuildFile; fileRef = 9D1499021E800B250043DDB6 /* BasicMarker.swift */; };
		9D19700E1E87FE7800C1DAA1 /* MenuButtonView.swift in Sources */ = {isa = PBXBuildFile; fileRef = 9D19700C1E87FE7800C1DAA1 /* MenuButtonView.swift */; };
		9D19700F1E87FE7800C1DAA1 /* MenuView.swift in Sources */ = {isa = PBXBuildFile; fileRef = 9D19700D1E87FE7800C1DAA1 /* MenuView.swift */; };
		9D1970121E87FE8E00C1DAA1 /* MenuViewController.swift in Sources */ = {isa = PBXBuildFile; fileRef = 9D1970111E87FE8E00C1DAA1 /* MenuViewController.swift */; };
		9D5693471E8BE66E00052F68 /* InputTextFeild.swift in Sources */ = {isa = PBXBuildFile; fileRef = 9D5693461E8BE66E00052F68 /* InputTextFeild.swift */; };
		9D7DACF71E8513E000592EB5 /* ResourceManager.swift in Sources */ = {isa = PBXBuildFile; fileRef = 9D7DACF61E8513E000592EB5 /* ResourceManager.swift */; };
		9D7DACFC1E8546AB00592EB5 /* CheckpointCard.swift in Sources */ = {isa = PBXBuildFile; fileRef = 9D7DACFB1E8546AB00592EB5 /* CheckpointCard.swift */; };
		9D7DAD001E855CC800592EB5 /* Constants.swift in Sources */ = {isa = PBXBuildFile; fileRef = 9D7DACFF1E855CC800592EB5 /* Constants.swift */; };
		9D7DAD021E85635500592EB5 /* Card.swift in Sources */ = {isa = PBXBuildFile; fileRef = 9D7DAD011E85635500592EB5 /* Card.swift */; };
		9DAFF1F81E8E942600D09C11 /* RouteListCell.swift in Sources */ = {isa = PBXBuildFile; fileRef = 9DAFF1F71E8E942600D09C11 /* RouteListCell.swift */; };
		9DAFF1FE1E8E945D00D09C11 /* UserProfileViewController.swift in Sources */ = {isa = PBXBuildFile; fileRef = 9DAFF1FD1E8E945D00D09C11 /* UserProfileViewController.swift */; };
		9DE4361D1E929F8500E1A0ED /* POICategoriesCell.swift in Sources */ = {isa = PBXBuildFile; fileRef = 9DE4361C1E929F8500E1A0ED /* POICategoriesCell.swift */; };
		9DE4361F1E92A90000E1A0ED /* CameraViewController.swift in Sources */ = {isa = PBXBuildFile; fileRef = 9DE4361E1E92A90000E1A0ED /* CameraViewController.swift */; };
		9DFB5B9E1E8426FD00724B6E /* InfoBlock.swift in Sources */ = {isa = PBXBuildFile; fileRef = 9DFB5B9C1E8426FD00724B6E /* InfoBlock.swift */; };
		9DFB5B9F1E8426FD00724B6E /* InformativeInnerView.swift in Sources */ = {isa = PBXBuildFile; fileRef = 9DFB5B9D1E8426FD00724B6E /* InformativeInnerView.swift */; };
		A21BBFAF1E82CB0300394531 /* ARViewController_CameraBackgroundExtension.swift in Sources */ = {isa = PBXBuildFile; fileRef = A21BBFAE1E82CB0300394531 /* ARViewController_CameraBackgroundExtension.swift */; };
		A21BBFB91E839BD600394531 /* MarkerPopupView.swift in Sources */ = {isa = PBXBuildFile; fileRef = A21BBFB61E839BD600394531 /* MarkerPopupView.swift */; };
		A21BBFBA1E839BD600394531 /* RouteDesignerViewController.swift in Sources */ = {isa = PBXBuildFile; fileRef = A21BBFB71E839BD600394531 /* RouteDesignerViewController.swift */; };
		A21BBFBB1E839BD600394531 /* TriangleView.swift in Sources */ = {isa = PBXBuildFile; fileRef = A21BBFB81E839BD600394531 /* TriangleView.swift */; };
		A21BBFBD1E83AB7500394531 /* Constant.swift in Sources */ = {isa = PBXBuildFile; fileRef = A21BBFBC1E83AB7500394531 /* Constant.swift */; };
		A21BBFBF1E83FCED00394531 /* ViewLayoutAdjustmentTests.swift in Sources */ = {isa = PBXBuildFile; fileRef = A21BBFBE1E83FCED00394531 /* ViewLayoutAdjustmentTests.swift */; };
		A21BBFC11E83FE3700394531 /* ManagerClassSingletonTests.swift in Sources */ = {isa = PBXBuildFile; fileRef = A21BBFC01E83FE3700394531 /* ManagerClassSingletonTests.swift */; };
		A238E0721E8FA7A900BA10DC /* CheckpointCardController.swift in Sources */ = {isa = PBXBuildFile; fileRef = A238E0711E8FA7A900BA10DC /* CheckpointCardController.swift */; };
		A238E0741E8FAC7000BA10DC /* PoiCardController.swift in Sources */ = {isa = PBXBuildFile; fileRef = A238E0731E8FAC7000BA10DC /* PoiCardController.swift */; };
		A253FB511E92892C002C6ADC /* LocalStorageManagerProtocol.swift in Sources */ = {isa = PBXBuildFile; fileRef = A253FB4E1E92892C002C6ADC /* LocalStorageManagerProtocol.swift */; };
		A253FB521E92892C002C6ADC /* PlistLocalStorageManager.swift in Sources */ = {isa = PBXBuildFile; fileRef = A253FB4F1E92892C002C6ADC /* PlistLocalStorageManager.swift */; };
		A253FB531E92892C002C6ADC /* RealmLocalStorageManager.swift in Sources */ = {isa = PBXBuildFile; fileRef = A253FB501E92892C002C6ADC /* RealmLocalStorageManager.swift */; };
		A253FB551E92985B002C6ADC /* ArrowView.swift in Sources */ = {isa = PBXBuildFile; fileRef = A253FB541E92985B002C6ADC /* ArrowView.swift */; };
		A253FB591E93D2F1002C6ADC /* RealmModels.swift in Sources */ = {isa = PBXBuildFile; fileRef = A253FB581E93D2F1002C6ADC /* RealmModels.swift */; };
		A253FB6B1E9537F6002C6ADC /* ARViewController_SCNKitExtension.swift in Sources */ = {isa = PBXBuildFile; fileRef = A253FB6A1E9537F6002C6ADC /* ARViewController_SCNKitExtension.swift */; };
		A258B3231E97A86F008B1C81 /* arrow14.obj in Resources */ = {isa = PBXBuildFile; fileRef = A258B3221E97A86F008B1C81 /* arrow14.obj */; };
		A27C23D61E812D1C0063F371 /* ViewLayoutAdjustable.swift in Sources */ = {isa = PBXBuildFile; fileRef = A27C23D51E812D1C0063F371 /* ViewLayoutAdjustable.swift */; };
		A281F4BC1E8BF5CE00196850 /* ARViewController_MenuExtension.swift in Sources */ = {isa = PBXBuildFile; fileRef = A281F4BB1E8BF5CE00196850 /* ARViewController_MenuExtension.swift */; };
		A28540471E70DD5000CF51B7 /* DeviceMotionManager.swift in Sources */ = {isa = PBXBuildFile; fileRef = A28540461E70DD5000CF51B7 /* DeviceMotionManager.swift */; };
		A28540491E70E4DF00CF51B7 /* Vector3D.swift in Sources */ = {isa = PBXBuildFile; fileRef = A28540481E70E4DF00CF51B7 /* Vector3D.swift */; };
		A285404B1E71C4A200CF51B7 /* ARViewLayoutAdjustment.swift in Sources */ = {isa = PBXBuildFile; fileRef = A285404A1E71C4A200CF51B7 /* ARViewLayoutAdjustment.swift */; };
		A2AF0ABA1E70103800B4478C /* ARViewController.swift in Sources */ = {isa = PBXBuildFile; fileRef = A2AF0AB91E70103800B4478C /* ARViewController.swift */; };
		A2AF0ABF1E711A7900B4478C /* Vector3DTests.swift in Sources */ = {isa = PBXBuildFile; fileRef = A2AF0ABE1E711A7900B4478C /* Vector3DTests.swift */; };
		A2AF0AD11E76C2FB00B4478C /* GeoManager.swift in Sources */ = {isa = PBXBuildFile; fileRef = A2AF0AD01E76C2FB00B4478C /* GeoManager.swift */; };
		B4EEF9CDCE1F28C23A26F902 /* Pods_lAyeR.framework in Frameworks */ = {isa = PBXBuildFile; fileRef = 59C2DF9FF1F3CB3D3BD12BDA /* Pods_lAyeR.framework */; };
		C8F6B664A32E9C6F5D6B4A97 /* Pods_lAyeR_lAyeRTests.framework in Frameworks */ = {isa = PBXBuildFile; fileRef = B1351773AD8B908D9E31B7C2 /* Pods_lAyeR_lAyeRTests.framework */; };
/* End PBXBuildFile section */

/* Begin PBXContainerItemProxy section */
		2C3119AC1E670A5F00FF6334 /* PBXContainerItemProxy */ = {
			isa = PBXContainerItemProxy;
			containerPortal = 2C31198F1E670A5E00FF6334 /* Project object */;
			proxyType = 1;
			remoteGlobalIDString = 2C3119961E670A5E00FF6334;
			remoteInfo = lAyeR;
		};
/* End PBXContainerItemProxy section */

/* Begin PBXFileReference section */
		2C1F5C481E97A28100EAECFF /* POICategory.swift */ = {isa = PBXFileReference; fileEncoding = 4; lastKnownFileType = sourcecode.swift; path = POICategory.swift; sourceTree = "<group>"; };
		2C3119971E670A5F00FF6334 /* lAyeR.app */ = {isa = PBXFileReference; explicitFileType = wrapper.application; includeInIndex = 0; path = lAyeR.app; sourceTree = BUILT_PRODUCTS_DIR; };
		2C31199A1E670A5F00FF6334 /* AppDelegate.swift */ = {isa = PBXFileReference; lastKnownFileType = sourcecode.swift; path = AppDelegate.swift; sourceTree = "<group>"; };
		2C31199C1E670A5F00FF6334 /* ViewController.swift */ = {isa = PBXFileReference; lastKnownFileType = sourcecode.swift; path = ViewController.swift; sourceTree = "<group>"; };
		2C31199F1E670A5F00FF6334 /* Base */ = {isa = PBXFileReference; lastKnownFileType = file.storyboard; name = Base; path = Base.lproj/Main.storyboard; sourceTree = "<group>"; };
		2C3119A11E670A5F00FF6334 /* Assets.xcassets */ = {isa = PBXFileReference; lastKnownFileType = folder.assetcatalog; path = Assets.xcassets; sourceTree = "<group>"; };
		2C3119A41E670A5F00FF6334 /* Base */ = {isa = PBXFileReference; lastKnownFileType = file.storyboard; name = Base; path = Base.lproj/LaunchScreen.storyboard; sourceTree = "<group>"; };
		2C3119A61E670A5F00FF6334 /* Info.plist */ = {isa = PBXFileReference; lastKnownFileType = text.plist.xml; path = Info.plist; sourceTree = "<group>"; };
		2C3119AB1E670A5F00FF6334 /* lAyeRTests.xctest */ = {isa = PBXFileReference; explicitFileType = wrapper.cfbundle; includeInIndex = 0; path = lAyeRTests.xctest; sourceTree = BUILT_PRODUCTS_DIR; };
		2C3119AF1E670A5F00FF6334 /* lAyeRTests.swift */ = {isa = PBXFileReference; lastKnownFileType = sourcecode.swift; path = lAyeRTests.swift; sourceTree = "<group>"; };
		2C3119B11E670A5F00FF6334 /* Info.plist */ = {isa = PBXFileReference; lastKnownFileType = text.plist.xml; path = Info.plist; sourceTree = "<group>"; };
		2C4C37FF1E97BC7B0069A0A2 /* InfoBlockView.swift */ = {isa = PBXFileReference; fileEncoding = 4; lastKnownFileType = sourcecode.swift; path = InfoBlockView.swift; sourceTree = "<group>"; };
		2C7333E41E71BA8000EDE1D8 /* SAOUI-Regular.otf */ = {isa = PBXFileReference; lastKnownFileType = file; path = "SAOUI-Regular.otf"; sourceTree = "<group>"; };
		2C7333E71E71BAA800EDE1D8 /* SAOUI-Bold.otf */ = {isa = PBXFileReference; lastKnownFileType = file; path = "SAOUI-Bold.otf"; sourceTree = "<group>"; };
		2C7813861E7544C000851188 /* confirm.wav */ = {isa = PBXFileReference; lastKnownFileType = audio.wav; path = confirm.wav; sourceTree = "<group>"; };
		2C7813871E7544C000851188 /* dialog_close.wav */ = {isa = PBXFileReference; lastKnownFileType = audio.wav; path = dialog_close.wav; sourceTree = "<group>"; };
		2CDDE8E51E94F29D008A5115 /* DINPro-Light_13935.ttf */ = {isa = PBXFileReference; lastKnownFileType = file; path = "DINPro-Light_13935.ttf"; sourceTree = "<group>"; };
		2CDDE8E61E94F29D008A5115 /* DINPro-Medium_13936.ttf */ = {isa = PBXFileReference; lastKnownFileType = file; path = "DINPro-Medium_13936.ttf"; sourceTree = "<group>"; };
		2CDDE8E71E94F29D008A5115 /* DINPro-Regular_13937.ttf */ = {isa = PBXFileReference; lastKnownFileType = file; path = "DINPro-Regular_13937.ttf"; sourceTree = "<group>"; };
		2CE2FD141E71BDF700BB83FD /* HomenajeMod-Regular.otf */ = {isa = PBXFileReference; lastKnownFileType = file; path = "HomenajeMod-Regular.otf"; sourceTree = "<group>"; };
		2CE2FD161E71BE0400BB83FD /* HomenajeMod-Bold.otf */ = {isa = PBXFileReference; lastKnownFileType = file; path = "HomenajeMod-Bold.otf"; sourceTree = "<group>"; };
		2E742F9B1E9784D500651A74 /* RouteDesignerModel.swift */ = {isa = PBXFileReference; fileEncoding = 4; lastKnownFileType = sourcecode.swift; path = RouteDesignerModel.swift; sourceTree = "<group>"; };
		2E742F9D1E98407800651A74 /* RouteDesignerViewController_MapGestureExtension.swift */ = {isa = PBXFileReference; fileEncoding = 4; lastKnownFileType = sourcecode.swift; path = RouteDesignerViewController_MapGestureExtension.swift; sourceTree = "<group>"; };
		2E742F9F1E98415200651A74 /* RouteDesignerViewController_LocationManagerExtension.swift */ = {isa = PBXFileReference; fileEncoding = 4; lastKnownFileType = sourcecode.swift; path = RouteDesignerViewController_LocationManagerExtension.swift; sourceTree = "<group>"; };
		2EA444761E9AE95300D80BB5 /* RouteDesignerViewController_PlaceSuggestionExtension.swift */ = {isa = PBXFileReference; fileEncoding = 4; lastKnownFileType = sourcecode.swift; path = RouteDesignerViewController_PlaceSuggestionExtension.swift; sourceTree = "<group>"; };
		2EA444781E9AFDA200D80BB5 /* RouteDesignerViewController_DesignMarkerLineExtension.swift */ = {isa = PBXFileReference; fileEncoding = 4; lastKnownFileType = sourcecode.swift; path = RouteDesignerViewController_DesignMarkerLineExtension.swift; sourceTree = "<group>"; };
		2EA4447A1E9B355900D80BB5 /* PriorityQueue.swift */ = {isa = PBXFileReference; fileEncoding = 4; lastKnownFileType = sourcecode.swift; path = PriorityQueue.swift; sourceTree = "<group>"; };
		2EA4447C1E9B36A000D80BB5 /* TrackPointNode.swift */ = {isa = PBXFileReference; fileEncoding = 4; lastKnownFileType = sourcecode.swift; path = TrackPointNode.swift; sourceTree = "<group>"; };
		2EE5CDCD1E9A12AD004EC19B /* RouteDesignerViewController_AutoCompleteExtension.swift */ = {isa = PBXFileReference; fileEncoding = 4; lastKnownFileType = sourcecode.swift; path = RouteDesignerViewController_AutoCompleteExtension.swift; sourceTree = "<group>"; };
		3729F61BC8697E4035E5948D /* Pods-lAyeR-lAyeRTests.release.xcconfig */ = {isa = PBXFileReference; includeInIndex = 1; lastKnownFileType = text.xcconfig; name = "Pods-lAyeR-lAyeRTests.release.xcconfig"; path = "Pods/Target Support Files/Pods-lAyeR-lAyeRTests/Pods-lAyeR-lAyeRTests.release.xcconfig"; sourceTree = "<group>"; };
		5249B1A51E7263C40048249D /* Route.swift */ = {isa = PBXFileReference; fileEncoding = 4; lastKnownFileType = sourcecode.swift; path = Route.swift; sourceTree = "<group>"; };
		5249B1A71E7264000048249D /* GeoPoint.swift */ = {isa = PBXFileReference; fileEncoding = 4; lastKnownFileType = sourcecode.swift; path = GeoPoint.swift; sourceTree = "<group>"; };
		5249B1A91E72641C0048249D /* CheckPoint.swift */ = {isa = PBXFileReference; fileEncoding = 4; lastKnownFileType = sourcecode.swift; path = CheckPoint.swift; sourceTree = "<group>"; };
		5249B1AD1E7264790048249D /* UserConfig.swift */ = {isa = PBXFileReference; fileEncoding = 4; lastKnownFileType = sourcecode.swift; path = UserConfig.swift; sourceTree = "<group>"; };
		5249B1B11E7264AB0048249D /* POI.swift */ = {isa = PBXFileReference; fileEncoding = 4; lastKnownFileType = sourcecode.swift; path = POI.swift; sourceTree = "<group>"; };
		5249B1B61E72FC660048249D /* GeoUtil.swift */ = {isa = PBXFileReference; fileEncoding = 4; lastKnownFileType = sourcecode.swift; path = GeoUtil.swift; sourceTree = "<group>"; };
		5249B1BB1E7450380048249D /* QueryManager.swift */ = {isa = PBXFileReference; fileEncoding = 4; lastKnownFileType = sourcecode.swift; path = QueryManager.swift; sourceTree = "<group>"; };
		5249B1BD1E7463E30048249D /* GoogleService-Info.plist */ = {isa = PBXFileReference; fileEncoding = 4; lastKnownFileType = text.plist.xml; path = "GoogleService-Info.plist"; sourceTree = "<group>"; };
		5249B1C21E746CC70048249D /* AppConfig.swift */ = {isa = PBXFileReference; fileEncoding = 4; lastKnownFileType = sourcecode.swift; path = AppConfig.swift; sourceTree = "<group>"; };
		5249B1C41E74D8070048249D /* Parser.swift */ = {isa = PBXFileReference; fileEncoding = 4; lastKnownFileType = sourcecode.swift; path = Parser.swift; sourceTree = "<group>"; };
		5249B1F21E750B9C0048249D /* lAyeR.xcdatamodel */ = {isa = PBXFileReference; lastKnownFileType = wrapper.xcdatamodel; path = lAyeR.xcdatamodel; sourceTree = "<group>"; };
		528288AE1E92690C00163654 /* AppSettings.swift */ = {isa = PBXFileReference; fileEncoding = 4; lastKnownFileType = sourcecode.swift; path = AppSettings.swift; sourceTree = "<group>"; };
		528288AF1E92690C00163654 /* AppSettingsConstants.swift */ = {isa = PBXFileReference; fileEncoding = 4; lastKnownFileType = sourcecode.swift; path = AppSettingsConstants.swift; sourceTree = "<group>"; };
		528288B01E92690C00163654 /* AppSettingsViewController.swift */ = {isa = PBXFileReference; fileEncoding = 4; lastKnownFileType = sourcecode.swift; path = AppSettingsViewController.swift; sourceTree = "<group>"; };
		528288B91E9355B100163654 /* PoiCard.swift */ = {isa = PBXFileReference; fileEncoding = 4; lastKnownFileType = sourcecode.swift; name = PoiCard.swift; path = ViewComponents/HighLevelComponents/POI/PoiCard.swift; sourceTree = "<group>"; };
		528288C31E94F4F800163654 /* LoadingBadge.swift */ = {isa = PBXFileReference; fileEncoding = 4; lastKnownFileType = sourcecode.swift; path = LoadingBadge.swift; sourceTree = "<group>"; };
		528288CC1E9678A900163654 /* GPSTracker.swift */ = {isa = PBXFileReference; fileEncoding = 4; lastKnownFileType = sourcecode.swift; path = GPSTracker.swift; sourceTree = "<group>"; };
		528288CE1E9682E700163654 /* GPSTrackerParser.swift */ = {isa = PBXFileReference; fileEncoding = 4; lastKnownFileType = sourcecode.swift; path = GPSTrackerParser.swift; sourceTree = "<group>"; };
		528288D81E968FDC00163654 /* lAyeR-Bridging-Header.h */ = {isa = PBXFileReference; lastKnownFileType = sourcecode.c.h; path = "lAyeR-Bridging-Header.h"; sourceTree = "<group>"; };
		528288DD1E969F2D00163654 /* GPXManager.swift */ = {isa = PBXFileReference; fileEncoding = 4; lastKnownFileType = sourcecode.swift; path = GPXManager.swift; sourceTree = "<group>"; };
		528288DF1E96B24800163654 /* MessageUI.framework */ = {isa = PBXFileReference; lastKnownFileType = wrapper.framework; name = MessageUI.framework; path = System/Library/Frameworks/MessageUI.framework; sourceTree = SDKROOT; };
		52830F261E8F4567009DFD02 /* UserProfile.swift */ = {isa = PBXFileReference; fileEncoding = 4; lastKnownFileType = sourcecode.swift; path = UserProfile.swift; sourceTree = "<group>"; };
		52830F301E8FE422009DFD02 /* lAyeR.entitlements */ = {isa = PBXFileReference; lastKnownFileType = text.plist.entitlements; path = lAyeR.entitlements; sourceTree = "<group>"; };
		52830F3D1E8FF8E7009DFD02 /* Bolts.framework */ = {isa = PBXFileReference; lastKnownFileType = wrapper.framework; name = Bolts.framework; path = ../../Downloads/FacebookSDK/Bolts.framework; sourceTree = "<group>"; };
		52830F3E1E8FF8E7009DFD02 /* FBSDKCoreKit.framework */ = {isa = PBXFileReference; lastKnownFileType = wrapper.framework; name = FBSDKCoreKit.framework; path = ../../Downloads/FacebookSDK/FBSDKCoreKit.framework; sourceTree = "<group>"; };
		52830F3F1E8FF8E7009DFD02 /* FBSDKLoginKit.framework */ = {isa = PBXFileReference; lastKnownFileType = wrapper.framework; name = FBSDKLoginKit.framework; path = ../../Downloads/FacebookSDK/FBSDKLoginKit.framework; sourceTree = "<group>"; };
		52830F401E8FF8E7009DFD02 /* FBSDKShareKit.framework */ = {isa = PBXFileReference; lastKnownFileType = wrapper.framework; name = FBSDKShareKit.framework; path = ../../Downloads/FacebookSDK/FBSDKShareKit.framework; sourceTree = "<group>"; };
		52938BFE1E860D8000EB8F81 /* LoginViewController.swift */ = {isa = PBXFileReference; fileEncoding = 4; lastKnownFileType = sourcecode.swift; path = LoginViewController.swift; sourceTree = "<group>"; };
		52938C001E860D9000EB8F81 /* RegisterViewController.swift */ = {isa = PBXFileReference; fileEncoding = 4; lastKnownFileType = sourcecode.swift; path = RegisterViewController.swift; sourceTree = "<group>"; };
		52B2298A1E974FB2009C733B /* GPXError.swift */ = {isa = PBXFileReference; fileEncoding = 4; lastKnownFileType = sourcecode.swift; path = GPXError.swift; sourceTree = "<group>"; };
		52B2298F1E978284009C733B /* Extensions.swift */ = {isa = PBXFileReference; fileEncoding = 4; lastKnownFileType = sourcecode.swift; path = Extensions.swift; sourceTree = "<group>"; };
		52B229EE1E8E392600B9F97F /* Pods_lAyeR_lAyeRTests.framework */ = {isa = PBXFileReference; lastKnownFileType = wrapper.framework; name = Pods_lAyeR_lAyeRTests.framework; path = "../../Library/Developer/Xcode/DerivedData/lAyeR-djnudskkashkccdgvjwlignsgcgu/Build/Products/Debug-iphonesimulator/Pods_lAyeR_lAyeRTests.framework"; sourceTree = "<group>"; };
		52BD496E1E8A802D00B4B750 /* User.swift */ = {isa = PBXFileReference; fileEncoding = 4; lastKnownFileType = sourcecode.swift; path = User.swift; sourceTree = "<group>"; };
		52BD49711E8A8D0000B4B750 /* DataServiceManager.swift */ = {isa = PBXFileReference; fileEncoding = 4; lastKnownFileType = sourcecode.swift; path = DataServiceManager.swift; sourceTree = "<group>"; };
		52BD49731E8A8DC000B4B750 /* UserAuthenticator.swift */ = {isa = PBXFileReference; fileEncoding = 4; lastKnownFileType = sourcecode.swift; path = UserAuthenticator.swift; sourceTree = "<group>"; };
		52BD49751E8A8DFA00B4B750 /* DatabaseManager.swift */ = {isa = PBXFileReference; fileEncoding = 4; lastKnownFileType = sourcecode.swift; path = DatabaseManager.swift; sourceTree = "<group>"; };
		52D379661E8530FA005ED912 /* GeoPointTests.swift */ = {isa = PBXFileReference; fileEncoding = 4; lastKnownFileType = sourcecode.swift; path = GeoPointTests.swift; sourceTree = "<group>"; };
		52D379671E8530FA005ED912 /* GeoUtilTests.swift */ = {isa = PBXFileReference; fileEncoding = 4; lastKnownFileType = sourcecode.swift; path = GeoUtilTests.swift; sourceTree = "<group>"; };
		52D3796A1E8533CC005ED912 /* CheckPointTests.swift */ = {isa = PBXFileReference; fileEncoding = 4; lastKnownFileType = sourcecode.swift; path = CheckPointTests.swift; sourceTree = "<group>"; };
		52DE2C401E995F4700671B6E /* TrackPoint.swift */ = {isa = PBXFileReference; fileEncoding = 4; lastKnownFileType = sourcecode.swift; path = TrackPoint.swift; sourceTree = "<group>"; };
		59C2DF9FF1F3CB3D3BD12BDA /* Pods_lAyeR.framework */ = {isa = PBXFileReference; explicitFileType = wrapper.framework; includeInIndex = 0; path = Pods_lAyeR.framework; sourceTree = BUILT_PRODUCTS_DIR; };
		6A523DFB3F070AFCD61151E7 /* Pods-lAyeR-lAyeRTests.debug.xcconfig */ = {isa = PBXFileReference; includeInIndex = 1; lastKnownFileType = text.xcconfig; name = "Pods-lAyeR-lAyeRTests.debug.xcconfig"; path = "Pods/Target Support Files/Pods-lAyeR-lAyeRTests/Pods-lAyeR-lAyeRTests.debug.xcconfig"; sourceTree = "<group>"; };
		9D11C35F1E98CD4400C33207 /* PriceLevel.swift */ = {isa = PBXFileReference; fileEncoding = 4; lastKnownFileType = sourcecode.swift; path = PriceLevel.swift; sourceTree = "<group>"; };
		9D11C3621E98D18400C33207 /* MiniMapViewController.swift */ = {isa = PBXFileReference; fileEncoding = 4; lastKnownFileType = sourcecode.swift; path = MiniMapViewController.swift; sourceTree = "<group>"; };
		9D11C3661E99254300C33207 /* MiniMapStyling.swift */ = {isa = PBXFileReference; fileEncoding = 4; lastKnownFileType = sourcecode.swift; path = MiniMapStyling.swift; sourceTree = "<group>"; };
		9D1498F41E800AFB0043DDB6 /* BottomBanner.swift */ = {isa = PBXFileReference; fileEncoding = 4; lastKnownFileType = sourcecode.swift; name = BottomBanner.swift; path = ViewComponents/BasicComponents/BasicAlert/AlertElements/BottomBanner.swift; sourceTree = "<group>"; };
		9D1498F51E800AFB0043DDB6 /* InfoPanel.swift */ = {isa = PBXFileReference; fileEncoding = 4; lastKnownFileType = sourcecode.swift; name = InfoPanel.swift; path = ViewComponents/BasicComponents/BasicAlert/AlertElements/InfoPanel.swift; sourceTree = "<group>"; };
		9D1498F61E800AFB0043DDB6 /* TopBanner.swift */ = {isa = PBXFileReference; fileEncoding = 4; lastKnownFileType = sourcecode.swift; name = TopBanner.swift; path = ViewComponents/BasicComponents/BasicAlert/AlertElements/TopBanner.swift; sourceTree = "<group>"; };
		9D1498FA1E800B080043DDB6 /* BasicAlert.swift */ = {isa = PBXFileReference; fileEncoding = 4; lastKnownFileType = sourcecode.swift; name = BasicAlert.swift; path = ViewComponents/BasicComponents/BasicAlert/BasicAlert.swift; sourceTree = "<group>"; };
		9D1498FB1E800B080043DDB6 /* BasicAlertController.swift */ = {isa = PBXFileReference; fileEncoding = 4; lastKnownFileType = sourcecode.swift; name = BasicAlertController.swift; path = ViewComponents/BasicComponents/BasicAlert/BasicAlertController.swift; sourceTree = "<group>"; };
		9D1498FE1E800B1D0043DDB6 /* MarkerIcon.swift */ = {isa = PBXFileReference; fileEncoding = 4; lastKnownFileType = sourcecode.swift; name = MarkerIcon.swift; path = ViewComponents/BasicComponents/BasicMarker/MarkerElements/MarkerIcon.swift; sourceTree = "<group>"; };
		9D1498FF1E800B1D0043DDB6 /* MarkerInfo.swift */ = {isa = PBXFileReference; fileEncoding = 4; lastKnownFileType = sourcecode.swift; name = MarkerInfo.swift; path = ViewComponents/BasicComponents/BasicMarker/MarkerElements/MarkerInfo.swift; sourceTree = "<group>"; };
		9D1499021E800B250043DDB6 /* BasicMarker.swift */ = {isa = PBXFileReference; fileEncoding = 4; lastKnownFileType = sourcecode.swift; name = BasicMarker.swift; path = ViewComponents/BasicComponents/BasicMarker/BasicMarker.swift; sourceTree = "<group>"; };
		9D19700C1E87FE7800C1DAA1 /* MenuButtonView.swift */ = {isa = PBXFileReference; fileEncoding = 4; lastKnownFileType = sourcecode.swift; name = MenuButtonView.swift; path = ViewComponents/BasicComponents/Menu/MenuButtonView.swift; sourceTree = "<group>"; };
		9D19700D1E87FE7800C1DAA1 /* MenuView.swift */ = {isa = PBXFileReference; fileEncoding = 4; lastKnownFileType = sourcecode.swift; name = MenuView.swift; path = ViewComponents/BasicComponents/Menu/MenuView.swift; sourceTree = "<group>"; };
		9D1970111E87FE8E00C1DAA1 /* MenuViewController.swift */ = {isa = PBXFileReference; fileEncoding = 4; lastKnownFileType = sourcecode.swift; name = MenuViewController.swift; path = ViewComponents/HighLevelComponents/Menu/MenuViewController.swift; sourceTree = "<group>"; };
		9D5693461E8BE66E00052F68 /* InputTextFeild.swift */ = {isa = PBXFileReference; fileEncoding = 4; lastKnownFileType = sourcecode.swift; name = InputTextFeild.swift; path = ViewComponents/BasicComponents/Misc/InputTextFeild.swift; sourceTree = "<group>"; };
		9D6B80991E82AD0900210203 /* UIConfig.swift */ = {isa = PBXFileReference; fileEncoding = 4; lastKnownFileType = sourcecode.swift; name = UIConfig.swift; path = ViewComponents/UIConfig.swift; sourceTree = "<group>"; };
		9D7DACF61E8513E000592EB5 /* ResourceManager.swift */ = {isa = PBXFileReference; fileEncoding = 4; lastKnownFileType = sourcecode.swift; path = ResourceManager.swift; sourceTree = "<group>"; };
		9D7DACFB1E8546AB00592EB5 /* CheckpointCard.swift */ = {isa = PBXFileReference; fileEncoding = 4; lastKnownFileType = sourcecode.swift; name = CheckpointCard.swift; path = ViewComponents/HighLevelComponents/CheckPoint/CheckpointCard.swift; sourceTree = "<group>"; };
		9D7DACFF1E855CC800592EB5 /* Constants.swift */ = {isa = PBXFileReference; fileEncoding = 4; lastKnownFileType = sourcecode.swift; path = Constants.swift; sourceTree = "<group>"; };
		9D7DAD011E85635500592EB5 /* Card.swift */ = {isa = PBXFileReference; fileEncoding = 4; lastKnownFileType = sourcecode.swift; name = Card.swift; path = ViewComponents/HighLevelComponents/Card.swift; sourceTree = "<group>"; };
		9DAFF1F71E8E942600D09C11 /* RouteListCell.swift */ = {isa = PBXFileReference; fileEncoding = 4; lastKnownFileType = sourcecode.swift; name = RouteListCell.swift; path = ViewComponents/BasicComponents/Misc/RouteListCell.swift; sourceTree = "<group>"; };
		9DAFF1FD1E8E945D00D09C11 /* UserProfileViewController.swift */ = {isa = PBXFileReference; fileEncoding = 4; lastKnownFileType = sourcecode.swift; path = UserProfileViewController.swift; sourceTree = "<group>"; };
		9DE4361C1E929F8500E1A0ED /* POICategoriesCell.swift */ = {isa = PBXFileReference; fileEncoding = 4; lastKnownFileType = sourcecode.swift; name = POICategoriesCell.swift; path = ViewComponents/BasicComponents/Misc/POICategoriesCell.swift; sourceTree = "<group>"; };
		9DE4361E1E92A90000E1A0ED /* CameraViewController.swift */ = {isa = PBXFileReference; fileEncoding = 4; lastKnownFileType = sourcecode.swift; name = CameraViewController.swift; path = ViewComponents/BasicComponents/CameraView/CameraViewController.swift; sourceTree = "<group>"; };
		9DFB5B9C1E8426FD00724B6E /* InfoBlock.swift */ = {isa = PBXFileReference; fileEncoding = 4; lastKnownFileType = sourcecode.swift; name = InfoBlock.swift; path = ViewComponents/BasicComponents/InnerViews/InfoBlock.swift; sourceTree = "<group>"; };
		9DFB5B9D1E8426FD00724B6E /* InformativeInnerView.swift */ = {isa = PBXFileReference; fileEncoding = 4; lastKnownFileType = sourcecode.swift; name = InformativeInnerView.swift; path = ViewComponents/BasicComponents/InnerViews/InformativeInnerView.swift; sourceTree = "<group>"; };
		A21BBFAE1E82CB0300394531 /* ARViewController_CameraBackgroundExtension.swift */ = {isa = PBXFileReference; fileEncoding = 4; lastKnownFileType = sourcecode.swift; path = ARViewController_CameraBackgroundExtension.swift; sourceTree = "<group>"; };
		A21BBFB61E839BD600394531 /* MarkerPopupView.swift */ = {isa = PBXFileReference; fileEncoding = 4; lastKnownFileType = sourcecode.swift; path = MarkerPopupView.swift; sourceTree = "<group>"; };
		A21BBFB71E839BD600394531 /* RouteDesignerViewController.swift */ = {isa = PBXFileReference; fileEncoding = 4; lastKnownFileType = sourcecode.swift; path = RouteDesignerViewController.swift; sourceTree = "<group>"; };
		A21BBFB81E839BD600394531 /* TriangleView.swift */ = {isa = PBXFileReference; fileEncoding = 4; lastKnownFileType = sourcecode.swift; path = TriangleView.swift; sourceTree = "<group>"; };
		A21BBFBC1E83AB7500394531 /* Constant.swift */ = {isa = PBXFileReference; fileEncoding = 4; lastKnownFileType = sourcecode.swift; path = Constant.swift; sourceTree = "<group>"; };
		A21BBFBE1E83FCED00394531 /* ViewLayoutAdjustmentTests.swift */ = {isa = PBXFileReference; fileEncoding = 4; lastKnownFileType = sourcecode.swift; path = ViewLayoutAdjustmentTests.swift; sourceTree = "<group>"; };
		A21BBFC01E83FE3700394531 /* ManagerClassSingletonTests.swift */ = {isa = PBXFileReference; fileEncoding = 4; lastKnownFileType = sourcecode.swift; path = ManagerClassSingletonTests.swift; sourceTree = "<group>"; };
		A238E0711E8FA7A900BA10DC /* CheckpointCardController.swift */ = {isa = PBXFileReference; fileEncoding = 4; lastKnownFileType = sourcecode.swift; path = CheckpointCardController.swift; sourceTree = "<group>"; };
		A238E0731E8FAC7000BA10DC /* PoiCardController.swift */ = {isa = PBXFileReference; fileEncoding = 4; lastKnownFileType = sourcecode.swift; path = PoiCardController.swift; sourceTree = "<group>"; };
		A253FB4E1E92892C002C6ADC /* LocalStorageManagerProtocol.swift */ = {isa = PBXFileReference; fileEncoding = 4; lastKnownFileType = sourcecode.swift; path = LocalStorageManagerProtocol.swift; sourceTree = "<group>"; };
		A253FB4F1E92892C002C6ADC /* PlistLocalStorageManager.swift */ = {isa = PBXFileReference; fileEncoding = 4; lastKnownFileType = sourcecode.swift; path = PlistLocalStorageManager.swift; sourceTree = "<group>"; };
		A253FB501E92892C002C6ADC /* RealmLocalStorageManager.swift */ = {isa = PBXFileReference; fileEncoding = 4; lastKnownFileType = sourcecode.swift; path = RealmLocalStorageManager.swift; sourceTree = "<group>"; };
		A253FB541E92985B002C6ADC /* ArrowView.swift */ = {isa = PBXFileReference; fileEncoding = 4; lastKnownFileType = sourcecode.swift; path = ArrowView.swift; sourceTree = "<group>"; };
		A253FB581E93D2F1002C6ADC /* RealmModels.swift */ = {isa = PBXFileReference; fileEncoding = 4; lastKnownFileType = sourcecode.swift; path = RealmModels.swift; sourceTree = "<group>"; };
		A253FB6A1E9537F6002C6ADC /* ARViewController_SCNKitExtension.swift */ = {isa = PBXFileReference; fileEncoding = 4; lastKnownFileType = sourcecode.swift; path = ARViewController_SCNKitExtension.swift; sourceTree = "<group>"; };
		A258B3221E97A86F008B1C81 /* arrow14.obj */ = {isa = PBXFileReference; fileEncoding = 4; lastKnownFileType = text; path = arrow14.obj; sourceTree = "<group>"; };
		A27C23D51E812D1C0063F371 /* ViewLayoutAdjustable.swift */ = {isa = PBXFileReference; fileEncoding = 4; lastKnownFileType = sourcecode.swift; path = ViewLayoutAdjustable.swift; sourceTree = "<group>"; };
		A281F4BB1E8BF5CE00196850 /* ARViewController_MenuExtension.swift */ = {isa = PBXFileReference; fileEncoding = 4; lastKnownFileType = sourcecode.swift; path = ARViewController_MenuExtension.swift; sourceTree = "<group>"; };
		A28540461E70DD5000CF51B7 /* DeviceMotionManager.swift */ = {isa = PBXFileReference; fileEncoding = 4; lastKnownFileType = sourcecode.swift; path = DeviceMotionManager.swift; sourceTree = "<group>"; };
		A28540481E70E4DF00CF51B7 /* Vector3D.swift */ = {isa = PBXFileReference; fileEncoding = 4; lastKnownFileType = sourcecode.swift; path = Vector3D.swift; sourceTree = "<group>"; };
		A285404A1E71C4A200CF51B7 /* ARViewLayoutAdjustment.swift */ = {isa = PBXFileReference; fileEncoding = 4; lastKnownFileType = sourcecode.swift; path = ARViewLayoutAdjustment.swift; sourceTree = "<group>"; };
		A2AF0AB91E70103800B4478C /* ARViewController.swift */ = {isa = PBXFileReference; fileEncoding = 4; lastKnownFileType = sourcecode.swift; path = ARViewController.swift; sourceTree = "<group>"; };
		A2AF0ABE1E711A7900B4478C /* Vector3DTests.swift */ = {isa = PBXFileReference; fileEncoding = 4; lastKnownFileType = sourcecode.swift; path = Vector3DTests.swift; sourceTree = "<group>"; };
		A2AF0AD01E76C2FB00B4478C /* GeoManager.swift */ = {isa = PBXFileReference; fileEncoding = 4; lastKnownFileType = sourcecode.swift; path = GeoManager.swift; sourceTree = "<group>"; };
		B1351773AD8B908D9E31B7C2 /* Pods_lAyeR_lAyeRTests.framework */ = {isa = PBXFileReference; explicitFileType = wrapper.framework; includeInIndex = 0; path = Pods_lAyeR_lAyeRTests.framework; sourceTree = BUILT_PRODUCTS_DIR; };
		C94CAC6C8AF3B2D60B250CC2 /* Pods-lAyeR.debug.xcconfig */ = {isa = PBXFileReference; includeInIndex = 1; lastKnownFileType = text.xcconfig; name = "Pods-lAyeR.debug.xcconfig"; path = "Pods/Target Support Files/Pods-lAyeR/Pods-lAyeR.debug.xcconfig"; sourceTree = "<group>"; };
		F8C609A23D3405090FA05E82 /* Pods-lAyeR.release.xcconfig */ = {isa = PBXFileReference; includeInIndex = 1; lastKnownFileType = text.xcconfig; name = "Pods-lAyeR.release.xcconfig"; path = "Pods/Target Support Files/Pods-lAyeR/Pods-lAyeR.release.xcconfig"; sourceTree = "<group>"; };
/* End PBXFileReference section */

/* Begin PBXFrameworksBuildPhase section */
		2C3119941E670A5E00FF6334 /* Frameworks */ = {
			isa = PBXFrameworksBuildPhase;
			buildActionMask = 2147483647;
			files = (
				B4EEF9CDCE1F28C23A26F902 /* Pods_lAyeR.framework in Frameworks */,
				52830F411E8FF8E7009DFD02 /* Bolts.framework in Frameworks */,
				52830F421E8FF8E7009DFD02 /* FBSDKCoreKit.framework in Frameworks */,
				52830F431E8FF8E7009DFD02 /* FBSDKLoginKit.framework in Frameworks */,
				52830F441E8FF8E7009DFD02 /* FBSDKShareKit.framework in Frameworks */,
			);
			runOnlyForDeploymentPostprocessing = 0;
		};
		2C3119A81E670A5F00FF6334 /* Frameworks */ = {
			isa = PBXFrameworksBuildPhase;
			buildActionMask = 2147483647;
			files = (
				52830F451E8FF960009DFD02 /* Bolts.framework in Frameworks */,
				52830F461E8FF960009DFD02 /* FBSDKCoreKit.framework in Frameworks */,
				52830F471E8FF960009DFD02 /* FBSDKLoginKit.framework in Frameworks */,
				52830F481E8FF960009DFD02 /* FBSDKShareKit.framework in Frameworks */,
				C8F6B664A32E9C6F5D6B4A97 /* Pods_lAyeR_lAyeRTests.framework in Frameworks */,
			);
			runOnlyForDeploymentPostprocessing = 0;
		};
/* End PBXFrameworksBuildPhase section */

/* Begin PBXGroup section */
		2C31198E1E670A5E00FF6334 = {
			isa = PBXGroup;
			children = (
				2C3119991E670A5F00FF6334 /* lAyeR */,
				2C3119AE1E670A5F00FF6334 /* lAyeRTests */,
				2C3119981E670A5F00FF6334 /* Products */,
				BE7D7EB2BE9C50EE8088A2AE /* Pods */,
				FED6868487D29D53B260A46F /* Frameworks */,
			);
			sourceTree = "<group>";
		};
		2C3119981E670A5F00FF6334 /* Products */ = {
			isa = PBXGroup;
			children = (
				2C3119971E670A5F00FF6334 /* lAyeR.app */,
				2C3119AB1E670A5F00FF6334 /* lAyeRTests.xctest */,
			);
			name = Products;
			sourceTree = "<group>";
		};
		2C3119991E670A5F00FF6334 /* lAyeR */ = {
			isa = PBXGroup;
			children = (
				528288CB1E96789300163654 /* GPSTracker */,
				52830F301E8FE422009DFD02 /* lAyeR.entitlements */,
				A21BBFBC1E83AB7500394531 /* Constant.swift */,
				528288AD1E9268EB00163654 /* ApplicationSettings */,
				52BD49701E8A8CE800B4B750 /* DataService */,
				52938BFD1E860D6900EB8F81 /* LoginRegister */,
				9DAFF1FC1E8E944E00D09C11 /* UserProfile */,
				9D1498F11E8007DC0043DDB6 /* ViewComponents */,
				A2AF0AB81E70101000B4478C /* ARRenderer */,
				5249B1BA1E7450190048249D /* WebQuery */,
				5249B1B31E72AF770048249D /* LocalStorage */,
				5249B1A41E7263A30048249D /* RouteDesigner */,
				2C7813851E7544B100851188 /* Sounds */,
				2C7333E61E71BA8E00EDE1D8 /* Fonts */,
				2C7333E11E71B4EA00EDE1D8 /* Common */,
				2C31199A1E670A5F00FF6334 /* AppDelegate.swift */,
				2C31199C1E670A5F00FF6334 /* ViewController.swift */,
				2C31199E1E670A5F00FF6334 /* Main.storyboard */,
				2C3119A11E670A5F00FF6334 /* Assets.xcassets */,
				2C3119A31E670A5F00FF6334 /* LaunchScreen.storyboard */,
				5249B1BD1E7463E30048249D /* GoogleService-Info.plist */,
				2C3119A61E670A5F00FF6334 /* Info.plist */,
				5249B1C21E746CC70048249D /* AppConfig.swift */,
				5249B1F11E750B9C0048249D /* lAyeR.xcdatamodeld */,
				528288D81E968FDC00163654 /* lAyeR-Bridging-Header.h */,
			);
			path = lAyeR;
			sourceTree = "<group>";
		};
		2C3119AE1E670A5F00FF6334 /* lAyeRTests */ = {
			isa = PBXGroup;
			children = (
				52D379661E8530FA005ED912 /* GeoPointTests.swift */,
				52D379671E8530FA005ED912 /* GeoUtilTests.swift */,
				2C3119AF1E670A5F00FF6334 /* lAyeRTests.swift */,
				A2AF0ABE1E711A7900B4478C /* Vector3DTests.swift */,
				A21BBFBE1E83FCED00394531 /* ViewLayoutAdjustmentTests.swift */,
				A21BBFC01E83FE3700394531 /* ManagerClassSingletonTests.swift */,
				52D3796A1E8533CC005ED912 /* CheckPointTests.swift */,
				2C3119B11E670A5F00FF6334 /* Info.plist */,
			);
			path = lAyeRTests;
			sourceTree = "<group>";
		};
		2C7333D51E711C3900EDE1D8 /* BasicAlert */ = {
			isa = PBXGroup;
			children = (
				2C7333E01E71B48700EDE1D8 /* AlertElements */,
				9D1498FA1E800B080043DDB6 /* BasicAlert.swift */,
				9D1498FB1E800B080043DDB6 /* BasicAlertController.swift */,
			);
			name = BasicAlert;
			sourceTree = "<group>";
		};
		2C7333E01E71B48700EDE1D8 /* AlertElements */ = {
			isa = PBXGroup;
			children = (
				9D1498F41E800AFB0043DDB6 /* BottomBanner.swift */,
				9D1498F51E800AFB0043DDB6 /* InfoPanel.swift */,
				9D1498F61E800AFB0043DDB6 /* TopBanner.swift */,
			);
			name = AlertElements;
			sourceTree = "<group>";
		};
		2C7333E11E71B4EA00EDE1D8 /* Common */ = {
			isa = PBXGroup;
			children = (
				9D7DACF61E8513E000592EB5 /* ResourceManager.swift */,
				9D7DACFF1E855CC800592EB5 /* Constants.swift */,
			);
			name = Common;
			sourceTree = "<group>";
		};
		2C7333E61E71BA8E00EDE1D8 /* Fonts */ = {
			isa = PBXGroup;
			children = (
				2CDDE8E51E94F29D008A5115 /* DINPro-Light_13935.ttf */,
				2CDDE8E61E94F29D008A5115 /* DINPro-Medium_13936.ttf */,
				2CDDE8E71E94F29D008A5115 /* DINPro-Regular_13937.ttf */,
				2C7333E41E71BA8000EDE1D8 /* SAOUI-Regular.otf */,
				2C7333E71E71BAA800EDE1D8 /* SAOUI-Bold.otf */,
				2CE2FD141E71BDF700BB83FD /* HomenajeMod-Regular.otf */,
				2CE2FD161E71BE0400BB83FD /* HomenajeMod-Bold.otf */,
			);
			name = Fonts;
			sourceTree = "<group>";
		};
		2C7813851E7544B100851188 /* Sounds */ = {
			isa = PBXGroup;
			children = (
				2C7813861E7544C000851188 /* confirm.wav */,
				2C7813871E7544C000851188 /* dialog_close.wav */,
			);
			name = Sounds;
			sourceTree = "<group>";
		};
		2C78138F1E755E6600851188 /* BasicMarker */ = {
			isa = PBXGroup;
			children = (
				2C7813901E755E7D00851188 /* MarkerElements */,
				9D1499021E800B250043DDB6 /* BasicMarker.swift */,
			);
			name = BasicMarker;
			sourceTree = "<group>";
		};
		2C7813901E755E7D00851188 /* MarkerElements */ = {
			isa = PBXGroup;
			children = (
				9D1498FE1E800B1D0043DDB6 /* MarkerIcon.swift */,
				9D1498FF1E800B1D0043DDB6 /* MarkerInfo.swift */,
			);
			name = MarkerElements;
			sourceTree = "<group>";
		};
		5249B1A41E7263A30048249D /* RouteDesigner */ = {
			isa = PBXGroup;
			children = (
				52DE2C401E995F4700671B6E /* TrackPoint.swift */,
				A21BBFB61E839BD600394531 /* MarkerPopupView.swift */,
				2EE5CDCD1E9A12AD004EC19B /* RouteDesignerViewController_AutoCompleteExtension.swift */,
				A21BBFB71E839BD600394531 /* RouteDesignerViewController.swift */,
				2EA444781E9AFDA200D80BB5 /* RouteDesignerViewController_DesignMarkerLineExtension.swift */,
				2EA444761E9AE95300D80BB5 /* RouteDesignerViewController_PlaceSuggestionExtension.swift */,
				2E742F9F1E98415200651A74 /* RouteDesignerViewController_LocationManagerExtension.swift */,
				2E742F9D1E98407800651A74 /* RouteDesignerViewController_MapGestureExtension.swift */,
				2E742F9B1E9784D500651A74 /* RouteDesignerModel.swift */,
				2EA4447C1E9B36A000D80BB5 /* TrackPointNode.swift */,
				2EA4447A1E9B355900D80BB5 /* PriorityQueue.swift */,
				A21BBFB81E839BD600394531 /* TriangleView.swift */,
				5249B1AD1E7264790048249D /* UserConfig.swift */,
				5249B1A71E7264000048249D /* GeoPoint.swift */,
				5249B1A91E72641C0048249D /* CheckPoint.swift */,
				5249B1B11E7264AB0048249D /* POI.swift */,
				5249B1A51E7263C40048249D /* Route.swift */,
				5249B1B61E72FC660048249D /* GeoUtil.swift */,
				A2AF0AD01E76C2FB00B4478C /* GeoManager.swift */,
			);
			name = RouteDesigner;
			sourceTree = "<group>";
		};
		5249B1B31E72AF770048249D /* LocalStorage */ = {
			isa = PBXGroup;
			children = (
				A253FB571E93D2DD002C6ADC /* RealmModels */,
				A253FB4E1E92892C002C6ADC /* LocalStorageManagerProtocol.swift */,
				A253FB4F1E92892C002C6ADC /* PlistLocalStorageManager.swift */,
				A253FB501E92892C002C6ADC /* RealmLocalStorageManager.swift */,
			);
			name = LocalStorage;
			sourceTree = "<group>";
		};
		5249B1BA1E7450190048249D /* WebQuery */ = {
			isa = PBXGroup;
			children = (
				5249B1BB1E7450380048249D /* QueryManager.swift */,
				5249B1C41E74D8070048249D /* Parser.swift */,
			);
			name = WebQuery;
			sourceTree = "<group>";
		};
		528288AD1E9268EB00163654 /* ApplicationSettings */ = {
			isa = PBXGroup;
			children = (
				9DE4361C1E929F8500E1A0ED /* POICategoriesCell.swift */,
				528288AE1E92690C00163654 /* AppSettings.swift */,
				528288AF1E92690C00163654 /* AppSettingsConstants.swift */,
				528288B01E92690C00163654 /* AppSettingsViewController.swift */,
				2C1F5C481E97A28100EAECFF /* POICategory.swift */,
			);
			name = ApplicationSettings;
			sourceTree = "<group>";
		};
		528288CB1E96789300163654 /* GPSTracker */ = {
			isa = PBXGroup;
			children = (
				528288CC1E9678A900163654 /* GPSTracker.swift */,
				528288CE1E9682E700163654 /* GPSTrackerParser.swift */,
				528288DD1E969F2D00163654 /* GPXManager.swift */,
				52B2298A1E974FB2009C733B /* GPXError.swift */,
				52B2298F1E978284009C733B /* Extensions.swift */,
			);
			name = GPSTracker;
			sourceTree = "<group>";
		};
		52938BFD1E860D6900EB8F81 /* LoginRegister */ = {
			isa = PBXGroup;
			children = (
				52938BFE1E860D8000EB8F81 /* LoginViewController.swift */,
				52938C001E860D9000EB8F81 /* RegisterViewController.swift */,
				52BD496E1E8A802D00B4B750 /* User.swift */,
				528288C31E94F4F800163654 /* LoadingBadge.swift */,
			);
			name = LoginRegister;
			sourceTree = "<group>";
		};
		52BD49701E8A8CE800B4B750 /* DataService */ = {
			isa = PBXGroup;
			children = (
				52BD49711E8A8D0000B4B750 /* DataServiceManager.swift */,
				52BD49731E8A8DC000B4B750 /* UserAuthenticator.swift */,
				52BD49751E8A8DFA00B4B750 /* DatabaseManager.swift */,
			);
			name = DataService;
			sourceTree = "<group>";
		};
		9D11C3611E98D15800C33207 /* MiniMapView */ = {
			isa = PBXGroup;
			children = (
				9D11C3621E98D18400C33207 /* MiniMapViewController.swift */,
				9D11C3661E99254300C33207 /* MiniMapStyling.swift */,
			);
			name = MiniMapView;
			sourceTree = "<group>";
		};
		9D1498F11E8007DC0043DDB6 /* ViewComponents */ = {
			isa = PBXGroup;
			children = (
				9D6B80991E82AD0900210203 /* UIConfig.swift */,
				9D1498F21E8007F70043DDB6 /* BasicComponents */,
				9D1498F31E8008030043DDB6 /* HighLevelComponents */,
			);
			name = ViewComponents;
			sourceTree = "<group>";
		};
		9D1498F21E8007F70043DDB6 /* BasicComponents */ = {
			isa = PBXGroup;
			children = (
				9D11C3611E98D15800C33207 /* MiniMapView */,
				9D5693431E8BE65500052F68 /* Misc */,
				9DAFF1F91E8E942A00D09C11 /* CameraView */,
				9D19700B1E87FE6700C1DAA1 /* Menu */,
				9DFB5B9B1E8426E200724B6E /* InnerViews */,
				2C7333D51E711C3900EDE1D8 /* BasicAlert */,
				2C78138F1E755E6600851188 /* BasicMarker */,
			);
			name = BasicComponents;
			sourceTree = "<group>";
		};
		9D1498F31E8008030043DDB6 /* HighLevelComponents */ = {
			isa = PBXGroup;
			children = (
				9D1970101E87FE7F00C1DAA1 /* Menu */,
				9D7DACF81E85461C00592EB5 /* POI */,
				9D2938DC1E82B6720054A9F7 /* CheckPoint */,
				9D7DAD011E85635500592EB5 /* Card.swift */,
			);
			name = HighLevelComponents;
			sourceTree = "<group>";
		};
		9D19700B1E87FE6700C1DAA1 /* Menu */ = {
			isa = PBXGroup;
			children = (
				9D19700C1E87FE7800C1DAA1 /* MenuButtonView.swift */,
				9D19700D1E87FE7800C1DAA1 /* MenuView.swift */,
			);
			name = Menu;
			sourceTree = "<group>";
		};
		9D1970101E87FE7F00C1DAA1 /* Menu */ = {
			isa = PBXGroup;
			children = (
				9D1970111E87FE8E00C1DAA1 /* MenuViewController.swift */,
			);
			name = Menu;
			sourceTree = "<group>";
		};
		9D2938DC1E82B6720054A9F7 /* CheckPoint */ = {
			isa = PBXGroup;
			children = (
				9D7DACFB1E8546AB00592EB5 /* CheckpointCard.swift */,
			);
			name = CheckPoint;
			sourceTree = "<group>";
		};
		9D5693431E8BE65500052F68 /* Misc */ = {
			isa = PBXGroup;
			children = (
				9D5693461E8BE66E00052F68 /* InputTextFeild.swift */,
				9DAFF1F71E8E942600D09C11 /* RouteListCell.swift */,
			);
			name = Misc;
			sourceTree = "<group>";
		};
		9D7DACF81E85461C00592EB5 /* POI */ = {
			isa = PBXGroup;
			children = (
				528288B91E9355B100163654 /* PoiCard.swift */,
				9D11C35F1E98CD4400C33207 /* PriceLevel.swift */,
			);
			name = POI;
			sourceTree = "<group>";
		};
		9DAFF1F91E8E942A00D09C11 /* CameraView */ = {
			isa = PBXGroup;
			children = (
				9DE4361E1E92A90000E1A0ED /* CameraViewController.swift */,
			);
			name = CameraView;
			sourceTree = "<group>";
		};
		9DAFF1FC1E8E944E00D09C11 /* UserProfile */ = {
			isa = PBXGroup;
			children = (
				9DAFF1FD1E8E945D00D09C11 /* UserProfileViewController.swift */,
				52830F261E8F4567009DFD02 /* UserProfile.swift */,
			);
			name = UserProfile;
			sourceTree = "<group>";
		};
		9DFB5B9B1E8426E200724B6E /* InnerViews */ = {
			isa = PBXGroup;
			children = (
				9DFB5B9C1E8426FD00724B6E /* InfoBlock.swift */,
				9DFB5B9D1E8426FD00724B6E /* InformativeInnerView.swift */,
				2C4C37FF1E97BC7B0069A0A2 /* InfoBlockView.swift */,
			);
			name = InnerViews;
			sourceTree = "<group>";
		};
		A238E06F1E8FA73E00BA10DC /* Models */ = {
			isa = PBXGroup;
			children = (
				A28540461E70DD5000CF51B7 /* DeviceMotionManager.swift */,
				A28540481E70E4DF00CF51B7 /* Vector3D.swift */,
				A285404A1E71C4A200CF51B7 /* ARViewLayoutAdjustment.swift */,
			);
			name = Models;
			sourceTree = "<group>";
		};
		A238E0701E8FA75B00BA10DC /* Controllers */ = {
			isa = PBXGroup;
			children = (
				A2AF0AB91E70103800B4478C /* ARViewController.swift */,
				A21BBFAE1E82CB0300394531 /* ARViewController_CameraBackgroundExtension.swift */,
				A253FB6A1E9537F6002C6ADC /* ARViewController_SCNKitExtension.swift */,
				A281F4BB1E8BF5CE00196850 /* ARViewController_MenuExtension.swift */,
				A238E0711E8FA7A900BA10DC /* CheckpointCardController.swift */,
				A238E0731E8FAC7000BA10DC /* PoiCardController.swift */,
			);
			name = Controllers;
			sourceTree = "<group>";
		};
		A253FB561E929861002C6ADC /* Views */ = {
			isa = PBXGroup;
			children = (
				A27C23D51E812D1C0063F371 /* ViewLayoutAdjustable.swift */,
				A253FB541E92985B002C6ADC /* ArrowView.swift */,
			);
			name = Views;
			sourceTree = "<group>";
		};
		A253FB571E93D2DD002C6ADC /* RealmModels */ = {
			isa = PBXGroup;
			children = (
				A253FB581E93D2F1002C6ADC /* RealmModels.swift */,
			);
			name = RealmModels;
			sourceTree = "<group>";
		};
		A253FB6C1E962CFD002C6ADC /* 3DModels */ = {
			isa = PBXGroup;
			children = (
				A258B3221E97A86F008B1C81 /* arrow14.obj */,
			);
			name = 3DModels;
			sourceTree = "<group>";
		};
		A2AF0AB81E70101000B4478C /* ARRenderer */ = {
			isa = PBXGroup;
			children = (
				A253FB6C1E962CFD002C6ADC /* 3DModels */,
				A253FB561E929861002C6ADC /* Views */,
				A238E0701E8FA75B00BA10DC /* Controllers */,
				A238E06F1E8FA73E00BA10DC /* Models */,
			);
			name = ARRenderer;
			sourceTree = "<group>";
		};
		BE7D7EB2BE9C50EE8088A2AE /* Pods */ = {
			isa = PBXGroup;
			children = (
				C94CAC6C8AF3B2D60B250CC2 /* Pods-lAyeR.debug.xcconfig */,
				F8C609A23D3405090FA05E82 /* Pods-lAyeR.release.xcconfig */,
				6A523DFB3F070AFCD61151E7 /* Pods-lAyeR-lAyeRTests.debug.xcconfig */,
				3729F61BC8697E4035E5948D /* Pods-lAyeR-lAyeRTests.release.xcconfig */,
			);
			name = Pods;
			sourceTree = "<group>";
		};
		FED6868487D29D53B260A46F /* Frameworks */ = {
			isa = PBXGroup;
			children = (
				528288DF1E96B24800163654 /* MessageUI.framework */,
				52830F3D1E8FF8E7009DFD02 /* Bolts.framework */,
				52830F3E1E8FF8E7009DFD02 /* FBSDKCoreKit.framework */,
				52830F3F1E8FF8E7009DFD02 /* FBSDKLoginKit.framework */,
				52830F401E8FF8E7009DFD02 /* FBSDKShareKit.framework */,
				52B229EE1E8E392600B9F97F /* Pods_lAyeR_lAyeRTests.framework */,
				59C2DF9FF1F3CB3D3BD12BDA /* Pods_lAyeR.framework */,
				B1351773AD8B908D9E31B7C2 /* Pods_lAyeR_lAyeRTests.framework */,
			);
			name = Frameworks;
			sourceTree = "<group>";
		};
/* End PBXGroup section */

/* Begin PBXNativeTarget section */
		2C3119961E670A5E00FF6334 /* lAyeR */ = {
			isa = PBXNativeTarget;
			buildConfigurationList = 2C3119B41E670A5F00FF6334 /* Build configuration list for PBXNativeTarget "lAyeR" */;
			buildPhases = (
				7C3C9FDA4A030AA5B0173295 /* [CP] Check Pods Manifest.lock */,
				2C3119931E670A5E00FF6334 /* Sources */,
				2C3119941E670A5E00FF6334 /* Frameworks */,
				2C3119951E670A5E00FF6334 /* Resources */,
				607A1557789D985EC90A4197 /* [CP] Embed Pods Frameworks */,
				B3FC4B08543263C55D7C06C5 /* [CP] Copy Pods Resources */,
			);
			buildRules = (
			);
			dependencies = (
			);
			name = lAyeR;
			productName = lAyeR;
			productReference = 2C3119971E670A5F00FF6334 /* lAyeR.app */;
			productType = "com.apple.product-type.application";
		};
		2C3119AA1E670A5F00FF6334 /* lAyeRTests */ = {
			isa = PBXNativeTarget;
			buildConfigurationList = 2C3119B71E670A5F00FF6334 /* Build configuration list for PBXNativeTarget "lAyeRTests" */;
			buildPhases = (
				CCD16E559E0D11808CDCB7D9 /* [CP] Check Pods Manifest.lock */,
				2C3119A71E670A5F00FF6334 /* Sources */,
				2C3119A81E670A5F00FF6334 /* Frameworks */,
				2C3119A91E670A5F00FF6334 /* Resources */,
				F7608336D3B4D7B17F359DB1 /* [CP] Embed Pods Frameworks */,
				7A75E89C97CFD5A27A18C04C /* [CP] Copy Pods Resources */,
			);
			buildRules = (
			);
			dependencies = (
				2C3119AD1E670A5F00FF6334 /* PBXTargetDependency */,
			);
			name = lAyeRTests;
			productName = lAyeRTests;
			productReference = 2C3119AB1E670A5F00FF6334 /* lAyeRTests.xctest */;
			productType = "com.apple.product-type.bundle.unit-test";
		};
/* End PBXNativeTarget section */

/* Begin PBXProject section */
		2C31198F1E670A5E00FF6334 /* Project object */ = {
			isa = PBXProject;
			attributes = {
				LastSwiftUpdateCheck = 0820;
				LastUpgradeCheck = 0830;
				ORGANIZATIONNAME = nus.cs3217.layer;
				TargetAttributes = {
					2C3119961E670A5E00FF6334 = {
						CreatedOnToolsVersion = 8.2.1;
						DevelopmentTeam = Y8UK968H5B;
						LastSwiftMigration = 0820;
						ProvisioningStyle = Automatic;
						SystemCapabilities = {
							com.apple.Keychain = {
								enabled = 1;
							};
						};
					};
					2C3119AA1E670A5F00FF6334 = {
						CreatedOnToolsVersion = 8.2.1;
						DevelopmentTeam = Y8UK968H5B;
						ProvisioningStyle = Automatic;
						TestTargetID = 2C3119961E670A5E00FF6334;
					};
				};
			};
			buildConfigurationList = 2C3119921E670A5E00FF6334 /* Build configuration list for PBXProject "lAyeR" */;
			compatibilityVersion = "Xcode 3.2";
			developmentRegion = English;
			hasScannedForEncodings = 0;
			knownRegions = (
				en,
				Base,
			);
			mainGroup = 2C31198E1E670A5E00FF6334;
			productRefGroup = 2C3119981E670A5F00FF6334 /* Products */;
			projectDirPath = "";
			projectRoot = "";
			targets = (
				2C3119961E670A5E00FF6334 /* lAyeR */,
				2C3119AA1E670A5F00FF6334 /* lAyeRTests */,
			);
		};
/* End PBXProject section */

/* Begin PBXResourcesBuildPhase section */
		2C3119951E670A5E00FF6334 /* Resources */ = {
			isa = PBXResourcesBuildPhase;
			buildActionMask = 2147483647;
			files = (
				2C7333E51E71BA8000EDE1D8 /* SAOUI-Regular.otf in Resources */,
				2CE2FD171E71BE0400BB83FD /* HomenajeMod-Bold.otf in Resources */,
				A258B3231E97A86F008B1C81 /* arrow14.obj in Resources */,
				2CDDE8EA1E94F29D008A5115 /* DINPro-Regular_13937.ttf in Resources */,
				2C7813891E7544C000851188 /* dialog_close.wav in Resources */,
				2CDDE8E81E94F29D008A5115 /* DINPro-Light_13935.ttf in Resources */,
				2C3119A51E670A5F00FF6334 /* LaunchScreen.storyboard in Resources */,
				5249B1BE1E7463E30048249D /* GoogleService-Info.plist in Resources */,
				2CE2FD151E71BDF700BB83FD /* HomenajeMod-Regular.otf in Resources */,
				2C7333E81E71BAA800EDE1D8 /* SAOUI-Bold.otf in Resources */,
				2C7813881E7544C000851188 /* confirm.wav in Resources */,
				2C3119A21E670A5F00FF6334 /* Assets.xcassets in Resources */,
				2CDDE8E91E94F29D008A5115 /* DINPro-Medium_13936.ttf in Resources */,
				2C3119A01E670A5F00FF6334 /* Main.storyboard in Resources */,
			);
			runOnlyForDeploymentPostprocessing = 0;
		};
		2C3119A91E670A5F00FF6334 /* Resources */ = {
			isa = PBXResourcesBuildPhase;
			buildActionMask = 2147483647;
			files = (
				5249B1BF1E7463E30048249D /* GoogleService-Info.plist in Resources */,
			);
			runOnlyForDeploymentPostprocessing = 0;
		};
/* End PBXResourcesBuildPhase section */

/* Begin PBXShellScriptBuildPhase section */
		607A1557789D985EC90A4197 /* [CP] Embed Pods Frameworks */ = {
			isa = PBXShellScriptBuildPhase;
			buildActionMask = 2147483647;
			files = (
			);
			inputPaths = (
			);
			name = "[CP] Embed Pods Frameworks";
			outputPaths = (
			);
			runOnlyForDeploymentPostprocessing = 0;
			shellPath = /bin/sh;
			shellScript = "\"${SRCROOT}/Pods/Target Support Files/Pods-lAyeR/Pods-lAyeR-frameworks.sh\"\n";
			showEnvVarsInLog = 0;
		};
		7A75E89C97CFD5A27A18C04C /* [CP] Copy Pods Resources */ = {
			isa = PBXShellScriptBuildPhase;
			buildActionMask = 2147483647;
			files = (
			);
			inputPaths = (
			);
			name = "[CP] Copy Pods Resources";
			outputPaths = (
			);
			runOnlyForDeploymentPostprocessing = 0;
			shellPath = /bin/sh;
			shellScript = "\"${SRCROOT}/Pods/Target Support Files/Pods-lAyeR-lAyeRTests/Pods-lAyeR-lAyeRTests-resources.sh\"\n";
			showEnvVarsInLog = 0;
		};
		7C3C9FDA4A030AA5B0173295 /* [CP] Check Pods Manifest.lock */ = {
			isa = PBXShellScriptBuildPhase;
			buildActionMask = 2147483647;
			files = (
			);
			inputPaths = (
			);
			name = "[CP] Check Pods Manifest.lock";
			outputPaths = (
			);
			runOnlyForDeploymentPostprocessing = 0;
			shellPath = /bin/sh;
			shellScript = "diff \"${PODS_ROOT}/../Podfile.lock\" \"${PODS_ROOT}/Manifest.lock\" > /dev/null\nif [ $? != 0 ] ; then\n    # print error to STDERR\n    echo \"error: The sandbox is not in sync with the Podfile.lock. Run 'pod install' or update your CocoaPods installation.\" >&2\n    exit 1\nfi\n";
			showEnvVarsInLog = 0;
		};
		B3FC4B08543263C55D7C06C5 /* [CP] Copy Pods Resources */ = {
			isa = PBXShellScriptBuildPhase;
			buildActionMask = 2147483647;
			files = (
			);
			inputPaths = (
			);
			name = "[CP] Copy Pods Resources";
			outputPaths = (
			);
			runOnlyForDeploymentPostprocessing = 0;
			shellPath = /bin/sh;
			shellScript = "\"${SRCROOT}/Pods/Target Support Files/Pods-lAyeR/Pods-lAyeR-resources.sh\"\n";
			showEnvVarsInLog = 0;
		};
		CCD16E559E0D11808CDCB7D9 /* [CP] Check Pods Manifest.lock */ = {
			isa = PBXShellScriptBuildPhase;
			buildActionMask = 2147483647;
			files = (
			);
			inputPaths = (
			);
			name = "[CP] Check Pods Manifest.lock";
			outputPaths = (
			);
			runOnlyForDeploymentPostprocessing = 0;
			shellPath = /bin/sh;
			shellScript = "diff \"${PODS_ROOT}/../Podfile.lock\" \"${PODS_ROOT}/Manifest.lock\" > /dev/null\nif [ $? != 0 ] ; then\n    # print error to STDERR\n    echo \"error: The sandbox is not in sync with the Podfile.lock. Run 'pod install' or update your CocoaPods installation.\" >&2\n    exit 1\nfi\n";
			showEnvVarsInLog = 0;
		};
		F7608336D3B4D7B17F359DB1 /* [CP] Embed Pods Frameworks */ = {
			isa = PBXShellScriptBuildPhase;
			buildActionMask = 2147483647;
			files = (
			);
			inputPaths = (
			);
			name = "[CP] Embed Pods Frameworks";
			outputPaths = (
			);
			runOnlyForDeploymentPostprocessing = 0;
			shellPath = /bin/sh;
			shellScript = "\"${SRCROOT}/Pods/Target Support Files/Pods-lAyeR-lAyeRTests/Pods-lAyeR-lAyeRTests-frameworks.sh\"\n";
			showEnvVarsInLog = 0;
		};
/* End PBXShellScriptBuildPhase section */

/* Begin PBXSourcesBuildPhase section */
		2C3119931E670A5E00FF6334 /* Sources */ = {
			isa = PBXSourcesBuildPhase;
			buildActionMask = 2147483647;
			files = (
				52BD496D1E8A7D1600B4B750 /* UIConfig.swift in Sources */,
				A253FB531E92892C002C6ADC /* RealmLocalStorageManager.swift in Sources */,
				9DFB5B9F1E8426FD00724B6E /* InformativeInnerView.swift in Sources */,
				9DE4361D1E929F8500E1A0ED /* POICategoriesCell.swift in Sources */,
				A2AF0ABA1E70103800B4478C /* ARViewController.swift in Sources */,
				A28540471E70DD5000CF51B7 /* DeviceMotionManager.swift in Sources */,
				2EA444771E9AE95300D80BB5 /* RouteDesignerViewController_PlaceSuggestionExtension.swift in Sources */,
				2E742F9E1E98407800651A74 /* RouteDesignerViewController_MapGestureExtension.swift in Sources */,
				528288B31E92690C00163654 /* AppSettingsConstants.swift in Sources */,
				52DE2C411E995F4700671B6E /* TrackPoint.swift in Sources */,
				A253FB521E92892C002C6ADC /* PlistLocalStorageManager.swift in Sources */,
				2C4C38001E97BC7B0069A0A2 /* InfoBlockView.swift in Sources */,
				52938BFF1E860D8000EB8F81 /* LoginViewController.swift in Sources */,
				2C1F5C491E97A28100EAECFF /* POICategory.swift in Sources */,
				A285404B1E71C4A200CF51B7 /* ARViewLayoutAdjustment.swift in Sources */,
				528288B41E92690C00163654 /* AppSettingsViewController.swift in Sources */,
				2C31199B1E670A5F00FF6334 /* AppDelegate.swift in Sources */,
				9D5693471E8BE66E00052F68 /* InputTextFeild.swift in Sources */,
				A28540491E70E4DF00CF51B7 /* Vector3D.swift in Sources */,
				9D19700F1E87FE7800C1DAA1 /* MenuView.swift in Sources */,
				A238E0721E8FA7A900BA10DC /* CheckpointCardController.swift in Sources */,
				A238E0741E8FAC7000BA10DC /* PoiCardController.swift in Sources */,
				528288CD1E9678A900163654 /* GPSTracker.swift in Sources */,
				A21BBFB91E839BD600394531 /* MarkerPopupView.swift in Sources */,
				9D1499031E800B250043DDB6 /* BasicMarker.swift in Sources */,
				9D1499001E800B1D0043DDB6 /* MarkerIcon.swift in Sources */,
				5249B1AE1E7264790048249D /* UserConfig.swift in Sources */,
				A253FB511E92892C002C6ADC /* LocalStorageManagerProtocol.swift in Sources */,
				9D19700E1E87FE7800C1DAA1 /* MenuButtonView.swift in Sources */,
				2EA4447D1E9B36A000D80BB5 /* TrackPointNode.swift in Sources */,
				9D1498FD1E800B080043DDB6 /* BasicAlertController.swift in Sources */,
				9DAFF1F81E8E942600D09C11 /* RouteListCell.swift in Sources */,
				9D1498FC1E800B080043DDB6 /* BasicAlert.swift in Sources */,
				528288B21E92690C00163654 /* AppSettings.swift in Sources */,
				9D1498F91E800AFB0043DDB6 /* TopBanner.swift in Sources */,
				2E742F9C1E9784D500651A74 /* RouteDesignerModel.swift in Sources */,
				2E742FA01E98415200651A74 /* RouteDesignerViewController_LocationManagerExtension.swift in Sources */,
				2C31199D1E670A5F00FF6334 /* ViewController.swift in Sources */,
				9D7DACFC1E8546AB00592EB5 /* CheckpointCard.swift in Sources */,
				A21BBFBA1E839BD600394531 /* RouteDesignerViewController.swift in Sources */,
				9D11C3631E98D18400C33207 /* MiniMapViewController.swift in Sources */,
				9D11C3601E98CD4400C33207 /* PriceLevel.swift in Sources */,
				5249B1C31E746CC70048249D /* AppConfig.swift in Sources */,
				9DFB5B9E1E8426FD00724B6E /* InfoBlock.swift in Sources */,
				9D1498F71E800AFB0043DDB6 /* BottomBanner.swift in Sources */,
				9D11C3671E99254300C33207 /* MiniMapStyling.swift in Sources */,
				A27C23D61E812D1C0063F371 /* ViewLayoutAdjustable.swift in Sources */,
				9D7DAD001E855CC800592EB5 /* Constants.swift in Sources */,
				52830F271E8F4567009DFD02 /* UserProfile.swift in Sources */,
				9D7DACF71E8513E000592EB5 /* ResourceManager.swift in Sources */,
				9DAFF1FE1E8E945D00D09C11 /* UserProfileViewController.swift in Sources */,
				5249B1A61E7263C40048249D /* Route.swift in Sources */,
				A281F4BC1E8BF5CE00196850 /* ARViewController_MenuExtension.swift in Sources */,
				A21BBFAF1E82CB0300394531 /* ARViewController_CameraBackgroundExtension.swift in Sources */,
				52BD49761E8A8DFA00B4B750 /* DatabaseManager.swift in Sources */,
				9DE4361F1E92A90000E1A0ED /* CameraViewController.swift in Sources */,
				5249B1C51E74D8070048249D /* Parser.swift in Sources */,
				A2AF0AD11E76C2FB00B4478C /* GeoManager.swift in Sources */,
				528288BA1E9355B100163654 /* PoiCard.swift in Sources */,
				528288C41E94F4F800163654 /* LoadingBadge.swift in Sources */,
				52B2298B1E974FB2009C733B /* GPXError.swift in Sources */,
				2EA4447B1E9B355900D80BB5 /* PriorityQueue.swift in Sources */,
				A253FB6B1E9537F6002C6ADC /* ARViewController_SCNKitExtension.swift in Sources */,
				2EA444791E9AFDA200D80BB5 /* RouteDesignerViewController_DesignMarkerLineExtension.swift in Sources */,
				5249B1B21E7264AB0048249D /* POI.swift in Sources */,
				9D7DAD021E85635500592EB5 /* Card.swift in Sources */,
				5249B1A81E7264000048249D /* GeoPoint.swift in Sources */,
				5249B1B71E72FC660048249D /* GeoUtil.swift in Sources */,
				9D1970121E87FE8E00C1DAA1 /* MenuViewController.swift in Sources */,
				5249B1AA1E72641C0048249D /* CheckPoint.swift in Sources */,
				A253FB551E92985B002C6ADC /* ArrowView.swift in Sources */,
				2EE5CDCE1E9A12AD004EC19B /* RouteDesignerViewController_AutoCompleteExtension.swift in Sources */,
				5249B1F31E750B9C0048249D /* lAyeR.xcdatamodeld in Sources */,
				9D1498F81E800AFB0043DDB6 /* InfoPanel.swift in Sources */,
				52BD49721E8A8D0000B4B750 /* DataServiceManager.swift in Sources */,
				9D1499011E800B1D0043DDB6 /* MarkerInfo.swift in Sources */,
				5249B1BC1E7450380048249D /* QueryManager.swift in Sources */,
				528288CF1E9682E700163654 /* GPSTrackerParser.swift in Sources */,
				52B229901E978284009C733B /* Extensions.swift in Sources */,
				52938C011E860D9000EB8F81 /* RegisterViewController.swift in Sources */,
				A21BBFBD1E83AB7500394531 /* Constant.swift in Sources */,
				528288DE1E969F2D00163654 /* GPXManager.swift in Sources */,
				52BD49741E8A8DC000B4B750 /* UserAuthenticator.swift in Sources */,
				A21BBFBB1E839BD600394531 /* TriangleView.swift in Sources */,
				52BD496F1E8A802D00B4B750 /* User.swift in Sources */,
				A253FB591E93D2F1002C6ADC /* RealmModels.swift in Sources */,
			);
			runOnlyForDeploymentPostprocessing = 0;
		};
		2C3119A71E670A5F00FF6334 /* Sources */ = {
			isa = PBXSourcesBuildPhase;
			buildActionMask = 2147483647;
			files = (
				A21BBFC11E83FE3700394531 /* ManagerClassSingletonTests.swift in Sources */,
				2C3119B01E670A5F00FF6334 /* lAyeRTests.swift in Sources */,
				A21BBFBF1E83FCED00394531 /* ViewLayoutAdjustmentTests.swift in Sources */,
				52D379691E8530FA005ED912 /* GeoUtilTests.swift in Sources */,
				52D3796B1E8533CC005ED912 /* CheckPointTests.swift in Sources */,
				A2AF0ABF1E711A7900B4478C /* Vector3DTests.swift in Sources */,
				52D379681E8530FA005ED912 /* GeoPointTests.swift in Sources */,
			);
			runOnlyForDeploymentPostprocessing = 0;
		};
/* End PBXSourcesBuildPhase section */

/* Begin PBXTargetDependency section */
		2C3119AD1E670A5F00FF6334 /* PBXTargetDependency */ = {
			isa = PBXTargetDependency;
			target = 2C3119961E670A5E00FF6334 /* lAyeR */;
			targetProxy = 2C3119AC1E670A5F00FF6334 /* PBXContainerItemProxy */;
		};
/* End PBXTargetDependency section */

/* Begin PBXVariantGroup section */
		2C31199E1E670A5F00FF6334 /* Main.storyboard */ = {
			isa = PBXVariantGroup;
			children = (
				2C31199F1E670A5F00FF6334 /* Base */,
			);
			name = Main.storyboard;
			sourceTree = "<group>";
		};
		2C3119A31E670A5F00FF6334 /* LaunchScreen.storyboard */ = {
			isa = PBXVariantGroup;
			children = (
				2C3119A41E670A5F00FF6334 /* Base */,
			);
			name = LaunchScreen.storyboard;
			sourceTree = "<group>";
		};
/* End PBXVariantGroup section */

/* Begin XCBuildConfiguration section */
		2C3119B21E670A5F00FF6334 /* Debug */ = {
			isa = XCBuildConfiguration;
			buildSettings = {
				ALWAYS_SEARCH_USER_PATHS = NO;
				CLANG_ANALYZER_NONNULL = YES;
				CLANG_CXX_LANGUAGE_STANDARD = "gnu++0x";
				CLANG_CXX_LIBRARY = "libc++";
				CLANG_ENABLE_MODULES = YES;
				CLANG_ENABLE_OBJC_ARC = YES;
				CLANG_WARN_BOOL_CONVERSION = YES;
				CLANG_WARN_CONSTANT_CONVERSION = YES;
				CLANG_WARN_DIRECT_OBJC_ISA_USAGE = YES_ERROR;
				CLANG_WARN_DOCUMENTATION_COMMENTS = YES;
				CLANG_WARN_EMPTY_BODY = YES;
				CLANG_WARN_ENUM_CONVERSION = YES;
				CLANG_WARN_INFINITE_RECURSION = YES;
				CLANG_WARN_INT_CONVERSION = YES;
				CLANG_WARN_OBJC_ROOT_CLASS = YES_ERROR;
				CLANG_WARN_SUSPICIOUS_MOVE = YES;
				CLANG_WARN_UNREACHABLE_CODE = YES;
				CLANG_WARN__DUPLICATE_METHOD_MATCH = YES;
				"CODE_SIGN_IDENTITY[sdk=iphoneos*]" = "iPhone Developer";
				COPY_PHASE_STRIP = NO;
				DEBUG_INFORMATION_FORMAT = dwarf;
				ENABLE_STRICT_OBJC_MSGSEND = YES;
				ENABLE_TESTABILITY = YES;
				GCC_C_LANGUAGE_STANDARD = gnu99;
				GCC_DYNAMIC_NO_PIC = NO;
				GCC_NO_COMMON_BLOCKS = YES;
				GCC_OPTIMIZATION_LEVEL = 0;
				GCC_PREPROCESSOR_DEFINITIONS = (
					"DEBUG=1",
					"$(inherited)",
				);
				GCC_WARN_64_TO_32_BIT_CONVERSION = YES;
				GCC_WARN_ABOUT_RETURN_TYPE = YES_ERROR;
				GCC_WARN_UNDECLARED_SELECTOR = YES;
				GCC_WARN_UNINITIALIZED_AUTOS = YES_AGGRESSIVE;
				GCC_WARN_UNUSED_FUNCTION = YES;
				GCC_WARN_UNUSED_VARIABLE = YES;
				IPHONEOS_DEPLOYMENT_TARGET = 10.1;
				MTL_ENABLE_DEBUG_INFO = YES;
				ONLY_ACTIVE_ARCH = YES;
				SDKROOT = iphoneos;
				SWIFT_ACTIVE_COMPILATION_CONDITIONS = DEBUG;
				SWIFT_OPTIMIZATION_LEVEL = "-Onone";
				TARGETED_DEVICE_FAMILY = "1,2";
			};
			name = Debug;
		};
		2C3119B31E670A5F00FF6334 /* Release */ = {
			isa = XCBuildConfiguration;
			buildSettings = {
				ALWAYS_SEARCH_USER_PATHS = NO;
				CLANG_ANALYZER_NONNULL = YES;
				CLANG_CXX_LANGUAGE_STANDARD = "gnu++0x";
				CLANG_CXX_LIBRARY = "libc++";
				CLANG_ENABLE_MODULES = YES;
				CLANG_ENABLE_OBJC_ARC = YES;
				CLANG_WARN_BOOL_CONVERSION = YES;
				CLANG_WARN_CONSTANT_CONVERSION = YES;
				CLANG_WARN_DIRECT_OBJC_ISA_USAGE = YES_ERROR;
				CLANG_WARN_DOCUMENTATION_COMMENTS = YES;
				CLANG_WARN_EMPTY_BODY = YES;
				CLANG_WARN_ENUM_CONVERSION = YES;
				CLANG_WARN_INFINITE_RECURSION = YES;
				CLANG_WARN_INT_CONVERSION = YES;
				CLANG_WARN_OBJC_ROOT_CLASS = YES_ERROR;
				CLANG_WARN_SUSPICIOUS_MOVE = YES;
				CLANG_WARN_UNREACHABLE_CODE = YES;
				CLANG_WARN__DUPLICATE_METHOD_MATCH = YES;
				"CODE_SIGN_IDENTITY[sdk=iphoneos*]" = "iPhone Developer";
				COPY_PHASE_STRIP = NO;
				DEBUG_INFORMATION_FORMAT = "dwarf-with-dsym";
				ENABLE_NS_ASSERTIONS = NO;
				ENABLE_STRICT_OBJC_MSGSEND = YES;
				GCC_C_LANGUAGE_STANDARD = gnu99;
				GCC_NO_COMMON_BLOCKS = YES;
				GCC_WARN_64_TO_32_BIT_CONVERSION = YES;
				GCC_WARN_ABOUT_RETURN_TYPE = YES_ERROR;
				GCC_WARN_UNDECLARED_SELECTOR = YES;
				GCC_WARN_UNINITIALIZED_AUTOS = YES_AGGRESSIVE;
				GCC_WARN_UNUSED_FUNCTION = YES;
				GCC_WARN_UNUSED_VARIABLE = YES;
				IPHONEOS_DEPLOYMENT_TARGET = 10.1;
				MTL_ENABLE_DEBUG_INFO = NO;
				SDKROOT = iphoneos;
				SWIFT_OPTIMIZATION_LEVEL = "-Owholemodule";
				TARGETED_DEVICE_FAMILY = "1,2";
				VALIDATE_PRODUCT = YES;
			};
			name = Release;
		};
		2C3119B51E670A5F00FF6334 /* Debug */ = {
			isa = XCBuildConfiguration;
			baseConfigurationReference = C94CAC6C8AF3B2D60B250CC2 /* Pods-lAyeR.debug.xcconfig */;
			buildSettings = {
				ALWAYS_EMBED_SWIFT_STANDARD_LIBRARIES = YES;
				ASSETCATALOG_COMPILER_APPICON_NAME = AppIcon;
				CLANG_ENABLE_MODULES = YES;
				CODE_SIGN_ENTITLEMENTS = lAyeR/lAyeR.entitlements;
				DEVELOPMENT_TEAM = Y8UK968H5B;
				FRAMEWORK_SEARCH_PATHS = (
					"$(inherited)",
					"\"$PODS_CONFIGURATION_BUILD_DIR/Alamofire\"",
					"\"$PODS_CONFIGURATION_BUILD_DIR/GTMSessionFetcher\"",
					"\"$PODS_CONFIGURATION_BUILD_DIR/GoogleToolboxForMac\"",
					"\"$PODS_CONFIGURATION_BUILD_DIR/ObjectMapper\"",
					"\"$PODS_CONFIGURATION_BUILD_DIR/Realm\"",
					"\"$PODS_CONFIGURATION_BUILD_DIR/RealmSwift\"",
					"\"${PODS_ROOT}/FirebaseAnalytics/Frameworks\"",
					"\"${PODS_ROOT}/FirebaseAuth/Frameworks\"",
					"\"${PODS_ROOT}/FirebaseCore/Frameworks\"",
					"\"${PODS_ROOT}/FirebaseDatabase/Frameworks\"",
					"\"${PODS_ROOT}/FirebaseInstanceID/Frameworks\"",
					"\"${PODS_ROOT}/GoogleMaps/Base/Frameworks\"",
					"\"${PODS_ROOT}/GoogleMaps/Maps/Frameworks\"",
					"\"${PODS_ROOT}/GooglePlacePicker/Frameworks\"",
					"\"${PODS_ROOT}/GooglePlaces/Frameworks\"",
					"~/Documents/FacebookSDK",
				);
				INFOPLIST_FILE = lAyeR/Info.plist;
				IPHONEOS_DEPLOYMENT_TARGET = 10.0;
				LD_RUNPATH_SEARCH_PATHS = "$(inherited) @executable_path/Frameworks";
				PRODUCT_BUNDLE_IDENTIFIER = nus.cs3217.layer.lAyeR;
				PRODUCT_NAME = "$(TARGET_NAME)";
				SWIFT_OBJC_BRIDGING_HEADER = "lAyeR/lAyeR-Bridging-Header.h";
				SWIFT_OPTIMIZATION_LEVEL = "-Onone";
				SWIFT_VERSION = 3.0;
			};
			name = Debug;
		};
		2C3119B61E670A5F00FF6334 /* Release */ = {
			isa = XCBuildConfiguration;
			baseConfigurationReference = F8C609A23D3405090FA05E82 /* Pods-lAyeR.release.xcconfig */;
			buildSettings = {
				ALWAYS_EMBED_SWIFT_STANDARD_LIBRARIES = YES;
				ASSETCATALOG_COMPILER_APPICON_NAME = AppIcon;
				CLANG_ENABLE_MODULES = YES;
				CODE_SIGN_ENTITLEMENTS = lAyeR/lAyeR.entitlements;
				DEVELOPMENT_TEAM = Y8UK968H5B;
				FRAMEWORK_SEARCH_PATHS = (
					"$(inherited)",
					"\"$PODS_CONFIGURATION_BUILD_DIR/Alamofire\"",
					"\"$PODS_CONFIGURATION_BUILD_DIR/GTMSessionFetcher\"",
					"\"$PODS_CONFIGURATION_BUILD_DIR/GoogleToolboxForMac\"",
					"\"$PODS_CONFIGURATION_BUILD_DIR/ObjectMapper\"",
					"\"$PODS_CONFIGURATION_BUILD_DIR/Realm\"",
					"\"$PODS_CONFIGURATION_BUILD_DIR/RealmSwift\"",
					"\"${PODS_ROOT}/FirebaseAnalytics/Frameworks\"",
					"\"${PODS_ROOT}/FirebaseAuth/Frameworks\"",
					"\"${PODS_ROOT}/FirebaseCore/Frameworks\"",
					"\"${PODS_ROOT}/FirebaseDatabase/Frameworks\"",
					"\"${PODS_ROOT}/FirebaseInstanceID/Frameworks\"",
					"\"${PODS_ROOT}/GoogleMaps/Base/Frameworks\"",
					"\"${PODS_ROOT}/GoogleMaps/Maps/Frameworks\"",
					"\"${PODS_ROOT}/GooglePlacePicker/Frameworks\"",
					"\"${PODS_ROOT}/GooglePlaces/Frameworks\"",
					"~/Documents/FacebookSDK",
				);
				INFOPLIST_FILE = lAyeR/Info.plist;
				IPHONEOS_DEPLOYMENT_TARGET = 10.0;
				LD_RUNPATH_SEARCH_PATHS = "$(inherited) @executable_path/Frameworks";
				PRODUCT_BUNDLE_IDENTIFIER = nus.cs3217.layer.lAyeR;
				PRODUCT_NAME = "$(TARGET_NAME)";
				SWIFT_OBJC_BRIDGING_HEADER = "lAyeR/lAyeR-Bridging-Header.h";
				SWIFT_VERSION = 3.0;
			};
			name = Release;
		};
		2C3119B81E670A5F00FF6334 /* Debug */ = {
			isa = XCBuildConfiguration;
			baseConfigurationReference = 6A523DFB3F070AFCD61151E7 /* Pods-lAyeR-lAyeRTests.debug.xcconfig */;
			buildSettings = {
				ALWAYS_EMBED_SWIFT_STANDARD_LIBRARIES = YES;
				BUNDLE_LOADER = "$(BUILT_PRODUCTS_DIR)/lAyeR.app/lAyeR";
				DEVELOPMENT_TEAM = Y8UK968H5B;
				FRAMEWORK_SEARCH_PATHS = (
					"$(inherited)",
					"\"$PODS_CONFIGURATION_BUILD_DIR/Alamofire\"",
					"\"$PODS_CONFIGURATION_BUILD_DIR/GTMSessionFetcher\"",
					"\"$PODS_CONFIGURATION_BUILD_DIR/GoogleToolboxForMac\"",
					"\"$PODS_CONFIGURATION_BUILD_DIR/ObjectMapper\"",
					"\"$PODS_CONFIGURATION_BUILD_DIR/Realm\"",
					"\"$PODS_CONFIGURATION_BUILD_DIR/RealmSwift\"",
					"\"${PODS_ROOT}/FirebaseAnalytics/Frameworks\"",
					"\"${PODS_ROOT}/FirebaseAuth/Frameworks\"",
					"\"${PODS_ROOT}/FirebaseCore/Frameworks\"",
					"\"${PODS_ROOT}/FirebaseDatabase/Frameworks\"",
					"\"${PODS_ROOT}/FirebaseInstanceID/Frameworks\"",
					"\"${PODS_ROOT}/GoogleMaps/Base/Frameworks\"",
					"\"${PODS_ROOT}/GoogleMaps/Maps/Frameworks\"",
					"\"${PODS_ROOT}/GooglePlacePicker/Frameworks\"",
					"\"${PODS_ROOT}/GooglePlaces/Frameworks\"",
					"~/Documents/FacebookSDK",
				);
				INFOPLIST_FILE = lAyeRTests/Info.plist;
				LD_RUNPATH_SEARCH_PATHS = "$(inherited) @executable_path/Frameworks @loader_path/Frameworks";
				PRODUCT_BUNDLE_IDENTIFIER = nus.cs3217.layer.lAyeRTests;
				PRODUCT_NAME = "$(TARGET_NAME)";
				SWIFT_VERSION = 3.0;
				TEST_HOST = "$(BUNDLE_LOADER)";
			};
			name = Debug;
		};
		2C3119B91E670A5F00FF6334 /* Release */ = {
			isa = XCBuildConfiguration;
			baseConfigurationReference = 3729F61BC8697E4035E5948D /* Pods-lAyeR-lAyeRTests.release.xcconfig */;
			buildSettings = {
				ALWAYS_EMBED_SWIFT_STANDARD_LIBRARIES = YES;
				BUNDLE_LOADER = "$(BUILT_PRODUCTS_DIR)/lAyeR.app/lAyeR";
				DEVELOPMENT_TEAM = Y8UK968H5B;
				FRAMEWORK_SEARCH_PATHS = (
					"$(inherited)",
					"\"$PODS_CONFIGURATION_BUILD_DIR/Alamofire\"",
					"\"$PODS_CONFIGURATION_BUILD_DIR/GTMSessionFetcher\"",
					"\"$PODS_CONFIGURATION_BUILD_DIR/GoogleToolboxForMac\"",
					"\"$PODS_CONFIGURATION_BUILD_DIR/ObjectMapper\"",
					"\"$PODS_CONFIGURATION_BUILD_DIR/Realm\"",
					"\"$PODS_CONFIGURATION_BUILD_DIR/RealmSwift\"",
					"\"${PODS_ROOT}/FirebaseAnalytics/Frameworks\"",
					"\"${PODS_ROOT}/FirebaseAuth/Frameworks\"",
					"\"${PODS_ROOT}/FirebaseCore/Frameworks\"",
					"\"${PODS_ROOT}/FirebaseDatabase/Frameworks\"",
					"\"${PODS_ROOT}/FirebaseInstanceID/Frameworks\"",
					"\"${PODS_ROOT}/GoogleMaps/Base/Frameworks\"",
					"\"${PODS_ROOT}/GoogleMaps/Maps/Frameworks\"",
					"\"${PODS_ROOT}/GooglePlacePicker/Frameworks\"",
					"\"${PODS_ROOT}/GooglePlaces/Frameworks\"",
					"~/Documents/FacebookSDK",
				);
				INFOPLIST_FILE = lAyeRTests/Info.plist;
				LD_RUNPATH_SEARCH_PATHS = "$(inherited) @executable_path/Frameworks @loader_path/Frameworks";
				PRODUCT_BUNDLE_IDENTIFIER = nus.cs3217.layer.lAyeRTests;
				PRODUCT_NAME = "$(TARGET_NAME)";
				SWIFT_VERSION = 3.0;
				TEST_HOST = "$(BUNDLE_LOADER)";
			};
			name = Release;
		};
/* End XCBuildConfiguration section */

/* Begin XCConfigurationList section */
		2C3119921E670A5E00FF6334 /* Build configuration list for PBXProject "lAyeR" */ = {
			isa = XCConfigurationList;
			buildConfigurations = (
				2C3119B21E670A5F00FF6334 /* Debug */,
				2C3119B31E670A5F00FF6334 /* Release */,
			);
			defaultConfigurationIsVisible = 0;
			defaultConfigurationName = Release;
		};
		2C3119B41E670A5F00FF6334 /* Build configuration list for PBXNativeTarget "lAyeR" */ = {
			isa = XCConfigurationList;
			buildConfigurations = (
				2C3119B51E670A5F00FF6334 /* Debug */,
				2C3119B61E670A5F00FF6334 /* Release */,
			);
			defaultConfigurationIsVisible = 0;
			defaultConfigurationName = Release;
		};
		2C3119B71E670A5F00FF6334 /* Build configuration list for PBXNativeTarget "lAyeRTests" */ = {
			isa = XCConfigurationList;
			buildConfigurations = (
				2C3119B81E670A5F00FF6334 /* Debug */,
				2C3119B91E670A5F00FF6334 /* Release */,
			);
			defaultConfigurationIsVisible = 0;
			defaultConfigurationName = Release;
		};
/* End XCConfigurationList section */

/* Begin XCVersionGroup section */
		5249B1F11E750B9C0048249D /* lAyeR.xcdatamodeld */ = {
			isa = XCVersionGroup;
			children = (
				5249B1F21E750B9C0048249D /* lAyeR.xcdatamodel */,
			);
			currentVersion = 5249B1F21E750B9C0048249D /* lAyeR.xcdatamodel */;
			path = lAyeR.xcdatamodeld;
			sourceTree = "<group>";
			versionGroupType = wrapper.xcdatamodel;
		};
/* End XCVersionGroup section */
	};
	rootObject = 2C31198F1E670A5E00FF6334 /* Project object */;
}
